
Microsoft Visual Studio Solution File, Format Version 12.00
# Visual Studio Version 17
VisualStudioVersion = 17.0.31903.59
MinimumVisualStudioVersion = 10.0.40219.1
Project("{2150E333-8FDC-42A3-9474-1A3956D46DE8}") = "src", "src", "{1044EA12-4417-4A1F-802D-3B7E0AE3324E}"
EndProject
Project("{FAE04EC0-301F-11D3-BF4B-00C04F79EFBC}") = "Analysis", "src\Analysis\Analysis.csproj", "{957777E5-7844-455D-9904-8E732CCDBA36}"
EndProject
Project("{FAE04EC0-301F-11D3-BF4B-00C04F79EFBC}") = "Common", "src\Common\Common.csproj", "{46619ED3-35E4-42DD-BB01-354A81C80335}"
EndProject
Project("{FAE04EC0-301F-11D3-BF4B-00C04F79EFBC}") = "MsData", "src\MsData\MsData.csproj", "{045D1FB5-E589-461F-873E-D46A5ECABA27}"
EndProject
Project("{FAE04EC0-301F-11D3-BF4B-00C04F79EFBC}") = "MsConvert", "src\MsConvert\MsConvert.csproj", "{1FDEF28D-918A-40D0-B37E-448FFA8F3285}"
EndProject
Project("{FAE04EC0-301F-11D3-BF4B-00C04F79EFBC}") = "MSGraph", "src\MSGraph\MSGraph.csproj", "{BADAB2A8-E78D-41E5-8D52-1D821418F778}"
EndProject
Project("{FAE04EC0-301F-11D3-BF4B-00C04F79EFBC}") = "SeeMS", "src\SeeMS\SeeMS.csproj", "{6D67D1A9-E233-4B99-9F14-FA729C78B340}"
EndProject
Project("{FAE04EC0-301F-11D3-BF4B-00C04F79EFBC}") = "Util", "src\Util\Util.csproj", "{98420C60-F708-4E49-96BF-415F565F086F}"
EndProject
Project("{FAE04EC0-301F-11D3-BF4B-00C04F79EFBC}") = "ZedGraph", "src\ZedGraph\ZedGraph.csproj", "{86ABF081-ED7A-4BFF-84BA-ED964E6B97D2}"
EndProject
Project("{FAE04EC0-301F-11D3-BF4B-00C04F79EFBC}") = "TestHarness", "src\TestHarness\TestHarness.csproj", "{B62561EA-ED36-453B-BF00-AEC114CC9824}"
EndProject
Project("{FAE04EC0-301F-11D3-BF4B-00C04F79EFBC}") = "Agilent", "src\Vendor\Agilent\Agilent.csproj", "{524AA8B2-F075-47A5-B9CB-EDE8E3FC8FD9}"
EndProject
Project("{FAE04EC0-301F-11D3-BF4B-00C04F79EFBC}") = "Bruker", "src\Vendor\Bruker\Bruker.csproj", "{59465805-E42C-4034-896D-86807CAFD0BF}"
EndProject
Project("{FAE04EC0-301F-11D3-BF4B-00C04F79EFBC}") = "Sciex", "src\Vendor\Sciex\Sciex.csproj", "{5AE01CB0-5887-402E-94F1-F9ED8BAFDCCE}"
EndProject
Project("{FAE04EC0-301F-11D3-BF4B-00C04F79EFBC}") = "Sciex.Wiff2", "src\Vendor\Sciex\Wiff2\Sciex.Wiff2.csproj", "{8347DD4F-2CBC-4B27-958D-BF2CCF2C7F15}"
EndProject
Project("{FAE04EC0-301F-11D3-BF4B-00C04F79EFBC}") = "Thermo", "src\Vendor\Thermo\Thermo.csproj", "{8E17B7F2-C8CC-452B-B755-754E7D9744EA}"
EndProject
Project("{FAE04EC0-301F-11D3-BF4B-00C04F79EFBC}") = "Waters", "src\Vendor\Waters\Waters.csproj", "{800B7786-66C4-4400-A91D-766E0D330ACC}"
EndProject
Project("{2150E333-8FDC-42A3-9474-1A3956D46DE8}") = "test", "test", "{9B31505B-3D7C-4F5F-88CC-2C018DCC041A}"
EndProject
Project("{FAE04EC0-301F-11D3-BF4B-00C04F79EFBC}") = "Analysis.Tests", "test\Analysis.Tests\Analysis.Tests.csproj", "{7344C0F7-16B5-4635-91E1-1EA59F127BC8}"
EndProject
Project("{FAE04EC0-301F-11D3-BF4B-00C04F79EFBC}") = "Common.Tests", "test\Common.Tests\Common.Tests.csproj", "{ACB4E55E-6394-4374-A4F6-16C2669048F1}"
EndProject
Project("{FAE04EC0-301F-11D3-BF4B-00C04F79EFBC}") = "MsData.Tests", "test\MsData.Tests\MsData.Tests.csproj", "{B3B7D255-581B-40C6-A95E-E4F0A9E84D9A}"
EndProject
Project("{FAE04EC0-301F-11D3-BF4B-00C04F79EFBC}") = "MsConvert.Tests", "test\MsConvert.Tests\MsConvert.Tests.csproj", "{35E0B9B1-F4A0-4002-95E3-E509C0A6D5AF}"
EndProject
Project("{FAE04EC0-301F-11D3-BF4B-00C04F79EFBC}") = "Util.Tests", "test\Util.Tests\Util.Tests.csproj", "{663059CC-FE7C-4194-B291-6C8F6B2A8310}"
EndProject
Project("{FAE04EC0-301F-11D3-BF4B-00C04F79EFBC}") = "Thermo.Tests", "test\Thermo.Tests\Thermo.Tests.csproj", "{B70C3662-C884-4C38-B126-EF039CDD85C3}"
EndProject
Project("{FAE04EC0-301F-11D3-BF4B-00C04F79EFBC}") = "Bruker.Tests", "test\Bruker.Tests\Bruker.Tests.csproj", "{C3A43935-695B-49DF-BB37-6449D851846F}"
EndProject
Project("{FAE04EC0-301F-11D3-BF4B-00C04F79EFBC}") = "Waters.Tests", "test\Waters.Tests\Waters.Tests.csproj", "{43E0D43C-EAC7-4B89-8183-9CFDE748A740}"
EndProject
Project("{FAE04EC0-301F-11D3-BF4B-00C04F79EFBC}") = "Sciex.Tests", "test\Sciex.Tests\Sciex.Tests.csproj", "{431565D7-5B90-4DDF-807C-241B3C957BCB}"
EndProject
Global
	GlobalSection(SolutionConfigurationPlatforms) = preSolution
		Debug|Any CPU = Debug|Any CPU
		Release|Any CPU = Release|Any CPU
	EndGlobalSection
	GlobalSection(SolutionProperties) = preSolution
		HideSolutionNode = FALSE
	EndGlobalSection
	GlobalSection(ProjectConfigurationPlatforms) = postSolution
		{957777E5-7844-455D-9904-8E732CCDBA36}.Debug|Any CPU.ActiveCfg = Debug|Any CPU
		{957777E5-7844-455D-9904-8E732CCDBA36}.Debug|Any CPU.Build.0 = Debug|Any CPU
		{957777E5-7844-455D-9904-8E732CCDBA36}.Release|Any CPU.ActiveCfg = Release|Any CPU
		{957777E5-7844-455D-9904-8E732CCDBA36}.Release|Any CPU.Build.0 = Release|Any CPU
		{46619ED3-35E4-42DD-BB01-354A81C80335}.Debug|Any CPU.ActiveCfg = Debug|Any CPU
		{46619ED3-35E4-42DD-BB01-354A81C80335}.Debug|Any CPU.Build.0 = Debug|Any CPU
		{46619ED3-35E4-42DD-BB01-354A81C80335}.Release|Any CPU.ActiveCfg = Release|Any CPU
		{46619ED3-35E4-42DD-BB01-354A81C80335}.Release|Any CPU.Build.0 = Release|Any CPU
		{045D1FB5-E589-461F-873E-D46A5ECABA27}.Debug|Any CPU.ActiveCfg = Debug|Any CPU
		{045D1FB5-E589-461F-873E-D46A5ECABA27}.Debug|Any CPU.Build.0 = Debug|Any CPU
		{045D1FB5-E589-461F-873E-D46A5ECABA27}.Release|Any CPU.ActiveCfg = Release|Any CPU
		{045D1FB5-E589-461F-873E-D46A5ECABA27}.Release|Any CPU.Build.0 = Release|Any CPU
		{1FDEF28D-918A-40D0-B37E-448FFA8F3285}.Debug|Any CPU.ActiveCfg = Debug|Any CPU
		{1FDEF28D-918A-40D0-B37E-448FFA8F3285}.Debug|Any CPU.Build.0 = Debug|Any CPU
		{1FDEF28D-918A-40D0-B37E-448FFA8F3285}.Release|Any CPU.ActiveCfg = Release|Any CPU
		{1FDEF28D-918A-40D0-B37E-448FFA8F3285}.Release|Any CPU.Build.0 = Release|Any CPU
		{BADAB2A8-E78D-41E5-8D52-1D821418F778}.Debug|Any CPU.ActiveCfg = Debug|Any CPU
		{BADAB2A8-E78D-41E5-8D52-1D821418F778}.Debug|Any CPU.Build.0 = Debug|Any CPU
		{BADAB2A8-E78D-41E5-8D52-1D821418F778}.Release|Any CPU.ActiveCfg = Release|Any CPU
		{BADAB2A8-E78D-41E5-8D52-1D821418F778}.Release|Any CPU.Build.0 = Release|Any CPU
		{6D67D1A9-E233-4B99-9F14-FA729C78B340}.Debug|Any CPU.ActiveCfg = Debug|Any CPU
		{6D67D1A9-E233-4B99-9F14-FA729C78B340}.Debug|Any CPU.Build.0 = Debug|Any CPU
		{6D67D1A9-E233-4B99-9F14-FA729C78B340}.Release|Any CPU.ActiveCfg = Release|Any CPU
		{6D67D1A9-E233-4B99-9F14-FA729C78B340}.Release|Any CPU.Build.0 = Release|Any CPU
		{98420C60-F708-4E49-96BF-415F565F086F}.Debug|Any CPU.ActiveCfg = Debug|Any CPU
		{98420C60-F708-4E49-96BF-415F565F086F}.Debug|Any CPU.Build.0 = Debug|Any CPU
		{98420C60-F708-4E49-96BF-415F565F086F}.Release|Any CPU.ActiveCfg = Release|Any CPU
		{98420C60-F708-4E49-96BF-415F565F086F}.Release|Any CPU.Build.0 = Release|Any CPU
		{86ABF081-ED7A-4BFF-84BA-ED964E6B97D2}.Debug|Any CPU.ActiveCfg = Debug|Any CPU
		{86ABF081-ED7A-4BFF-84BA-ED964E6B97D2}.Debug|Any CPU.Build.0 = Debug|Any CPU
		{86ABF081-ED7A-4BFF-84BA-ED964E6B97D2}.Release|Any CPU.ActiveCfg = Release|Any CPU
		{86ABF081-ED7A-4BFF-84BA-ED964E6B97D2}.Release|Any CPU.Build.0 = Release|Any CPU
		{B62561EA-ED36-453B-BF00-AEC114CC9824}.Debug|Any CPU.ActiveCfg = Debug|Any CPU
		{B62561EA-ED36-453B-BF00-AEC114CC9824}.Debug|Any CPU.Build.0 = Debug|Any CPU
		{B62561EA-ED36-453B-BF00-AEC114CC9824}.Release|Any CPU.ActiveCfg = Release|Any CPU
		{B62561EA-ED36-453B-BF00-AEC114CC9824}.Release|Any CPU.Build.0 = Release|Any CPU
		{524AA8B2-F075-47A5-B9CB-EDE8E3FC8FD9}.Debug|Any CPU.ActiveCfg = Debug|Any CPU
		{524AA8B2-F075-47A5-B9CB-EDE8E3FC8FD9}.Debug|Any CPU.Build.0 = Debug|Any CPU
		{524AA8B2-F075-47A5-B9CB-EDE8E3FC8FD9}.Release|Any CPU.ActiveCfg = Release|Any CPU
		{524AA8B2-F075-47A5-B9CB-EDE8E3FC8FD9}.Release|Any CPU.Build.0 = Release|Any CPU
		{59465805-E42C-4034-896D-86807CAFD0BF}.Debug|Any CPU.ActiveCfg = Debug|Any CPU
		{59465805-E42C-4034-896D-86807CAFD0BF}.Debug|Any CPU.Build.0 = Debug|Any CPU
		{59465805-E42C-4034-896D-86807CAFD0BF}.Release|Any CPU.ActiveCfg = Release|Any CPU
		{59465805-E42C-4034-896D-86807CAFD0BF}.Release|Any CPU.Build.0 = Release|Any CPU
		{5AE01CB0-5887-402E-94F1-F9ED8BAFDCCE}.Debug|Any CPU.ActiveCfg = Debug|Any CPU
		{5AE01CB0-5887-402E-94F1-F9ED8BAFDCCE}.Debug|Any CPU.Build.0 = Debug|Any CPU
		{5AE01CB0-5887-402E-94F1-F9ED8BAFDCCE}.Release|Any CPU.ActiveCfg = Release|Any CPU
		{5AE01CB0-5887-402E-94F1-F9ED8BAFDCCE}.Release|Any CPU.Build.0 = Release|Any CPU
		{8347DD4F-2CBC-4B27-958D-BF2CCF2C7F15}.Debug|Any CPU.ActiveCfg = Debug|Any CPU
		{8347DD4F-2CBC-4B27-958D-BF2CCF2C7F15}.Debug|Any CPU.Build.0 = Debug|Any CPU
		{8347DD4F-2CBC-4B27-958D-BF2CCF2C7F15}.Release|Any CPU.ActiveCfg = Release|Any CPU
		{8347DD4F-2CBC-4B27-958D-BF2CCF2C7F15}.Release|Any CPU.Build.0 = Release|Any CPU
		{8E17B7F2-C8CC-452B-B755-754E7D9744EA}.Debug|Any CPU.ActiveCfg = Debug|Any CPU
		{8E17B7F2-C8CC-452B-B755-754E7D9744EA}.Debug|Any CPU.Build.0 = Debug|Any CPU
		{8E17B7F2-C8CC-452B-B755-754E7D9744EA}.Release|Any CPU.ActiveCfg = Release|Any CPU
		{8E17B7F2-C8CC-452B-B755-754E7D9744EA}.Release|Any CPU.Build.0 = Release|Any CPU
		{800B7786-66C4-4400-A91D-766E0D330ACC}.Debug|Any CPU.ActiveCfg = Debug|Any CPU
		{800B7786-66C4-4400-A91D-766E0D330ACC}.Debug|Any CPU.Build.0 = Debug|Any CPU
		{800B7786-66C4-4400-A91D-766E0D330ACC}.Release|Any CPU.ActiveCfg = Release|Any CPU
		{800B7786-66C4-4400-A91D-766E0D330ACC}.Release|Any CPU.Build.0 = Release|Any CPU
		{7344C0F7-16B5-4635-91E1-1EA59F127BC8}.Debug|Any CPU.ActiveCfg = Debug|Any CPU
		{7344C0F7-16B5-4635-91E1-1EA59F127BC8}.Debug|Any CPU.Build.0 = Debug|Any CPU
		{7344C0F7-16B5-4635-91E1-1EA59F127BC8}.Release|Any CPU.ActiveCfg = Release|Any CPU
		{7344C0F7-16B5-4635-91E1-1EA59F127BC8}.Release|Any CPU.Build.0 = Release|Any CPU
		{ACB4E55E-6394-4374-A4F6-16C2669048F1}.Debug|Any CPU.ActiveCfg = Debug|Any CPU
		{ACB4E55E-6394-4374-A4F6-16C2669048F1}.Debug|Any CPU.Build.0 = Debug|Any CPU
		{ACB4E55E-6394-4374-A4F6-16C2669048F1}.Release|Any CPU.ActiveCfg = Release|Any CPU
		{ACB4E55E-6394-4374-A4F6-16C2669048F1}.Release|Any CPU.Build.0 = Release|Any CPU
		{B3B7D255-581B-40C6-A95E-E4F0A9E84D9A}.Debug|Any CPU.ActiveCfg = Debug|Any CPU
		{B3B7D255-581B-40C6-A95E-E4F0A9E84D9A}.Debug|Any CPU.Build.0 = Debug|Any CPU
		{B3B7D255-581B-40C6-A95E-E4F0A9E84D9A}.Release|Any CPU.ActiveCfg = Release|Any CPU
		{B3B7D255-581B-40C6-A95E-E4F0A9E84D9A}.Release|Any CPU.Build.0 = Release|Any CPU
		{35E0B9B1-F4A0-4002-95E3-E509C0A6D5AF}.Debug|Any CPU.ActiveCfg = Debug|Any CPU
		{35E0B9B1-F4A0-4002-95E3-E509C0A6D5AF}.Debug|Any CPU.Build.0 = Debug|Any CPU
		{35E0B9B1-F4A0-4002-95E3-E509C0A6D5AF}.Release|Any CPU.ActiveCfg = Release|Any CPU
		{35E0B9B1-F4A0-4002-95E3-E509C0A6D5AF}.Release|Any CPU.Build.0 = Release|Any CPU
		{663059CC-FE7C-4194-B291-6C8F6B2A8310}.Debug|Any CPU.ActiveCfg = Debug|Any CPU
		{663059CC-FE7C-4194-B291-6C8F6B2A8310}.Debug|Any CPU.Build.0 = Debug|Any CPU
		{663059CC-FE7C-4194-B291-6C8F6B2A8310}.Release|Any CPU.ActiveCfg = Release|Any CPU
		{663059CC-FE7C-4194-B291-6C8F6B2A8310}.Release|Any CPU.Build.0 = Release|Any CPU
		{B70C3662-C884-4C38-B126-EF039CDD85C3}.Debug|Any CPU.ActiveCfg = Debug|Any CPU
		{B70C3662-C884-4C38-B126-EF039CDD85C3}.Debug|Any CPU.Build.0 = Debug|Any CPU
		{B70C3662-C884-4C38-B126-EF039CDD85C3}.Release|Any CPU.ActiveCfg = Release|Any CPU
		{B70C3662-C884-4C38-B126-EF039CDD85C3}.Release|Any CPU.Build.0 = Release|Any CPU
		{C3A43935-695B-49DF-BB37-6449D851846F}.Debug|Any CPU.ActiveCfg = Debug|Any CPU
		{C3A43935-695B-49DF-BB37-6449D851846F}.Debug|Any CPU.Build.0 = Debug|Any CPU
		{C3A43935-695B-49DF-BB37-6449D851846F}.Release|Any CPU.ActiveCfg = Release|Any CPU
		{C3A43935-695B-49DF-BB37-6449D851846F}.Release|Any CPU.Build.0 = Release|Any CPU
		{43E0D43C-EAC7-4B89-8183-9CFDE748A740}.Debug|Any CPU.ActiveCfg = Debug|Any CPU
		{43E0D43C-EAC7-4B89-8183-9CFDE748A740}.Debug|Any CPU.Build.0 = Debug|Any CPU
		{43E0D43C-EAC7-4B89-8183-9CFDE748A740}.Release|Any CPU.ActiveCfg = Release|Any CPU
		{43E0D43C-EAC7-4B89-8183-9CFDE748A740}.Release|Any CPU.Build.0 = Release|Any CPU
		{431565D7-5B90-4DDF-807C-241B3C957BCB}.Debug|Any CPU.ActiveCfg = Debug|Any CPU
		{431565D7-5B90-4DDF-807C-241B3C957BCB}.Debug|Any CPU.Build.0 = Debug|Any CPU
		{431565D7-5B90-4DDF-807C-241B3C957BCB}.Release|Any CPU.ActiveCfg = Release|Any CPU
		{431565D7-5B90-4DDF-807C-241B3C957BCB}.Release|Any CPU.Build.0 = Release|Any CPU
	EndGlobalSection
	GlobalSection(NestedProjects) = preSolution
		{957777E5-7844-455D-9904-8E732CCDBA36} = {1044EA12-4417-4A1F-802D-3B7E0AE3324E}
		{46619ED3-35E4-42DD-BB01-354A81C80335} = {1044EA12-4417-4A1F-802D-3B7E0AE3324E}
		{045D1FB5-E589-461F-873E-D46A5ECABA27} = {1044EA12-4417-4A1F-802D-3B7E0AE3324E}
		{1FDEF28D-918A-40D0-B37E-448FFA8F3285} = {1044EA12-4417-4A1F-802D-3B7E0AE3324E}
		{BADAB2A8-E78D-41E5-8D52-1D821418F778} = {1044EA12-4417-4A1F-802D-3B7E0AE3324E}
		{6D67D1A9-E233-4B99-9F14-FA729C78B340} = {1044EA12-4417-4A1F-802D-3B7E0AE3324E}
		{98420C60-F708-4E49-96BF-415F565F086F} = {1044EA12-4417-4A1F-802D-3B7E0AE3324E}
		{86ABF081-ED7A-4BFF-84BA-ED964E6B97D2} = {1044EA12-4417-4A1F-802D-3B7E0AE3324E}
		{B62561EA-ED36-453B-BF00-AEC114CC9824} = {1044EA12-4417-4A1F-802D-3B7E0AE3324E}
		{524AA8B2-F075-47A5-B9CB-EDE8E3FC8FD9} = {1044EA12-4417-4A1F-802D-3B7E0AE3324E}
		{59465805-E42C-4034-896D-86807CAFD0BF} = {1044EA12-4417-4A1F-802D-3B7E0AE3324E}
		{5AE01CB0-5887-402E-94F1-F9ED8BAFDCCE} = {1044EA12-4417-4A1F-802D-3B7E0AE3324E}
		{8347DD4F-2CBC-4B27-958D-BF2CCF2C7F15} = {1044EA12-4417-4A1F-802D-3B7E0AE3324E}
		{8E17B7F2-C8CC-452B-B755-754E7D9744EA} = {1044EA12-4417-4A1F-802D-3B7E0AE3324E}
		{800B7786-66C4-4400-A91D-766E0D330ACC} = {1044EA12-4417-4A1F-802D-3B7E0AE3324E}
		{7344C0F7-16B5-4635-91E1-1EA59F127BC8} = {9B31505B-3D7C-4F5F-88CC-2C018DCC041A}
		{ACB4E55E-6394-4374-A4F6-16C2669048F1} = {9B31505B-3D7C-4F5F-88CC-2C018DCC041A}
		{B3B7D255-581B-40C6-A95E-E4F0A9E84D9A} = {9B31505B-3D7C-4F5F-88CC-2C018DCC041A}
		{35E0B9B1-F4A0-4002-95E3-E509C0A6D5AF} = {9B31505B-3D7C-4F5F-88CC-2C018DCC041A}
		{663059CC-FE7C-4194-B291-6C8F6B2A8310} = {9B31505B-3D7C-4F5F-88CC-2C018DCC041A}
		{B70C3662-C884-4C38-B126-EF039CDD85C3} = {9B31505B-3D7C-4F5F-88CC-2C018DCC041A}
		{C3A43935-695B-49DF-BB37-6449D851846F} = {9B31505B-3D7C-4F5F-88CC-2C018DCC041A}
		{43E0D43C-EAC7-4B89-8183-9CFDE748A740} = {9B31505B-3D7C-4F5F-88CC-2C018DCC041A}
		{431565D7-5B90-4DDF-807C-241B3C957BCB} = {9B31505B-3D7C-4F5F-88CC-2C018DCC041A}
	EndGlobalSection
EndGlobal
