Microsoft Visual Studio Solution File, Format Version 11.00
# Visual Studio 2010
Project("{8BC9CEB8-8B4A-11D0-8D11-00A0C91BC942}") = "BuildLTQMethod", "BuildLTQMethod\BuildLTQMethod.vcxproj", "{165936E3-E24C-46C7-9782-2EDC49D6C9C4}"
EndProject
Project("{8BC9CEB8-8B4A-11D0-8D11-00A0C91BC942}") = "BuildTSQEZMethod", "BuildTSQEZMethod\BuildTSQEZMethod.vcxproj", "{B1466B57-A676-416F-B026-F2A13AE2B91E}"
EndProject
Project("{8BC9CEB8-8B4A-11D0-8D11-00A0C91BC942}") = "BuildMethodLibrary", "BuildMethodLibrary\BuildMethodLibrary.vcxproj", "{45E92A16-8159-4545-A01D-AFD4F55C9A08}"
EndProject
Project("{FAE04EC0-301F-11D3-BF4B-00C04F79EFBC}") = "BuildWatersMethod", "BuildWatersMethod\BuildWatersMethod.csproj", "{7C54166D-0A4E-4987-9132-193E1EBF7AAE}"
EndProject
Project("{FAE04EC0-301F-11D3-BF4B-00C04F79EFBC}") = "BuildAgilentMethod", "BuildAgilentMethod\BuildAgilentMethod.csproj", "{CE0E2BFB-A9CD-47E5-89C3-D8CDCD62A96D}"
EndProject
Project("{FAE04EC0-301F-11D3-BF4B-00C04F79EFBC}") = "BuildAnalystMethod", "BuildAnalystMethod\BuildAnalystMethod.csproj", "{830D1FA9-D37B-4A3A-8763-F5F3DCF7C155}"
EndProject
Project("{FAE04EC0-301F-11D3-BF4B-00C04F79EFBC}") = "BuildAnalystFullScanMethod", "BuildAnalystFullScanMethod\BuildAnalystFullScanMethod.csproj", "{45E88416-AC6C-4572-BBA3-1B9B78323F01}"
EndProject
Project("{FAE04EC0-301F-11D3-BF4B-00C04F79EFBC}") = "BuildQTRAPMethod", "BuildQTRAPMethod\BuildQTRAPMethod.csproj", "{93130EBE-6FEF-456C-BCDB-B12E9780C051}"
EndProject
Project("{FAE04EC0-301F-11D3-BF4B-00C04F79EFBC}") = "BuildBrukerMethod", "BuildBrukerMethod\BuildBrukerMethod.csproj", "{5BF90ED0-C202-4BEE-B028-FCED3AC19A65}"
EndProject
Project("{FAE04EC0-301F-11D3-BF4B-00C04F79EFBC}") = "BuildThermoMethod", "BuildThermoMethod\BuildThermoMethod.csproj", "{664912C6-00DC-4499-B1C8-EEF4E85E8351}"
EndProject
Global
	GlobalSection(SolutionConfigurationPlatforms) = preSolution
		Debug|Any CPU = Debug|Any CPU
		Debug|Mixed Platforms = Debug|Mixed Platforms
		Debug|Win32 = Debug|Win32
		Debug|x64 = Debug|x64
		Debug|x86 = Debug|x86
		Release|Any CPU = Release|Any CPU
		Release|Mixed Platforms = Release|Mixed Platforms
		Release|Win32 = Release|Win32
		Release|x64 = Release|x64
		Release|x86 = Release|x86
	EndGlobalSection
	GlobalSection(ProjectConfigurationPlatforms) = postSolution
		{165936E3-E24C-46C7-9782-2EDC49D6C9C4}.Debug|Any CPU.ActiveCfg = Debug|Win32
		{165936E3-E24C-46C7-9782-2EDC49D6C9C4}.Debug|Mixed Platforms.ActiveCfg = Debug|Win32
		{165936E3-E24C-46C7-9782-2EDC49D6C9C4}.Debug|Mixed Platforms.Build.0 = Debug|Win32
		{165936E3-E24C-46C7-9782-2EDC49D6C9C4}.Debug|Win32.ActiveCfg = Debug|Win32
		{165936E3-E24C-46C7-9782-2EDC49D6C9C4}.Debug|Win32.Build.0 = Debug|Win32
		{165936E3-E24C-46C7-9782-2EDC49D6C9C4}.Debug|x64.ActiveCfg = Debug|x64
		{165936E3-E24C-46C7-9782-2EDC49D6C9C4}.Debug|x64.Build.0 = Debug|x64
		{165936E3-E24C-46C7-9782-2EDC49D6C9C4}.Debug|x86.ActiveCfg = Debug|Win32
		{165936E3-E24C-46C7-9782-2EDC49D6C9C4}.Debug|x86.Build.0 = Debug|Win32
		{165936E3-E24C-46C7-9782-2EDC49D6C9C4}.Release|Any CPU.ActiveCfg = Release|Win32
		{165936E3-E24C-46C7-9782-2EDC49D6C9C4}.Release|Mixed Platforms.ActiveCfg = Release|Win32
		{165936E3-E24C-46C7-9782-2EDC49D6C9C4}.Release|Win32.ActiveCfg = Release|Win32
		{165936E3-E24C-46C7-9782-2EDC49D6C9C4}.Release|Win32.Build.0 = Release|Win32
		{165936E3-E24C-46C7-9782-2EDC49D6C9C4}.Release|x64.ActiveCfg = Release|x64
		{165936E3-E24C-46C7-9782-2EDC49D6C9C4}.Release|x64.Build.0 = Release|x64
		{165936E3-E24C-46C7-9782-2EDC49D6C9C4}.Release|x86.ActiveCfg = Release|Win32
		{165936E3-E24C-46C7-9782-2EDC49D6C9C4}.Release|x86.Build.0 = Release|Win32
		{B1466B57-A676-416F-B026-F2A13AE2B91E}.Debug|Any CPU.ActiveCfg = Debug|Win32
		{B1466B57-A676-416F-B026-F2A13AE2B91E}.Debug|Mixed Platforms.ActiveCfg = Debug|Win32
		{B1466B57-A676-416F-B026-F2A13AE2B91E}.Debug|Mixed Platforms.Build.0 = Debug|Win32
		{B1466B57-A676-416F-B026-F2A13AE2B91E}.Debug|Win32.ActiveCfg = Debug|Win32
		{B1466B57-A676-416F-B026-F2A13AE2B91E}.Debug|Win32.Build.0 = Debug|Win32
		{B1466B57-A676-416F-B026-F2A13AE2B91E}.Debug|x64.ActiveCfg = Debug|x64
		{B1466B57-A676-416F-B026-F2A13AE2B91E}.Debug|x64.Build.0 = Debug|x64
		{B1466B57-A676-416F-B026-F2A13AE2B91E}.Debug|x86.ActiveCfg = Debug|Win32
		{B1466B57-A676-416F-B026-F2A13AE2B91E}.Debug|x86.Build.0 = Debug|Win32
		{B1466B57-A676-416F-B026-F2A13AE2B91E}.Release|Any CPU.ActiveCfg = Release|Win32
		{B1466B57-A676-416F-B026-F2A13AE2B91E}.Release|Mixed Platforms.ActiveCfg = Release|Win32
		{B1466B57-A676-416F-B026-F2A13AE2B91E}.Release|Win32.ActiveCfg = Release|Win32
		{B1466B57-A676-416F-B026-F2A13AE2B91E}.Release|Win32.Build.0 = Release|Win32
		{B1466B57-A676-416F-B026-F2A13AE2B91E}.Release|x64.ActiveCfg = Release|x64
		{B1466B57-A676-416F-B026-F2A13AE2B91E}.Release|x64.Build.0 = Release|x64
		{B1466B57-A676-416F-B026-F2A13AE2B91E}.Release|x86.ActiveCfg = Release|Win32
		{B1466B57-A676-416F-B026-F2A13AE2B91E}.Release|x86.Build.0 = Release|Win32
		{45E92A16-8159-4545-A01D-AFD4F55C9A08}.Debug|Any CPU.ActiveCfg = Debug|Win32
		{45E92A16-8159-4545-A01D-AFD4F55C9A08}.Debug|Mixed Platforms.ActiveCfg = Debug|Win32
		{45E92A16-8159-4545-A01D-AFD4F55C9A08}.Debug|Mixed Platforms.Build.0 = Debug|Win32
		{45E92A16-8159-4545-A01D-AFD4F55C9A08}.Debug|Win32.ActiveCfg = Debug|Win32
		{45E92A16-8159-4545-A01D-AFD4F55C9A08}.Debug|Win32.Build.0 = Debug|Win32
		{45E92A16-8159-4545-A01D-AFD4F55C9A08}.Debug|x64.ActiveCfg = Debug|x64
		{45E92A16-8159-4545-A01D-AFD4F55C9A08}.Debug|x64.Build.0 = Debug|x64
		{45E92A16-8159-4545-A01D-AFD4F55C9A08}.Debug|x86.ActiveCfg = Debug|Win32
		{45E92A16-8159-4545-A01D-AFD4F55C9A08}.Debug|x86.Build.0 = Debug|Win32
		{45E92A16-8159-4545-A01D-AFD4F55C9A08}.Release|Any CPU.ActiveCfg = Release|Win32
		{45E92A16-8159-4545-A01D-AFD4F55C9A08}.Release|Mixed Platforms.ActiveCfg = Release|Win32
		{45E92A16-8159-4545-A01D-AFD4F55C9A08}.Release|Win32.ActiveCfg = Release|Win32
		{45E92A16-8159-4545-A01D-AFD4F55C9A08}.Release|Win32.Build.0 = Release|Win32
		{45E92A16-8159-4545-A01D-AFD4F55C9A08}.Release|x64.ActiveCfg = Release|x64
		{45E92A16-8159-4545-A01D-AFD4F55C9A08}.Release|x64.Build.0 = Release|x64
		{45E92A16-8159-4545-A01D-AFD4F55C9A08}.Release|x86.ActiveCfg = Release|Win32
		{45E92A16-8159-4545-A01D-AFD4F55C9A08}.Release|x86.Build.0 = Release|Win32
		{7C54166D-0A4E-4987-9132-193E1EBF7AAE}.Debug|Any CPU.ActiveCfg = Debug|Any CPU
		{7C54166D-0A4E-4987-9132-193E1EBF7AAE}.Debug|Any CPU.Build.0 = Debug|Any CPU
		{7C54166D-0A4E-4987-9132-193E1EBF7AAE}.Debug|Mixed Platforms.ActiveCfg = Debug|Any CPU
		{7C54166D-0A4E-4987-9132-193E1EBF7AAE}.Debug|Mixed Platforms.Build.0 = Debug|Any CPU
		{7C54166D-0A4E-4987-9132-193E1EBF7AAE}.Debug|Win32.ActiveCfg = Debug|Any CPU
		{7C54166D-0A4E-4987-9132-193E1EBF7AAE}.Debug|x64.ActiveCfg = Debug|x64
		{7C54166D-0A4E-4987-9132-193E1EBF7AAE}.Debug|x64.Build.0 = Debug|x64
		{7C54166D-0A4E-4987-9132-193E1EBF7AAE}.Debug|x86.ActiveCfg = Debug|x86
		{7C54166D-0A4E-4987-9132-193E1EBF7AAE}.Debug|x86.Build.0 = Debug|x86
		{7C54166D-0A4E-4987-9132-193E1EBF7AAE}.Release|Any CPU.ActiveCfg = Release|Any CPU
		{7C54166D-0A4E-4987-9132-193E1EBF7AAE}.Release|Any CPU.Build.0 = Release|Any CPU
		{7C54166D-0A4E-4987-9132-193E1EBF7AAE}.Release|Mixed Platforms.ActiveCfg = Release|Any CPU
		{7C54166D-0A4E-4987-9132-193E1EBF7AAE}.Release|Win32.ActiveCfg = Release|Any CPU
		{7C54166D-0A4E-4987-9132-193E1EBF7AAE}.Release|x64.ActiveCfg = Release|x64
		{7C54166D-0A4E-4987-9132-193E1EBF7AAE}.Release|x64.Build.0 = Release|x64
		{7C54166D-0A4E-4987-9132-193E1EBF7AAE}.Release|x86.ActiveCfg = Release|x86
		{7C54166D-0A4E-4987-9132-193E1EBF7AAE}.Release|x86.Build.0 = Release|x86
		{CE0E2BFB-A9CD-47E5-89C3-D8CDCD62A96D}.Debug|Any CPU.ActiveCfg = Debug|Any CPU
		{CE0E2BFB-A9CD-47E5-89C3-D8CDCD62A96D}.Debug|Any CPU.Build.0 = Debug|Any CPU
		{CE0E2BFB-A9CD-47E5-89C3-D8CDCD62A96D}.Debug|Mixed Platforms.ActiveCfg = Debug|Any CPU
		{CE0E2BFB-A9CD-47E5-89C3-D8CDCD62A96D}.Debug|Mixed Platforms.Build.0 = Debug|Any CPU
		{CE0E2BFB-A9CD-47E5-89C3-D8CDCD62A96D}.Debug|Win32.ActiveCfg = Debug|Any CPU
		{CE0E2BFB-A9CD-47E5-89C3-D8CDCD62A96D}.Debug|x64.ActiveCfg = Debug|x64
		{CE0E2BFB-A9CD-47E5-89C3-D8CDCD62A96D}.Debug|x64.Build.0 = Debug|x64
		{CE0E2BFB-A9CD-47E5-89C3-D8CDCD62A96D}.Debug|x86.ActiveCfg = Debug|x86
		{CE0E2BFB-A9CD-47E5-89C3-D8CDCD62A96D}.Debug|x86.Build.0 = Debug|x86
		{CE0E2BFB-A9CD-47E5-89C3-D8CDCD62A96D}.Release|Any CPU.ActiveCfg = Release|Any CPU
		{CE0E2BFB-A9CD-47E5-89C3-D8CDCD62A96D}.Release|Any CPU.Build.0 = Release|Any CPU
		{CE0E2BFB-A9CD-47E5-89C3-D8CDCD62A96D}.Release|Mixed Platforms.ActiveCfg = Release|Any CPU
		{CE0E2BFB-A9CD-47E5-89C3-D8CDCD62A96D}.Release|Win32.ActiveCfg = Release|Any CPU
		{CE0E2BFB-A9CD-47E5-89C3-D8CDCD62A96D}.Release|x64.ActiveCfg = Release|x64
		{CE0E2BFB-A9CD-47E5-89C3-D8CDCD62A96D}.Release|x64.Build.0 = Release|x64
		{CE0E2BFB-A9CD-47E5-89C3-D8CDCD62A96D}.Release|x86.ActiveCfg = Release|x86
		{CE0E2BFB-A9CD-47E5-89C3-D8CDCD62A96D}.Release|x86.Build.0 = Release|x86
		{830D1FA9-D37B-4A3A-8763-F5F3DCF7C155}.Debug|Any CPU.ActiveCfg = Debug|Any CPU
		{830D1FA9-D37B-4A3A-8763-F5F3DCF7C155}.Debug|Any CPU.Build.0 = Debug|Any CPU
		{830D1FA9-D37B-4A3A-8763-F5F3DCF7C155}.Debug|Mixed Platforms.ActiveCfg = Debug|Any CPU
		{830D1FA9-D37B-4A3A-8763-F5F3DCF7C155}.Debug|Mixed Platforms.Build.0 = Debug|Any CPU
		{830D1FA9-D37B-4A3A-8763-F5F3DCF7C155}.Debug|Win32.ActiveCfg = Debug|Any CPU
		{830D1FA9-D37B-4A3A-8763-F5F3DCF7C155}.Debug|x64.ActiveCfg = Debug|x64
		{830D1FA9-D37B-4A3A-8763-F5F3DCF7C155}.Debug|x64.Build.0 = Debug|x64
		{830D1FA9-D37B-4A3A-8763-F5F3DCF7C155}.Debug|x86.ActiveCfg = Debug|x86
		{830D1FA9-D37B-4A3A-8763-F5F3DCF7C155}.Debug|x86.Build.0 = Debug|x86
		{830D1FA9-D37B-4A3A-8763-F5F3DCF7C155}.Release|Any CPU.ActiveCfg = Release|Any CPU
		{830D1FA9-D37B-4A3A-8763-F5F3DCF7C155}.Release|Any CPU.Build.0 = Release|Any CPU
		{830D1FA9-D37B-4A3A-8763-F5F3DCF7C155}.Release|Mixed Platforms.ActiveCfg = Release|x86
		{830D1FA9-D37B-4A3A-8763-F5F3DCF7C155}.Release|Mixed Platforms.Build.0 = Release|x86
		{830D1FA9-D37B-4A3A-8763-F5F3DCF7C155}.Release|Win32.ActiveCfg = Release|Any CPU
		{830D1FA9-D37B-4A3A-8763-F5F3DCF7C155}.Release|x64.ActiveCfg = Release|x64
		{830D1FA9-D37B-4A3A-8763-F5F3DCF7C155}.Release|x64.Build.0 = Release|x64
		{830D1FA9-D37B-4A3A-8763-F5F3DCF7C155}.Release|x86.ActiveCfg = Release|x86
		{830D1FA9-D37B-4A3A-8763-F5F3DCF7C155}.Release|x86.Build.0 = Release|x86
		{45E88416-AC6C-4572-BBA3-1B9B78323F01}.Debug|Any CPU.ActiveCfg = Debug|Any CPU
		{45E88416-AC6C-4572-BBA3-1B9B78323F01}.Debug|Any CPU.Build.0 = Debug|Any CPU
		{45E88416-AC6C-4572-BBA3-1B9B78323F01}.Debug|Mixed Platforms.ActiveCfg = Debug|Any CPU
		{45E88416-AC6C-4572-BBA3-1B9B78323F01}.Debug|Mixed Platforms.Build.0 = Debug|Any CPU
		{45E88416-AC6C-4572-BBA3-1B9B78323F01}.Debug|Win32.ActiveCfg = Debug|Any CPU
		{45E88416-AC6C-4572-BBA3-1B9B78323F01}.Debug|x64.ActiveCfg = Debug|x64
		{45E88416-AC6C-4572-BBA3-1B9B78323F01}.Debug|x64.Build.0 = Debug|x64
		{45E88416-AC6C-4572-BBA3-1B9B78323F01}.Debug|x86.ActiveCfg = Debug|x86
		{45E88416-AC6C-4572-BBA3-1B9B78323F01}.Debug|x86.Build.0 = Debug|x86
		{45E88416-AC6C-4572-BBA3-1B9B78323F01}.Release|Any CPU.ActiveCfg = Release|Any CPU
		{45E88416-AC6C-4572-BBA3-1B9B78323F01}.Release|Any CPU.Build.0 = Release|Any CPU
		{45E88416-AC6C-4572-BBA3-1B9B78323F01}.Release|Mixed Platforms.ActiveCfg = Release|x86
		{45E88416-AC6C-4572-BBA3-1B9B78323F01}.Release|Mixed Platforms.Build.0 = Release|x86
		{45E88416-AC6C-4572-BBA3-1B9B78323F01}.Release|Win32.ActiveCfg = Release|Any CPU
		{45E88416-AC6C-4572-BBA3-1B9B78323F01}.Release|x64.ActiveCfg = Release|x64
		{45E88416-AC6C-4572-BBA3-1B9B78323F01}.Release|x64.Build.0 = Release|x64
		{45E88416-AC6C-4572-BBA3-1B9B78323F01}.Release|x86.ActiveCfg = Release|x86
		{45E88416-AC6C-4572-BBA3-1B9B78323F01}.Release|x86.Build.0 = Release|x86
		{93130EBE-6FEF-456C-BCDB-B12E9780C051}.Debug|Any CPU.ActiveCfg = Debug|Any CPU
		{93130EBE-6FEF-456C-BCDB-B12E9780C051}.Debug|Any CPU.Build.0 = Debug|Any CPU
		{93130EBE-6FEF-456C-BCDB-B12E9780C051}.Debug|Mixed Platforms.ActiveCfg = Debug|Any CPU
		{93130EBE-6FEF-456C-BCDB-B12E9780C051}.Debug|Mixed Platforms.Build.0 = Debug|Any CPU
		{93130EBE-6FEF-456C-BCDB-B12E9780C051}.Debug|Win32.ActiveCfg = Debug|Any CPU
		{93130EBE-6FEF-456C-BCDB-B12E9780C051}.Debug|x64.ActiveCfg = Debug|x64
		{93130EBE-6FEF-456C-BCDB-B12E9780C051}.Debug|x64.Build.0 = Debug|x64
		{93130EBE-6FEF-456C-BCDB-B12E9780C051}.Debug|x86.ActiveCfg = Debug|x86
		{93130EBE-6FEF-456C-BCDB-B12E9780C051}.Debug|x86.Build.0 = Debug|x86
		{93130EBE-6FEF-456C-BCDB-B12E9780C051}.Release|Any CPU.ActiveCfg = Release|Any CPU
		{93130EBE-6FEF-456C-BCDB-B12E9780C051}.Release|Any CPU.Build.0 = Release|Any CPU
		{93130EBE-6FEF-456C-BCDB-B12E9780C051}.Release|Mixed Platforms.ActiveCfg = Release|x86
		{93130EBE-6FEF-456C-BCDB-B12E9780C051}.Release|Mixed Platforms.Build.0 = Release|x86
		{93130EBE-6FEF-456C-BCDB-B12E9780C051}.Release|Win32.ActiveCfg = Release|Any CPU
		{93130EBE-6FEF-456C-BCDB-B12E9780C051}.Release|x64.ActiveCfg = Release|x64
		{93130EBE-6FEF-456C-BCDB-B12E9780C051}.Release|x64.Build.0 = Release|x64
		{93130EBE-6FEF-456C-BCDB-B12E9780C051}.Release|x86.ActiveCfg = Release|x86
		{93130EBE-6FEF-456C-BCDB-B12E9780C051}.Release|x86.Build.0 = Release|x86
		{5BF90ED0-C202-4BEE-B028-FCED3AC19A65}.Debug|Any CPU.ActiveCfg = Debug|x86
		{5BF90ED0-C202-4BEE-B028-FCED3AC19A65}.Debug|Mixed Platforms.ActiveCfg = Debug|x86
		{5BF90ED0-C202-4BEE-B028-FCED3AC19A65}.Debug|Mixed Platforms.Build.0 = Debug|x86
		{5BF90ED0-C202-4BEE-B028-FCED3AC19A65}.Debug|Win32.ActiveCfg = Debug|x86
		{5BF90ED0-C202-4BEE-B028-FCED3AC19A65}.Debug|x64.ActiveCfg = Debug|x86
		{5BF90ED0-C202-4BEE-B028-FCED3AC19A65}.Debug|x86.ActiveCfg = Debug|x86
		{5BF90ED0-C202-4BEE-B028-FCED3AC19A65}.Debug|x86.Build.0 = Debug|x86
		{5BF90ED0-C202-4BEE-B028-FCED3AC19A65}.Release|Any CPU.ActiveCfg = Release|x86
		{5BF90ED0-C202-4BEE-B028-FCED3AC19A65}.Release|Mixed Platforms.ActiveCfg = Release|x86
		{5BF90ED0-C202-4BEE-B028-FCED3AC19A65}.Release|Mixed Platforms.Build.0 = Release|x86
		{5BF90ED0-C202-4BEE-B028-FCED3AC19A65}.Release|Win32.ActiveCfg = Release|x86
		{5BF90ED0-C202-4BEE-B028-FCED3AC19A65}.Release|x64.ActiveCfg = Release|x86
		{5BF90ED0-C202-4BEE-B028-FCED3AC19A65}.Release|x86.ActiveCfg = Release|x86
		{5BF90ED0-C202-4BEE-B028-FCED3AC19A65}.Release|x86.Build.0 = Release|x86
		{664912C6-00DC-4499-B1C8-EEF4E85E8351}.Debug|Any CPU.ActiveCfg = Debug|x86
		{664912C6-00DC-4499-B1C8-EEF4E85E8351}.Debug|Mixed Platforms.ActiveCfg = Debug|x86
		{664912C6-00DC-4499-B1C8-EEF4E85E8351}.Debug|Mixed Platforms.Build.0 = Debug|x86
		{664912C6-00DC-4499-B1C8-EEF4E85E8351}.Debug|Win32.ActiveCfg = Debug|x86
		{664912C6-00DC-4499-B1C8-EEF4E85E8351}.Debug|x64.ActiveCfg = Debug|x86
		{664912C6-00DC-4499-B1C8-EEF4E85E8351}.Debug|x86.ActiveCfg = Debug|x86
		{664912C6-00DC-4499-B1C8-EEF4E85E8351}.Debug|x86.Build.0 = Debug|x86
		{664912C6-00DC-4499-B1C8-EEF4E85E8351}.Release|Any CPU.ActiveCfg = Release|x86
		{664912C6-00DC-4499-B1C8-EEF4E85E8351}.Release|Mixed Platforms.ActiveCfg = Release|x86
		{664912C6-00DC-4499-B1C8-EEF4E85E8351}.Release|Mixed Platforms.Build.0 = Release|x86
		{664912C6-00DC-4499-B1C8-EEF4E85E8351}.Release|Win32.ActiveCfg = Release|x86
		{664912C6-00DC-4499-B1C8-EEF4E85E8351}.Release|x64.ActiveCfg = Release|x86
		{664912C6-00DC-4499-B1C8-EEF4E85E8351}.Release|x86.ActiveCfg = Release|x86
		{664912C6-00DC-4499-B1C8-EEF4E85E8351}.Release|x86.Build.0 = Release|x86
	EndGlobalSection
	GlobalSection(SolutionProperties) = preSolution
		HideSolutionNode = FALSE
	EndGlobalSection
EndGlobal
