
Microsoft Visual Studio Solution File, Format Version 10.00
# Visual Studio 2008
Project("{FAE04EC0-301F-11D3-BF4B-00C04F79EFBC}") = "ScanRanker", "ScanRanker.csproj", "{9F787AE9-131B-4AEE-B831-3E06CDBC91BF}"
EndProject
Global
	GlobalSection(SolutionConfigurationPlatforms) = preSolution
		Debug|Any CPU = Debug|Any CPU
		Release|Any CPU = Release|Any CPU
	EndGlobalSection
	GlobalSection(ProjectConfigurationPlatforms) = postSolution
		{9F787AE9-131B-4AEE-B831-3E06CDBC91BF}.Debug|Any CPU.ActiveCfg = Debug|Any CPU
		{9F787AE9-131B-4AEE-B831-3E06CDBC91BF}.Debug|Any CPU.Build.0 = Debug|Any CPU
		{9F787AE9-131B-4AEE-B831-3E06CDBC91BF}.Release|Any CPU.ActiveCfg = Release|Any CPU
		{9F787AE9-131B-4AEE-B831-3E06CDBC91BF}.Release|Any CPU.Build.0 = Release|Any CPU
	EndGlobalSection
	GlobalSection(SolutionProperties) = preSolution
		HideSolutionNode = FALSE
	EndGlobalSection
EndGlobal
