
Microsoft Visual Studio Solution File, Format Version 11.00
# Visual Studio 2010
Project("{FAE04EC0-301F-11D3-BF4B-00C04F79EFBC}") = "ZedGraph", "ZedGraph.csproj", "{B99650EE-AF46-47B4-A4A9-212ADE7809B7}"
EndProject
Global
	GlobalSection(SolutionConfigurationPlatforms) = preSolution
		Debug|Any CPU = Debug|Any CPU
		Release|Any CPU = Release|Any CPU
	EndGlobalSection
	GlobalSection(ProjectConfigurationPlatforms) = postSolution
		{B99650EE-AF46-47B4-A4A9-212ADE7809B7}.Debug|Any CPU.ActiveCfg = Debug|Any CPU
		{B99650EE-AF46-47B4-A4A9-212ADE7809B7}.Debug|Any CPU.Build.0 = Debug|Any CPU
		{B99650EE-AF46-47B4-A4A9-212ADE7809B7}.Release|Any CPU.ActiveCfg = Release|Any CPU
		{B99650EE-AF46-47B4-A4A9-212ADE7809B7}.Release|Any CPU.Build.0 = Release|Any CPU
	EndGlobalSection
	GlobalSection(SolutionProperties) = preSolution
		HideSolutionNode = FALSE
	EndGlobalSection
EndGlobal
