
Microsoft Visual Studio Solution File, Format Version 12.00
# Visual Studio 15
VisualStudioVersion = 15.0.27130.2020
MinimumVisualStudioVersion = 10.0.40219.1
Project("{FAE04EC0-301F-11D3-BF4B-00C04F79EFBC}") = "SetupDeployProject", "SetupDeployProject.csproj", "{A8ACEA34-28C0-4BC8-825E-030B1A4B7DF7}"
EndProject
Global
	GlobalSection(SolutionConfigurationPlatforms) = preSolution
		Debug|Any CPU = Debug|Any CPU
		Release|Any CPU = Release|Any CPU
	EndGlobalSection
	GlobalSection(ProjectConfigurationPlatforms) = postSolution
		{A8ACEA34-28C0-4BC8-825E-030B1A4B7DF7}.Debug|Any CPU.ActiveCfg = Debug|Any CPU
		{A8ACEA34-28C0-4BC8-825E-030B1A4B7DF7}.Debug|Any CPU.Build.0 = Debug|Any CPU
		{A8ACEA34-28C0-4BC8-825E-030B1A4B7DF7}.Release|Any CPU.ActiveCfg = Release|Any CPU
		{A8ACEA34-28C0-4BC8-825E-030B1A4B7DF7}.Release|Any CPU.Build.0 = Release|Any CPU
	EndGlobalSection
	GlobalSection(SolutionProperties) = preSolution
		HideSolutionNode = FALSE
	EndGlobalSection
	GlobalSection(ExtensibilityGlobals) = postSolution
		SolutionGuid = {F042C07F-2D51-4FFB-B64B-4B06C873AAD9}
	EndGlobalSection
	GlobalSection(SubversionScc) = preSolution
		Svn-Managed = True
		Manager = AnkhSVN - Subversion Support for Visual Studio
	EndGlobalSection
EndGlobal
