
Microsoft Visual Studio Solution File, Format Version 12.00
# Visual Studio Version 17
VisualStudioVersion = 17.2.32505.173
MinimumVisualStudioVersion = 10.0.40219.1
Project("{FAE04EC0-301F-11D3-BF4B-00C04F79EFBC}") = "SkylineBatch", "SkylineBatch\SkylineBatch.csproj", "{7AB2D7AD-6760-450E-BCCD-B08502307B99}"
	ProjectSection(ProjectDependencies) = postProject
		{91458586-C381-465E-9A63-0341058E0C99} = {91458586-C381-465E-9A63-0341058E0C99}
	EndProjectSection
EndProject
Project("{FAE04EC0-301F-11D3-BF4B-00C04F79EFBC}") = "SkylineBatchTest", "SkylineBatchTest\SkylineBatchTest.csproj", "{415D56D0-D83D-45D2-A833-E2D7E46E7A69}"
EndProject
Project("{FAE04EC0-301F-11D3-BF4B-00C04F79EFBC}") = "SharedBatch", "..\SharedBatch\SharedBatch\SharedBatch.csproj", "{9660E7B1-A0AD-4C2B-A395-350D4055640A}"
	ProjectSection(ProjectDependencies) = postProject
		{91458586-C381-465E-9A63-0341058E0C99} = {91458586-C381-465E-9A63-0341058E0C99}
	EndProjectSection
EndProject
Project("{FAE04EC0-301F-11D3-BF4B-00C04F79EFBC}") = "SharedBatchTest", "..\SharedBatch\SharedBatchTest\SharedBatchTest.csproj", "{4955F974-381E-4902-8BAD-BAC7174CFC9F}"
EndProject
Project("{FAE04EC0-301F-11D3-BF4B-00C04F79EFBC}") = "LaunchBatch", "..\SharedBatch\LaunchBatch\LaunchBatch.csproj", "{91458586-C381-465E-9A63-0341058E0C99}"
EndProject
Project("{FAE04EC0-301F-11D3-BF4B-00C04F79EFBC}") = "PanoramaClient", "..\..\..\Shared\PanoramaClient\PanoramaClient.csproj", "{BF849CF8-25D7-4619-B001-9ED8E3771C44}"
EndProject
Project("{FAE04EC0-301F-11D3-BF4B-00C04F79EFBC}") = "CommonUtil", "..\..\..\Shared\Common\CommonUtil.csproj", "{13BF2FFB-50A1-4AB1-83A4-5733E36905CE}"
EndProject
Global
	GlobalSection(SolutionConfigurationPlatforms) = preSolution
		Debug|Any CPU = Debug|Any CPU
		Release|Any CPU = Release|Any CPU
	EndGlobalSection
	GlobalSection(ProjectConfigurationPlatforms) = postSolution
		{7AB2D7AD-6760-450E-BCCD-B08502307B99}.Debug|Any CPU.ActiveCfg = Debug|Any CPU
		{7AB2D7AD-6760-450E-BCCD-B08502307B99}.Debug|Any CPU.Build.0 = Debug|Any CPU
		{7AB2D7AD-6760-450E-BCCD-B08502307B99}.Release|Any CPU.ActiveCfg = Release|Any CPU
		{7AB2D7AD-6760-450E-BCCD-B08502307B99}.Release|Any CPU.Build.0 = Release|Any CPU
		{415D56D0-D83D-45D2-A833-E2D7E46E7A69}.Debug|Any CPU.ActiveCfg = Debug|Any CPU
		{415D56D0-D83D-45D2-A833-E2D7E46E7A69}.Debug|Any CPU.Build.0 = Debug|Any CPU
		{415D56D0-D83D-45D2-A833-E2D7E46E7A69}.Release|Any CPU.ActiveCfg = Release|Any CPU
		{415D56D0-D83D-45D2-A833-E2D7E46E7A69}.Release|Any CPU.Build.0 = Release|Any CPU
		{9660E7B1-A0AD-4C2B-A395-350D4055640A}.Debug|Any CPU.ActiveCfg = Debug|Any CPU
		{9660E7B1-A0AD-4C2B-A395-350D4055640A}.Debug|Any CPU.Build.0 = Debug|Any CPU
		{9660E7B1-A0AD-4C2B-A395-350D4055640A}.Release|Any CPU.ActiveCfg = Release|Any CPU
		{9660E7B1-A0AD-4C2B-A395-350D4055640A}.Release|Any CPU.Build.0 = Release|Any CPU
		{4955F974-381E-4902-8BAD-BAC7174CFC9F}.Debug|Any CPU.ActiveCfg = Debug|Any CPU
		{4955F974-381E-4902-8BAD-BAC7174CFC9F}.Debug|Any CPU.Build.0 = Debug|Any CPU
		{4955F974-381E-4902-8BAD-BAC7174CFC9F}.Release|Any CPU.ActiveCfg = Release|Any CPU
		{4955F974-381E-4902-8BAD-BAC7174CFC9F}.Release|Any CPU.Build.0 = Release|Any CPU
		{91458586-C381-465E-9A63-0341058E0C99}.Debug|Any CPU.ActiveCfg = Debug|Any CPU
		{91458586-C381-465E-9A63-0341058E0C99}.Debug|Any CPU.Build.0 = Debug|Any CPU
		{91458586-C381-465E-9A63-0341058E0C99}.Release|Any CPU.ActiveCfg = Release|Any CPU
		{91458586-C381-465E-9A63-0341058E0C99}.Release|Any CPU.Build.0 = Release|Any CPU
		{BF849CF8-25D7-4619-B001-9ED8E3771C44}.Debug|Any CPU.ActiveCfg = Debug|Any CPU
		{BF849CF8-25D7-4619-B001-9ED8E3771C44}.Debug|Any CPU.Build.0 = Debug|Any CPU
		{BF849CF8-25D7-4619-B001-9ED8E3771C44}.Release|Any CPU.ActiveCfg = Release|Any CPU
		{BF849CF8-25D7-4619-B001-9ED8E3771C44}.Release|Any CPU.Build.0 = Release|Any CPU
		{13BF2FFB-50A1-4AB1-83A4-5733E36905CE}.Debug|Any CPU.ActiveCfg = Debug|Any CPU
		{13BF2FFB-50A1-4AB1-83A4-5733E36905CE}.Debug|Any CPU.Build.0 = Debug|Any CPU
		{13BF2FFB-50A1-4AB1-83A4-5733E36905CE}.Release|Any CPU.ActiveCfg = Release|Any CPU
		{13BF2FFB-50A1-4AB1-83A4-5733E36905CE}.Release|Any CPU.Build.0 = Release|Any CPU
	EndGlobalSection
	GlobalSection(SolutionProperties) = preSolution
		HideSolutionNode = FALSE
	EndGlobalSection
	GlobalSection(ExtensibilityGlobals) = postSolution
		SolutionGuid = {CFB8033C-68E4-407C-98DC-1E83766B9AFF}
	EndGlobalSection
EndGlobal
