
Microsoft Visual Studio Solution File, Format Version 12.00
# Visual Studio Version 17
VisualStudioVersion = 17.5.33424.131
MinimumVisualStudioVersion = 10.0.40219.1
Project("{FAE04EC0-301F-11D3-BF4B-00C04F79EFBC}") = "AdvancedEditingCommands", "AdvancedEditingCommands.csproj", "{2DD08AC0-47C4-4808-ACAF-0D211ED15CF7}"
EndProject
Global
	GlobalSection(SolutionConfigurationPlatforms) = preSolution
		Debug|Any CPU = Debug|Any CPU
		Release|Any CPU = Release|Any CPU
	EndGlobalSection
	GlobalSection(ProjectConfigurationPlatforms) = postSolution
		{2DD08AC0-47C4-4808-ACAF-0D211ED15CF7}.Debug|Any CPU.ActiveCfg = Debug|Any CPU
		{2DD08AC0-47C4-4808-ACAF-0D211ED15CF7}.Debug|Any CPU.Build.0 = Debug|Any CPU
		{2DD08AC0-47C4-4808-ACAF-0D211ED15CF7}.Release|Any CPU.ActiveCfg = Release|Any CPU
		{2DD08AC0-47C4-4808-ACAF-0D211ED15CF7}.Release|Any CPU.Build.0 = Release|Any CPU
	EndGlobalSection
	GlobalSection(SolutionProperties) = preSolution
		HideSolutionNode = FALSE
	EndGlobalSection
	GlobalSection(ExtensibilityGlobals) = postSolution
		SolutionGuid = {FF9093D0-20A5-48D7-9C67-0C9C28419FE6}
	EndGlobalSection
EndGlobal
