
Microsoft Visual Studio Solution File, Format Version 12.00
# Visual Studio Version 17
VisualStudioVersion = 17.9.34616.47
MinimumVisualStudioVersion = 10.0.40219.1
Project("{FAE04EC0-301F-11D3-BF4B-00C04F79EFBC}") = "ImageComparer", "ImageComparer.csproj", "{1B2C0F7C-DE86-42A9-B265-69026ECF2376}"
EndProject
Project("{9A19103F-16F7-4668-BE54-9A1E7A4F7556}") = "ImageComparer.Core", "..\ImageComparer.Core\ImageComparer.Core.csproj", "{A1B2C3D4-1234-5678-9ABC-DEF012345678}"
EndProject
Project("{9A19103F-16F7-4668-BE54-9A1E7A4F7556}") = "ImageComparer.Mcp", "..\ImageComparer.Mcp\ImageComparer.Mcp.csproj", "{B2C3D4E5-2345-6789-ABCD-EF0123456789}"
EndProject
Project("{2150E333-8FDC-42A3-9474-1A3956D46DE8}") = "Solution Items", "Solution Items", "{8165B446-585C-4CBA-87A9-FD4E558F63B5}"
EndProject
Global
	GlobalSection(SolutionConfigurationPlatforms) = preSolution
		Debug|Any CPU = Debug|Any CPU
		Release|Any CPU = Release|Any CPU
	EndGlobalSection
	GlobalSection(ProjectConfigurationPlatforms) = postSolution
		{1B2C0F7C-DE86-42A9-B265-69026ECF2376}.Debug|Any CPU.ActiveCfg = Debug|Any CPU
		{1B2C0F7C-DE86-42A9-B265-69026ECF2376}.Debug|Any CPU.Build.0 = Debug|Any CPU
		{1B2C0F7C-DE86-42A9-B265-69026ECF2376}.Release|Any CPU.ActiveCfg = Release|Any CPU
		{1B2C0F7C-DE86-42A9-B265-69026ECF2376}.Release|Any CPU.Build.0 = Release|Any CPU
		{A1B2C3D4-1234-5678-9ABC-DEF012345678}.Debug|Any CPU.ActiveCfg = Debug|Any CPU
		{A1B2C3D4-1234-5678-9ABC-DEF012345678}.Debug|Any CPU.Build.0 = Debug|Any CPU
		{A1B2C3D4-1234-5678-9ABC-DEF012345678}.Release|Any CPU.ActiveCfg = Release|Any CPU
		{A1B2C3D4-1234-5678-9ABC-DEF012345678}.Release|Any CPU.Build.0 = Release|Any CPU
		{B2C3D4E5-2345-6789-ABCD-EF0123456789}.Debug|Any CPU.ActiveCfg = Debug|Any CPU
		{B2C3D4E5-2345-6789-ABCD-EF0123456789}.Debug|Any CPU.Build.0 = Debug|Any CPU
		{B2C3D4E5-2345-6789-ABCD-EF0123456789}.Release|Any CPU.ActiveCfg = Release|Any CPU
		{B2C3D4E5-2345-6789-ABCD-EF0123456789}.Release|Any CPU.Build.0 = Release|Any CPU
	EndGlobalSection
	GlobalSection(SolutionProperties) = preSolution
		HideSolutionNode = FALSE
	EndGlobalSection
	GlobalSection(ExtensibilityGlobals) = postSolution
		SolutionGuid = {AEBDD11B-5441-4E6B-9696-3B2842787C1A}
	EndGlobalSection
EndGlobal
