Microsoft Visual Studio Solution File, Format Version 11.00
# Visual Studio 2010
Project("{2150E333-8FDC-42A3-9474-1A3956D46DE8}") = "Solution Items", "Solution Items", "{C80CDBB4-AC19-4D59-B8AE-6424EA5C6D34}"
	ProjectSection(SolutionItems) = preProject
		Skyline.vsmdi = Skyline.vsmdi
		TestSettings_x64.testsettings = TestSettings_x64.testsettings
		TestSettings_x86.testsettings = TestSettings_x86.testsettings
	EndProjectSection
EndProject
Project("{FAE04EC0-301F-11D3-BF4B-00C04F79EFBC}") = "Skyline", "Skyline.csproj", "{DDA2EA4C-B632-4FDF-94BA-F71E4C152056}"
EndProject
Project("{FAE04EC0-301F-11D3-BF4B-00C04F79EFBC}") = "Test", "Test\Test.csproj", "{E0FA262A-744E-4D98-A43F-4723A4D95827}"
EndProject
Project("{8BC9CEB8-8B4A-11D0-8D11-00A0C91BC942}") = "Crawdad", "..\Shared\Crawdad\Crawdad.vcxproj", "{5C81BB57-E46C-4B3B-9764-82F835E643B8}"
EndProject
Project("{FAE04EC0-301F-11D3-BF4B-00C04F79EFBC}") = "ProteomeDb", "..\Shared\ProteomeDb\ProteomeDb.csproj", "{09FC3CB3-FCCD-4906-A370-160B28725936}"
EndProject
Project("{FAE04EC0-301F-11D3-BF4B-00C04F79EFBC}") = "MSGraph", "..\Shared\MSGraph\MSGraph.csproj", "{26CFD1FF-F4F7-4F66-B5B4-E686BDB9B34E}"
EndProject
Project("{FAE04EC0-301F-11D3-BF4B-00C04F79EFBC}") = "TestFunctional", "TestFunctional\TestFunctional.csproj", "{1B7E62FF-463B-4B3E-8E37-72F1A7C2BFD9}"
EndProject
Project("{FAE04EC0-301F-11D3-BF4B-00C04F79EFBC}") = "ProteowizardWrapper", "..\Shared\ProteowizardWrapper\ProteowizardWrapper.csproj", "{DACEE7D5-5A6A-4001-9602-FAB1A9A2DE59}"
EndProject
Project("{FAE04EC0-301F-11D3-BF4B-00C04F79EFBC}") = "TestTutorial", "TestTutorial\TestTutorial.csproj", "{6FCD5F27-637B-499A-BB66-F74D5FBBD500}"
EndProject
Project("{FAE04EC0-301F-11D3-BF4B-00C04F79EFBC}") = "TestUtil", "TestUtil\TestUtil.csproj", "{1A76F2B4-353A-4BCF-9D15-70D4B387E480}"
EndProject
Project("{FAE04EC0-301F-11D3-BF4B-00C04F79EFBC}") = "TestA", "TestA\TestA.csproj", "{F1A6D016-7608-4A7B-8D68-FB32B8344D4B}"
EndProject
Project("{FAE04EC0-301F-11D3-BF4B-00C04F79EFBC}") = "Common", "..\Shared\Common\Common.csproj", "{A5527BE9-4A62-458F-AE47-F0F9204A5CF9}"
EndProject
Project("{FAE04EC0-301F-11D3-BF4B-00C04F79EFBC}") = "CommonUtil", "..\Shared\Common\CommonUtil.csproj", "{13BF2FFB-50A1-4AB1-83A4-5733E36905CE}"
EndProject
Project("{FAE04EC0-301F-11D3-BF4B-00C04F79EFBC}") = "BiblioSpec", "..\Shared\BiblioSpec\BiblioSpec.csproj", "{32CC9B1A-9442-4B56-AF34-FB47595278A1}"
EndProject
Project("{FAE04EC0-301F-11D3-BF4B-00C04F79EFBC}") = "TestRunner", "TestRunner\TestRunner.csproj", "{B92CA24E-0867-4B99-88F8-EF542A4AFE87}"
	ProjectSection(ProjectDependencies) = postProject
		{F1A6D016-7608-4A7B-8D68-FB32B8344D4B} = {F1A6D016-7608-4A7B-8D68-FB32B8344D4B}
		{6FCD5F27-637B-499A-BB66-F74D5FBBD500} = {6FCD5F27-637B-499A-BB66-F74D5FBBD500}
		{E0FA262A-744E-4D98-A43F-4723A4D95827} = {E0FA262A-744E-4D98-A43F-4723A4D95827}
		{DDA2EA4C-B632-4FDF-94BA-F71E4C152056} = {DDA2EA4C-B632-4FDF-94BA-F71E4C152056}
		{1A76F2B4-353A-4BCF-9D15-70D4B387E480} = {1A76F2B4-353A-4BCF-9D15-70D4B387E480}
		{1B7E62FF-463B-4B3E-8E37-72F1A7C2BFD9} = {1B7E62FF-463B-4B3E-8E37-72F1A7C2BFD9}
	EndProjectSection
EndProject
Global
	GlobalSection(TestCaseManagementSettings) = postSolution
		CategoryFile = Skyline.vsmdi
	EndGlobalSection
	GlobalSection(SolutionConfigurationPlatforms) = preSolution
		Debug|x64 = Debug|x64
		Debug|x86 = Debug|x86
		Release|x64 = Release|x64
		Release|x86 = Release|x86
	EndGlobalSection
	GlobalSection(ProjectConfigurationPlatforms) = postSolution
		{DDA2EA4C-B632-4FDF-94BA-F71E4C152056}.Debug|x64.ActiveCfg = Debug|x64
		{DDA2EA4C-B632-4FDF-94BA-F71E4C152056}.Debug|x64.Build.0 = Debug|x64
		{DDA2EA4C-B632-4FDF-94BA-F71E4C152056}.Debug|x86.ActiveCfg = Debug|x86
		{DDA2EA4C-B632-4FDF-94BA-F71E4C152056}.Debug|x86.Build.0 = Debug|x86
		{DDA2EA4C-B632-4FDF-94BA-F71E4C152056}.Release|x64.ActiveCfg = Release|x64
		{DDA2EA4C-B632-4FDF-94BA-F71E4C152056}.Release|x64.Build.0 = Release|x64
		{DDA2EA4C-B632-4FDF-94BA-F71E4C152056}.Release|x86.ActiveCfg = Release|x86
		{DDA2EA4C-B632-4FDF-94BA-F71E4C152056}.Release|x86.Build.0 = Release|x86
		{E0FA262A-744E-4D98-A43F-4723A4D95827}.Debug|x64.ActiveCfg = Debug|x64
		{E0FA262A-744E-4D98-A43F-4723A4D95827}.Debug|x64.Build.0 = Debug|x64
		{E0FA262A-744E-4D98-A43F-4723A4D95827}.Debug|x86.ActiveCfg = Debug|x86
		{E0FA262A-744E-4D98-A43F-4723A4D95827}.Debug|x86.Build.0 = Debug|x86
		{E0FA262A-744E-4D98-A43F-4723A4D95827}.Release|x64.ActiveCfg = Release|x64
		{E0FA262A-744E-4D98-A43F-4723A4D95827}.Release|x64.Build.0 = Release|x64
		{E0FA262A-744E-4D98-A43F-4723A4D95827}.Release|x86.ActiveCfg = Release|x86
		{E0FA262A-744E-4D98-A43F-4723A4D95827}.Release|x86.Build.0 = Release|x86
		{5C81BB57-E46C-4B3B-9764-82F835E643B8}.Debug|x64.ActiveCfg = Debug|x64
		{5C81BB57-E46C-4B3B-9764-82F835E643B8}.Debug|x64.Build.0 = Debug|x64
		{5C81BB57-E46C-4B3B-9764-82F835E643B8}.Debug|x86.ActiveCfg = Debug|Win32
		{5C81BB57-E46C-4B3B-9764-82F835E643B8}.Debug|x86.Build.0 = Debug|Win32
		{5C81BB57-E46C-4B3B-9764-82F835E643B8}.Release|x64.ActiveCfg = Release|x64
		{5C81BB57-E46C-4B3B-9764-82F835E643B8}.Release|x64.Build.0 = Release|x64
		{5C81BB57-E46C-4B3B-9764-82F835E643B8}.Release|x86.ActiveCfg = Release|Win32
		{5C81BB57-E46C-4B3B-9764-82F835E643B8}.Release|x86.Build.0 = Release|Win32
		{09FC3CB3-FCCD-4906-A370-160B28725936}.Debug|x64.ActiveCfg = Debug|x64
		{09FC3CB3-FCCD-4906-A370-160B28725936}.Debug|x64.Build.0 = Debug|x64
		{09FC3CB3-FCCD-4906-A370-160B28725936}.Debug|x86.ActiveCfg = Debug|x86
		{09FC3CB3-FCCD-4906-A370-160B28725936}.Debug|x86.Build.0 = Debug|x86
		{09FC3CB3-FCCD-4906-A370-160B28725936}.Release|x64.ActiveCfg = Release|x64
		{09FC3CB3-FCCD-4906-A370-160B28725936}.Release|x64.Build.0 = Release|x64
		{09FC3CB3-FCCD-4906-A370-160B28725936}.Release|x86.ActiveCfg = Release|x86
		{09FC3CB3-FCCD-4906-A370-160B28725936}.Release|x86.Build.0 = Release|x86
		{26CFD1FF-F4F7-4F66-B5B4-E686BDB9B34E}.Debug|x64.ActiveCfg = Debug|x64
		{26CFD1FF-F4F7-4F66-B5B4-E686BDB9B34E}.Debug|x64.Build.0 = Debug|x64
		{26CFD1FF-F4F7-4F66-B5B4-E686BDB9B34E}.Debug|x86.ActiveCfg = Debug|x86
		{26CFD1FF-F4F7-4F66-B5B4-E686BDB9B34E}.Debug|x86.Build.0 = Debug|x86
		{26CFD1FF-F4F7-4F66-B5B4-E686BDB9B34E}.Release|x64.ActiveCfg = Release|x64
		{26CFD1FF-F4F7-4F66-B5B4-E686BDB9B34E}.Release|x64.Build.0 = Release|x64
		{26CFD1FF-F4F7-4F66-B5B4-E686BDB9B34E}.Release|x86.ActiveCfg = Release|x86
		{26CFD1FF-F4F7-4F66-B5B4-E686BDB9B34E}.Release|x86.Build.0 = Release|x86
		{1B7E62FF-463B-4B3E-8E37-72F1A7C2BFD9}.Debug|x64.ActiveCfg = Debug|x64
		{1B7E62FF-463B-4B3E-8E37-72F1A7C2BFD9}.Debug|x64.Build.0 = Debug|x64
		{1B7E62FF-463B-4B3E-8E37-72F1A7C2BFD9}.Debug|x86.ActiveCfg = Debug|x86
		{1B7E62FF-463B-4B3E-8E37-72F1A7C2BFD9}.Debug|x86.Build.0 = Debug|x86
		{1B7E62FF-463B-4B3E-8E37-72F1A7C2BFD9}.Release|x64.ActiveCfg = Release|x64
		{1B7E62FF-463B-4B3E-8E37-72F1A7C2BFD9}.Release|x64.Build.0 = Release|x64
		{1B7E62FF-463B-4B3E-8E37-72F1A7C2BFD9}.Release|x86.ActiveCfg = Release|x86
		{1B7E62FF-463B-4B3E-8E37-72F1A7C2BFD9}.Release|x86.Build.0 = Release|x86
		{DACEE7D5-5A6A-4001-9602-FAB1A9A2DE59}.Debug|x64.ActiveCfg = Debug|x64
		{DACEE7D5-5A6A-4001-9602-FAB1A9A2DE59}.Debug|x64.Build.0 = Debug|x64
		{DACEE7D5-5A6A-4001-9602-FAB1A9A2DE59}.Debug|x86.ActiveCfg = Debug|x86
		{DACEE7D5-5A6A-4001-9602-FAB1A9A2DE59}.Debug|x86.Build.0 = Debug|x86
		{DACEE7D5-5A6A-4001-9602-FAB1A9A2DE59}.Release|x64.ActiveCfg = Release|x64
		{DACEE7D5-5A6A-4001-9602-FAB1A9A2DE59}.Release|x64.Build.0 = Release|x64
		{DACEE7D5-5A6A-4001-9602-FAB1A9A2DE59}.Release|x86.ActiveCfg = Release|x86
		{DACEE7D5-5A6A-4001-9602-FAB1A9A2DE59}.Release|x86.Build.0 = Release|x86
		{6FCD5F27-637B-499A-BB66-F74D5FBBD500}.Debug|x64.ActiveCfg = Debug|x64
		{6FCD5F27-637B-499A-BB66-F74D5FBBD500}.Debug|x64.Build.0 = Debug|x64
		{6FCD5F27-637B-499A-BB66-F74D5FBBD500}.Debug|x86.ActiveCfg = Debug|x86
		{6FCD5F27-637B-499A-BB66-F74D5FBBD500}.Debug|x86.Build.0 = Debug|x86
		{6FCD5F27-637B-499A-BB66-F74D5FBBD500}.Release|x64.ActiveCfg = Release|x64
		{6FCD5F27-637B-499A-BB66-F74D5FBBD500}.Release|x64.Build.0 = Release|x64
		{6FCD5F27-637B-499A-BB66-F74D5FBBD500}.Release|x86.ActiveCfg = Release|x86
		{6FCD5F27-637B-499A-BB66-F74D5FBBD500}.Release|x86.Build.0 = Release|x86
		{1A76F2B4-353A-4BCF-9D15-70D4B387E480}.Debug|x64.ActiveCfg = Debug|x64
		{1A76F2B4-353A-4BCF-9D15-70D4B387E480}.Debug|x64.Build.0 = Debug|x64
		{1A76F2B4-353A-4BCF-9D15-70D4B387E480}.Debug|x86.ActiveCfg = Debug|x86
		{1A76F2B4-353A-4BCF-9D15-70D4B387E480}.Debug|x86.Build.0 = Debug|x86
		{1A76F2B4-353A-4BCF-9D15-70D4B387E480}.Release|x64.ActiveCfg = Release|x64
		{1A76F2B4-353A-4BCF-9D15-70D4B387E480}.Release|x64.Build.0 = Release|x64
		{1A76F2B4-353A-4BCF-9D15-70D4B387E480}.Release|x86.ActiveCfg = Release|x86
		{1A76F2B4-353A-4BCF-9D15-70D4B387E480}.Release|x86.Build.0 = Release|x86
		{F1A6D016-7608-4A7B-8D68-FB32B8344D4B}.Debug|x64.ActiveCfg = Debug|x64
		{F1A6D016-7608-4A7B-8D68-FB32B8344D4B}.Debug|x64.Build.0 = Debug|x64
		{F1A6D016-7608-4A7B-8D68-FB32B8344D4B}.Debug|x86.ActiveCfg = Debug|x86
		{F1A6D016-7608-4A7B-8D68-FB32B8344D4B}.Debug|x86.Build.0 = Debug|x86
		{F1A6D016-7608-4A7B-8D68-FB32B8344D4B}.Release|x64.ActiveCfg = Release|x64
		{F1A6D016-7608-4A7B-8D68-FB32B8344D4B}.Release|x64.Build.0 = Release|x64
		{F1A6D016-7608-4A7B-8D68-FB32B8344D4B}.Release|x86.ActiveCfg = Release|x86
		{F1A6D016-7608-4A7B-8D68-FB32B8344D4B}.Release|x86.Build.0 = Release|x86
		{A5527BE9-4A62-458F-AE47-F0F9204A5CF9}.Debug|x64.ActiveCfg = Debug|x64
		{A5527BE9-4A62-458F-AE47-F0F9204A5CF9}.Debug|x64.Build.0 = Debug|x64
		{A5527BE9-4A62-458F-AE47-F0F9204A5CF9}.Debug|x86.ActiveCfg = Debug|x86
		{A5527BE9-4A62-458F-AE47-F0F9204A5CF9}.Debug|x86.Build.0 = Debug|x86
		{A5527BE9-4A62-458F-AE47-F0F9204A5CF9}.Release|x64.ActiveCfg = Release|x64
		{A5527BE9-4A62-458F-AE47-F0F9204A5CF9}.Release|x64.Build.0 = Release|x64
		{A5527BE9-4A62-458F-AE47-F0F9204A5CF9}.Release|x86.ActiveCfg = Release|x86
		{A5527BE9-4A62-458F-AE47-F0F9204A5CF9}.Release|x86.Build.0 = Release|x86
		{13BF2FFB-50A1-4AB1-83A4-5733E36905CE}.Debug|x64.ActiveCfg = Debug|x64
		{13BF2FFB-50A1-4AB1-83A4-5733E36905CE}.Debug|x64.Build.0 = Debug|x64
		{13BF2FFB-50A1-4AB1-83A4-5733E36905CE}.Debug|x86.ActiveCfg = Debug|x86
		{13BF2FFB-50A1-4AB1-83A4-5733E36905CE}.Debug|x86.Build.0 = Debug|x86
		{13BF2FFB-50A1-4AB1-83A4-5733E36905CE}.Release|x64.ActiveCfg = Release|x64
		{13BF2FFB-50A1-4AB1-83A4-5733E36905CE}.Release|x64.Build.0 = Release|x64
		{13BF2FFB-50A1-4AB1-83A4-5733E36905CE}.Release|x86.ActiveCfg = Release|x86
		{13BF2FFB-50A1-4AB1-83A4-5733E36905CE}.Release|x86.Build.0 = Release|x86
		{32CC9B1A-9442-4B56-AF34-FB47595278A1}.Debug|x64.ActiveCfg = Debug|x64
		{32CC9B1A-9442-4B56-AF34-FB47595278A1}.Debug|x64.Build.0 = Debug|x64
		{32CC9B1A-9442-4B56-AF34-FB47595278A1}.Debug|x86.ActiveCfg = Debug|x86
		{32CC9B1A-9442-4B56-AF34-FB47595278A1}.Debug|x86.Build.0 = Debug|x86
		{32CC9B1A-9442-4B56-AF34-FB47595278A1}.Release|x64.ActiveCfg = Release|x64
		{32CC9B1A-9442-4B56-AF34-FB47595278A1}.Release|x64.Build.0 = Release|x64
		{32CC9B1A-9442-4B56-AF34-FB47595278A1}.Release|x86.ActiveCfg = Release|x86
		{32CC9B1A-9442-4B56-AF34-FB47595278A1}.Release|x86.Build.0 = Release|x86
		{B92CA24E-0867-4B99-88F8-EF542A4AFE87}.Debug|x64.ActiveCfg = Debug|x64
		{B92CA24E-0867-4B99-88F8-EF542A4AFE87}.Debug|x64.Build.0 = Debug|x64
		{B92CA24E-0867-4B99-88F8-EF542A4AFE87}.Debug|x86.ActiveCfg = Debug|x86
		{B92CA24E-0867-4B99-88F8-EF542A4AFE87}.Debug|x86.Build.0 = Debug|x86
		{B92CA24E-0867-4B99-88F8-EF542A4AFE87}.Release|x64.ActiveCfg = Release|x64
		{B92CA24E-0867-4B99-88F8-EF542A4AFE87}.Release|x64.Build.0 = Release|x64
		{B92CA24E-0867-4B99-88F8-EF542A4AFE87}.Release|x86.ActiveCfg = Release|x86
		{B92CA24E-0867-4B99-88F8-EF542A4AFE87}.Release|x86.Build.0 = Release|x86
	EndGlobalSection
	GlobalSection(SolutionProperties) = preSolution
		HideSolutionNode = FALSE
	EndGlobalSection
EndGlobal
