
Microsoft Visual Studio Solution File, Format Version 12.00
# Visual Studio 15
VisualStudioVersion = 15.0.27703.2026
MinimumVisualStudioVersion = 10.0.40219.1
Project("{FAE04EC0-301F-11D3-BF4B-00C04F79EFBC}") = "SkylineIntegration", "SkylineIntegration\SkylineIntegration.csproj", "{B49B0C50-E2F8-4023-8FF2-C5E23BB4CE6F}"
EndProject
Global
	GlobalSection(SolutionConfigurationPlatforms) = preSolution
		Debug|Any CPU = Debug|Any CPU
		Release|Any CPU = Release|Any CPU
	EndGlobalSection
	GlobalSection(ProjectConfigurationPlatforms) = postSolution
		{B49B0C50-E2F8-4023-8FF2-C5E23BB4CE6F}.Debug|Any CPU.ActiveCfg = Debug|Any CPU
		{B49B0C50-E2F8-4023-8FF2-C5E23BB4CE6F}.Debug|Any CPU.Build.0 = Debug|Any CPU
		{B49B0C50-E2F8-4023-8FF2-C5E23BB4CE6F}.Release|Any CPU.ActiveCfg = Release|Any CPU
		{B49B0C50-E2F8-4023-8FF2-C5E23BB4CE6F}.Release|Any CPU.Build.0 = Release|Any CPU
	EndGlobalSection
	GlobalSection(SolutionProperties) = preSolution
		HideSolutionNode = FALSE
	EndGlobalSection
EndGlobal
