
Microsoft Visual Studio Solution File, Format Version 12.00
# Visual Studio 2013
VisualStudioVersion = 12.0.21005.1
MinimumVisualStudioVersion = 10.0.40219.1
Project("{FAE04EC0-301F-11D3-BF4B-00C04F79EFBC}") = "PeakViewConvert", "PeakViewConvert.csproj", "{630E33A2-818B-45ED-AA90-A5F0AAA0851A}"
EndProject
Global
	GlobalSection(SolutionConfigurationPlatforms) = preSolution
		Debug|Any CPU = Debug|Any CPU
		Release|Any CPU = Release|Any CPU
	EndGlobalSection
	GlobalSection(ProjectConfigurationPlatforms) = postSolution
		{630E33A2-818B-45ED-AA90-A5F0AAA0851A}.Debug|Any CPU.ActiveCfg = Debug|Any CPU
		{630E33A2-818B-45ED-AA90-A5F0AAA0851A}.Debug|Any CPU.Build.0 = Debug|Any CPU
		{630E33A2-818B-45ED-AA90-A5F0AAA0851A}.Release|Any CPU.ActiveCfg = Release|Any CPU
		{630E33A2-818B-45ED-AA90-A5F0AAA0851A}.Release|Any CPU.Build.0 = Release|Any CPU
	EndGlobalSection
	GlobalSection(SolutionProperties) = preSolution
		HideSolutionNode = FALSE
	EndGlobalSection
EndGlobal
