
Microsoft Visual Studio Solution File, Format Version 10.00
# Visual Studio 2008
Project("{FAE04EC0-301F-11D3-BF4B-00C04F79EFBC}") = "generateSubsetFasta", "generateSubsetFasta\generateSubsetFasta.csproj", "{B9AFCAA5-4731-4EA5-9B26-05C3FD911B71}"
EndProject
Project("{FAE04EC0-301F-11D3-BF4B-00C04F79EFBC}") = "idpReport", "idpReport\idpReport.csproj", "{DAAC7CB0-3C21-4771-91C3-599078CFC986}"
EndProject
Project("{FAE04EC0-301F-11D3-BF4B-00C04F79EFBC}") = "idpAssemble", "idpAssemble\idpAssemble.csproj", "{2F9CF67E-F609-4702-BFD5-B605B38BC025}"
EndProject
Project("{FAE04EC0-301F-11D3-BF4B-00C04F79EFBC}") = "STL_Containers", "Util\STL_Containers\STL_Containers.csproj", "{D6BD694C-FF6E-4962-A05D-59ACD6CBD6A3}"
EndProject
Project("{FAE04EC0-301F-11D3-BF4B-00C04F79EFBC}") = "Forms", "GUI\Forms\Forms.csproj", "{1A7D59F4-0039-4874-8A0E-935F00FAA0E4}"
EndProject
Project("{FAE04EC0-301F-11D3-BF4B-00C04F79EFBC}") = "BLL", "GUI\BLL\BLL.csproj", "{1CFB9F5B-211C-40BA-8AA0-B71CD8965FDF}"
EndProject
Project("{FAE04EC0-301F-11D3-BF4B-00C04F79EFBC}") = "Model", "GUI\Model\Model.csproj", "{E2813DD5-5B6C-4FC7-B595-0C3C9C7BB100}"
EndProject
Project("{FAE04EC0-301F-11D3-BF4B-00C04F79EFBC}") = "Workspace", "Workspace\Workspace.csproj", "{BFF4BB50-0D4E-4F1E-A134-23D8B894A8BD}"
EndProject
Project("{FAE04EC0-301F-11D3-BF4B-00C04F79EFBC}") = "Presentation", "Presentation\Presentation.csproj", "{ED6F5D3E-3C1A-47DA-9B79-20CEA70A0CF6}"
EndProject
Project("{FAE04EC0-301F-11D3-BF4B-00C04F79EFBC}") = "Common", "Common\Common.csproj", "{B3BF62C6-6E21-4ECE-A591-AE21CF194506}"
EndProject
Global
	GlobalSection(SolutionConfigurationPlatforms) = preSolution
		Debug|Any CPU = Debug|Any CPU
		Debug|x64 = Debug|x64
		Release|Any CPU = Release|Any CPU
		Release|x64 = Release|x64
	EndGlobalSection
	GlobalSection(ProjectConfigurationPlatforms) = postSolution
		{B9AFCAA5-4731-4EA5-9B26-05C3FD911B71}.Debug|Any CPU.ActiveCfg = Debug|Any CPU
		{B9AFCAA5-4731-4EA5-9B26-05C3FD911B71}.Debug|Any CPU.Build.0 = Debug|Any CPU
		{B9AFCAA5-4731-4EA5-9B26-05C3FD911B71}.Debug|x64.ActiveCfg = Debug|Any CPU
		{B9AFCAA5-4731-4EA5-9B26-05C3FD911B71}.Release|Any CPU.ActiveCfg = Release|Any CPU
		{B9AFCAA5-4731-4EA5-9B26-05C3FD911B71}.Release|Any CPU.Build.0 = Release|Any CPU
		{B9AFCAA5-4731-4EA5-9B26-05C3FD911B71}.Release|x64.ActiveCfg = Release|Any CPU
		{DAAC7CB0-3C21-4771-91C3-599078CFC986}.Debug|Any CPU.ActiveCfg = Debug|Any CPU
		{DAAC7CB0-3C21-4771-91C3-599078CFC986}.Debug|Any CPU.Build.0 = Debug|Any CPU
		{DAAC7CB0-3C21-4771-91C3-599078CFC986}.Debug|x64.ActiveCfg = Debug|x64
		{DAAC7CB0-3C21-4771-91C3-599078CFC986}.Debug|x64.Build.0 = Debug|x64
		{DAAC7CB0-3C21-4771-91C3-599078CFC986}.Release|Any CPU.ActiveCfg = Release|Any CPU
		{DAAC7CB0-3C21-4771-91C3-599078CFC986}.Release|Any CPU.Build.0 = Release|Any CPU
		{DAAC7CB0-3C21-4771-91C3-599078CFC986}.Release|x64.ActiveCfg = Release|x64
		{DAAC7CB0-3C21-4771-91C3-599078CFC986}.Release|x64.Build.0 = Release|x64
		{2F9CF67E-F609-4702-BFD5-B605B38BC025}.Debug|Any CPU.ActiveCfg = Debug|Any CPU
		{2F9CF67E-F609-4702-BFD5-B605B38BC025}.Debug|Any CPU.Build.0 = Debug|Any CPU
		{2F9CF67E-F609-4702-BFD5-B605B38BC025}.Debug|x64.ActiveCfg = Debug|x64
		{2F9CF67E-F609-4702-BFD5-B605B38BC025}.Debug|x64.Build.0 = Debug|x64
		{2F9CF67E-F609-4702-BFD5-B605B38BC025}.Release|Any CPU.ActiveCfg = Release|Any CPU
		{2F9CF67E-F609-4702-BFD5-B605B38BC025}.Release|Any CPU.Build.0 = Release|Any CPU
		{2F9CF67E-F609-4702-BFD5-B605B38BC025}.Release|x64.ActiveCfg = Release|x64
		{2F9CF67E-F609-4702-BFD5-B605B38BC025}.Release|x64.Build.0 = Release|x64
		{D6BD694C-FF6E-4962-A05D-59ACD6CBD6A3}.Debug|Any CPU.ActiveCfg = Debug|Any CPU
		{D6BD694C-FF6E-4962-A05D-59ACD6CBD6A3}.Debug|Any CPU.Build.0 = Debug|Any CPU
		{D6BD694C-FF6E-4962-A05D-59ACD6CBD6A3}.Debug|x64.ActiveCfg = Debug|Any CPU
		{D6BD694C-FF6E-4962-A05D-59ACD6CBD6A3}.Release|Any CPU.ActiveCfg = Release|Any CPU
		{D6BD694C-FF6E-4962-A05D-59ACD6CBD6A3}.Release|Any CPU.Build.0 = Release|Any CPU
		{D6BD694C-FF6E-4962-A05D-59ACD6CBD6A3}.Release|x64.ActiveCfg = Release|Any CPU
		{1A7D59F4-0039-4874-8A0E-935F00FAA0E4}.Debug|Any CPU.ActiveCfg = Debug|Any CPU
		{1A7D59F4-0039-4874-8A0E-935F00FAA0E4}.Debug|Any CPU.Build.0 = Debug|Any CPU
		{1A7D59F4-0039-4874-8A0E-935F00FAA0E4}.Debug|x64.ActiveCfg = Debug|Any CPU
		{1A7D59F4-0039-4874-8A0E-935F00FAA0E4}.Release|Any CPU.ActiveCfg = Release|Any CPU
		{1A7D59F4-0039-4874-8A0E-935F00FAA0E4}.Release|Any CPU.Build.0 = Release|Any CPU
		{1A7D59F4-0039-4874-8A0E-935F00FAA0E4}.Release|x64.ActiveCfg = Release|Any CPU
		{1CFB9F5B-211C-40BA-8AA0-B71CD8965FDF}.Debug|Any CPU.ActiveCfg = Debug|Any CPU
		{1CFB9F5B-211C-40BA-8AA0-B71CD8965FDF}.Debug|Any CPU.Build.0 = Debug|Any CPU
		{1CFB9F5B-211C-40BA-8AA0-B71CD8965FDF}.Debug|x64.ActiveCfg = Debug|Any CPU
		{1CFB9F5B-211C-40BA-8AA0-B71CD8965FDF}.Release|Any CPU.ActiveCfg = Release|Any CPU
		{1CFB9F5B-211C-40BA-8AA0-B71CD8965FDF}.Release|Any CPU.Build.0 = Release|Any CPU
		{1CFB9F5B-211C-40BA-8AA0-B71CD8965FDF}.Release|x64.ActiveCfg = Release|Any CPU
		{E2813DD5-5B6C-4FC7-B595-0C3C9C7BB100}.Debug|Any CPU.ActiveCfg = Debug|Any CPU
		{E2813DD5-5B6C-4FC7-B595-0C3C9C7BB100}.Debug|Any CPU.Build.0 = Debug|Any CPU
		{E2813DD5-5B6C-4FC7-B595-0C3C9C7BB100}.Debug|x64.ActiveCfg = Debug|Any CPU
		{E2813DD5-5B6C-4FC7-B595-0C3C9C7BB100}.Release|Any CPU.ActiveCfg = Release|Any CPU
		{E2813DD5-5B6C-4FC7-B595-0C3C9C7BB100}.Release|Any CPU.Build.0 = Release|Any CPU
		{E2813DD5-5B6C-4FC7-B595-0C3C9C7BB100}.Release|x64.ActiveCfg = Release|Any CPU
		{BFF4BB50-0D4E-4F1E-A134-23D8B894A8BD}.Debug|Any CPU.ActiveCfg = Debug|Any CPU
		{BFF4BB50-0D4E-4F1E-A134-23D8B894A8BD}.Debug|Any CPU.Build.0 = Debug|Any CPU
		{BFF4BB50-0D4E-4F1E-A134-23D8B894A8BD}.Debug|x64.ActiveCfg = Debug|x64
		{BFF4BB50-0D4E-4F1E-A134-23D8B894A8BD}.Debug|x64.Build.0 = Debug|x64
		{BFF4BB50-0D4E-4F1E-A134-23D8B894A8BD}.Release|Any CPU.ActiveCfg = Release|Any CPU
		{BFF4BB50-0D4E-4F1E-A134-23D8B894A8BD}.Release|Any CPU.Build.0 = Release|Any CPU
		{BFF4BB50-0D4E-4F1E-A134-23D8B894A8BD}.Release|x64.ActiveCfg = Release|x64
		{BFF4BB50-0D4E-4F1E-A134-23D8B894A8BD}.Release|x64.Build.0 = Release|x64
		{ED6F5D3E-3C1A-47DA-9B79-20CEA70A0CF6}.Debug|Any CPU.ActiveCfg = Debug|Any CPU
		{ED6F5D3E-3C1A-47DA-9B79-20CEA70A0CF6}.Debug|Any CPU.Build.0 = Debug|Any CPU
		{ED6F5D3E-3C1A-47DA-9B79-20CEA70A0CF6}.Debug|x64.ActiveCfg = Debug|Any CPU
		{ED6F5D3E-3C1A-47DA-9B79-20CEA70A0CF6}.Release|Any CPU.ActiveCfg = Release|Any CPU
		{ED6F5D3E-3C1A-47DA-9B79-20CEA70A0CF6}.Release|Any CPU.Build.0 = Release|Any CPU
		{ED6F5D3E-3C1A-47DA-9B79-20CEA70A0CF6}.Release|x64.ActiveCfg = Release|Any CPU
		{B3BF62C6-6E21-4ECE-A591-AE21CF194506}.Debug|Any CPU.ActiveCfg = Debug|Any CPU
		{B3BF62C6-6E21-4ECE-A591-AE21CF194506}.Debug|Any CPU.Build.0 = Debug|Any CPU
		{B3BF62C6-6E21-4ECE-A591-AE21CF194506}.Debug|x64.ActiveCfg = Debug|Any CPU
		{B3BF62C6-6E21-4ECE-A591-AE21CF194506}.Release|Any CPU.ActiveCfg = Release|Any CPU
		{B3BF62C6-6E21-4ECE-A591-AE21CF194506}.Release|Any CPU.Build.0 = Release|Any CPU
		{B3BF62C6-6E21-4ECE-A591-AE21CF194506}.Release|x64.ActiveCfg = Release|Any CPU
	EndGlobalSection
	GlobalSection(SolutionProperties) = preSolution
		HideSolutionNode = FALSE
	EndGlobalSection
	GlobalSection(DPCodeReviewSolutionGUID) = preSolution
		DPCodeReviewSolutionGUID = {00000000-0000-0000-0000-000000000000}
	EndGlobalSection
EndGlobal
