
Microsoft Visual Studio Solution File, Format Version 10.00
# Visual Studio 2008
Project("{2150E333-8FDC-42A3-9474-1A3956D46DE8}") = "GUI", "GUI", "{A11F8FEB-7C0B-4A87-9E66-A17798F73124}"
EndProject
Project("{FAE04EC0-301F-11D3-BF4B-00C04F79EFBC}") = "generateSubsetFasta", "generateSubsetFasta\generateSubsetFasta.csproj", "{B9AFCAA5-4731-4EA5-9B26-05C3FD911B71}"
EndProject
Project("{FAE04EC0-301F-11D3-BF4B-00C04F79EFBC}") = "idpReport", "idpReport\idpReport.csproj", "{DAAC7CB0-3C21-4771-91C3-599078CFC986}"
EndProject
Project("{FAE04EC0-301F-11D3-BF4B-00C04F79EFBC}") = "idpAssemble", "idpAssemble\idpAssemble.csproj", "{2F9CF67E-F609-4702-BFD5-B605B38BC025}"
EndProject
Project("{8BC9CEB8-8B4A-11D0-8D11-00A0C91BC942}") = "idpQonvert", "idpQonvert\idpQonvert.vcproj", "{181E3AED-EE98-4B0B-A59B-FBCFBBAC8556}"
EndProject
Project("{FAE04EC0-301F-11D3-BF4B-00C04F79EFBC}") = "STL_Containers", "Util\STL_Containers\STL_Containers.csproj", "{D6BD694C-FF6E-4962-A05D-59ACD6CBD6A3}"
EndProject
Project("{FAE04EC0-301F-11D3-BF4B-00C04F79EFBC}") = "Forms", "GUI\Forms\Forms.csproj", "{1A7D59F4-0039-4874-8A0E-935F00FAA0E4}"
EndProject
Project("{FAE04EC0-301F-11D3-BF4B-00C04F79EFBC}") = "BLL", "GUI\BLL\BLL.csproj", "{1CFB9F5B-211C-40BA-8AA0-B71CD8965FDF}"
EndProject
Project("{FAE04EC0-301F-11D3-BF4B-00C04F79EFBC}") = "Model", "GUI\Model\Model.csproj", "{E2813DD5-5B6C-4FC7-B595-0C3C9C7BB100}"
EndProject
Project("{2150E333-8FDC-42A3-9474-1A3956D46DE8}") = "CLI", "CLI", "{AB31A69F-87B6-4749-963D-1B89D6355C82}"
EndProject
Project("{FAE04EC0-301F-11D3-BF4B-00C04F79EFBC}") = "Workspace", "Workspace\Workspace.csproj", "{BFF4BB50-0D4E-4F1E-A134-23D8B894A8BD}"
EndProject
Project("{FAE04EC0-301F-11D3-BF4B-00C04F79EFBC}") = "Presentation", "Presentation\Presentation.csproj", "{ED6F5D3E-3C1A-47DA-9B79-20CEA70A0CF6}"
EndProject
Project("{FAE04EC0-301F-11D3-BF4B-00C04F79EFBC}") = "Common", "Common\Common.csproj", "{B3BF62C6-6E21-4ECE-A591-AE21CF194506}"
EndProject
Project("{8BC9CEB8-8B4A-11D0-8D11-00A0C91BC942}") = "freicore", "freicore\freicore.vcproj", "{566C3934-3217-403D-A29F-7013702332D1}"
EndProject
Project("{2150E333-8FDC-42A3-9474-1A3956D46DE8}") = "Installer", "Installer", "{A3E99605-3C35-4CE6-9CD2-5BB63AD18719}"
EndProject
Project("{FAE04EC0-301F-11D3-BF4B-00C04F79EFBC}") = "SetupDeployProject", "Deploy\SetupDeployProject.csproj", "{A8ACEA34-28C0-4BC8-825E-030B1A4B7DF7}"
EndProject
Project("{54435603-DBB4-11D2-8724-00A0C9A8B90C}") = "Deploy", "Deploy\Deploy.vdproj", "{833A9274-3CA5-479E-BB95-4E5336858341}"
EndProject
Project("{FAE04EC0-301F-11D3-BF4B-00C04F79EFBC}") = "IDPicker", "WorkspaceTest\IDPicker.csproj", "{5C5FC1C6-F9FF-4E2A-A53B-0865FBB9F9D9}"
EndProject
Project("{FAE04EC0-301F-11D3-BF4B-00C04F79EFBC}") = "seems", "freicore\pwiz_src\pwiz_tools\SeeMS\seems.csproj", "{2399F68B-D886-4D94-AB4B-700FE3E46849}"
EndProject
Project("{FAE04EC0-301F-11D3-BF4B-00C04F79EFBC}") = "Common", "freicore\pwiz_src\pwiz_tools\Shared\Common\Common.csproj", "{A5527BE9-4A62-458F-AE47-F0F9204A5CF9}"
EndProject
Project("{FAE04EC0-301F-11D3-BF4B-00C04F79EFBC}") = "MSGraph", "freicore\pwiz_src\pwiz_tools\Shared\MSGraph\MSGraph.csproj", "{26CFD1FF-F4F7-4F66-B5B4-E686BDB9B34E}"
EndProject
Project("{FAE04EC0-301F-11D3-BF4B-00C04F79EFBC}") = "Forms", "PTMDigger\Forms\Forms.csproj", "{55E439D7-1679-4D4A-B3D0-DC0DC5F299B8}"
EndProject
Global
	GlobalSection(SolutionConfigurationPlatforms) = preSolution
		Debug|Any CPU = Debug|Any CPU
		Debug|Mixed Platforms = Debug|Mixed Platforms
		Debug|x86 = Debug|x86
		Release|Any CPU = Release|Any CPU
		Release|Mixed Platforms = Release|Mixed Platforms
		Release|x86 = Release|x86
	EndGlobalSection
	GlobalSection(ProjectConfigurationPlatforms) = postSolution
		{B9AFCAA5-4731-4EA5-9B26-05C3FD911B71}.Debug|Any CPU.ActiveCfg = Debug|Any CPU
		{B9AFCAA5-4731-4EA5-9B26-05C3FD911B71}.Debug|Any CPU.Build.0 = Debug|Any CPU
		{B9AFCAA5-4731-4EA5-9B26-05C3FD911B71}.Debug|Mixed Platforms.ActiveCfg = Debug|x86
		{B9AFCAA5-4731-4EA5-9B26-05C3FD911B71}.Debug|Mixed Platforms.Build.0 = Debug|x86
		{B9AFCAA5-4731-4EA5-9B26-05C3FD911B71}.Debug|x86.ActiveCfg = Debug|x86
		{B9AFCAA5-4731-4EA5-9B26-05C3FD911B71}.Debug|x86.Build.0 = Debug|x86
		{B9AFCAA5-4731-4EA5-9B26-05C3FD911B71}.Release|Any CPU.ActiveCfg = Release|Any CPU
		{B9AFCAA5-4731-4EA5-9B26-05C3FD911B71}.Release|Any CPU.Build.0 = Release|Any CPU
		{B9AFCAA5-4731-4EA5-9B26-05C3FD911B71}.Release|Mixed Platforms.ActiveCfg = Release|x86
		{B9AFCAA5-4731-4EA5-9B26-05C3FD911B71}.Release|Mixed Platforms.Build.0 = Release|x86
		{B9AFCAA5-4731-4EA5-9B26-05C3FD911B71}.Release|x86.ActiveCfg = Release|x86
		{B9AFCAA5-4731-4EA5-9B26-05C3FD911B71}.Release|x86.Build.0 = Release|x86
		{DAAC7CB0-3C21-4771-91C3-599078CFC986}.Debug|Any CPU.ActiveCfg = Debug|Any CPU
		{DAAC7CB0-3C21-4771-91C3-599078CFC986}.Debug|Any CPU.Build.0 = Debug|Any CPU
		{DAAC7CB0-3C21-4771-91C3-599078CFC986}.Debug|Mixed Platforms.ActiveCfg = Debug|x86
		{DAAC7CB0-3C21-4771-91C3-599078CFC986}.Debug|Mixed Platforms.Build.0 = Debug|x86
		{DAAC7CB0-3C21-4771-91C3-599078CFC986}.Debug|x86.ActiveCfg = Debug|x86
		{DAAC7CB0-3C21-4771-91C3-599078CFC986}.Debug|x86.Build.0 = Debug|x86
		{DAAC7CB0-3C21-4771-91C3-599078CFC986}.Release|Any CPU.ActiveCfg = Release|Any CPU
		{DAAC7CB0-3C21-4771-91C3-599078CFC986}.Release|Any CPU.Build.0 = Release|Any CPU
		{DAAC7CB0-3C21-4771-91C3-599078CFC986}.Release|Mixed Platforms.ActiveCfg = Release|x86
		{DAAC7CB0-3C21-4771-91C3-599078CFC986}.Release|Mixed Platforms.Build.0 = Release|x86
		{DAAC7CB0-3C21-4771-91C3-599078CFC986}.Release|x86.ActiveCfg = Release|x86
		{DAAC7CB0-3C21-4771-91C3-599078CFC986}.Release|x86.Build.0 = Release|x86
		{2F9CF67E-F609-4702-BFD5-B605B38BC025}.Debug|Any CPU.ActiveCfg = Debug|Any CPU
		{2F9CF67E-F609-4702-BFD5-B605B38BC025}.Debug|Any CPU.Build.0 = Debug|Any CPU
		{2F9CF67E-F609-4702-BFD5-B605B38BC025}.Debug|Mixed Platforms.ActiveCfg = Debug|x86
		{2F9CF67E-F609-4702-BFD5-B605B38BC025}.Debug|Mixed Platforms.Build.0 = Debug|x86
		{2F9CF67E-F609-4702-BFD5-B605B38BC025}.Debug|x86.ActiveCfg = Debug|x86
		{2F9CF67E-F609-4702-BFD5-B605B38BC025}.Debug|x86.Build.0 = Debug|x86
		{2F9CF67E-F609-4702-BFD5-B605B38BC025}.Release|Any CPU.ActiveCfg = Release|Any CPU
		{2F9CF67E-F609-4702-BFD5-B605B38BC025}.Release|Any CPU.Build.0 = Release|Any CPU
		{2F9CF67E-F609-4702-BFD5-B605B38BC025}.Release|Mixed Platforms.ActiveCfg = Release|x86
		{2F9CF67E-F609-4702-BFD5-B605B38BC025}.Release|Mixed Platforms.Build.0 = Release|x86
		{2F9CF67E-F609-4702-BFD5-B605B38BC025}.Release|x86.ActiveCfg = Release|x86
		{2F9CF67E-F609-4702-BFD5-B605B38BC025}.Release|x86.Build.0 = Release|x86
		{181E3AED-EE98-4B0B-A59B-FBCFBBAC8556}.Debug|Any CPU.ActiveCfg = Debug|Win32
		{181E3AED-EE98-4B0B-A59B-FBCFBBAC8556}.Debug|Mixed Platforms.ActiveCfg = Debug|Win32
		{181E3AED-EE98-4B0B-A59B-FBCFBBAC8556}.Debug|Mixed Platforms.Build.0 = Debug|Win32
		{181E3AED-EE98-4B0B-A59B-FBCFBBAC8556}.Debug|x86.ActiveCfg = Debug|Win32
		{181E3AED-EE98-4B0B-A59B-FBCFBBAC8556}.Debug|x86.Build.0 = Debug|Win32
		{181E3AED-EE98-4B0B-A59B-FBCFBBAC8556}.Release|Any CPU.ActiveCfg = Release|Win32
		{181E3AED-EE98-4B0B-A59B-FBCFBBAC8556}.Release|Mixed Platforms.ActiveCfg = Release|Win32
		{181E3AED-EE98-4B0B-A59B-FBCFBBAC8556}.Release|Mixed Platforms.Build.0 = Release|Win32
		{181E3AED-EE98-4B0B-A59B-FBCFBBAC8556}.Release|x86.ActiveCfg = Release|Win32
		{D6BD694C-FF6E-4962-A05D-59ACD6CBD6A3}.Debug|Any CPU.ActiveCfg = Debug|Any CPU
		{D6BD694C-FF6E-4962-A05D-59ACD6CBD6A3}.Debug|Any CPU.Build.0 = Debug|Any CPU
		{D6BD694C-FF6E-4962-A05D-59ACD6CBD6A3}.Debug|Mixed Platforms.ActiveCfg = Debug|x86
		{D6BD694C-FF6E-4962-A05D-59ACD6CBD6A3}.Debug|Mixed Platforms.Build.0 = Debug|x86
		{D6BD694C-FF6E-4962-A05D-59ACD6CBD6A3}.Debug|x86.ActiveCfg = Debug|x86
		{D6BD694C-FF6E-4962-A05D-59ACD6CBD6A3}.Debug|x86.Build.0 = Debug|x86
		{D6BD694C-FF6E-4962-A05D-59ACD6CBD6A3}.Release|Any CPU.ActiveCfg = Release|Any CPU
		{D6BD694C-FF6E-4962-A05D-59ACD6CBD6A3}.Release|Any CPU.Build.0 = Release|Any CPU
		{D6BD694C-FF6E-4962-A05D-59ACD6CBD6A3}.Release|Mixed Platforms.ActiveCfg = Release|x86
		{D6BD694C-FF6E-4962-A05D-59ACD6CBD6A3}.Release|Mixed Platforms.Build.0 = Release|x86
		{D6BD694C-FF6E-4962-A05D-59ACD6CBD6A3}.Release|x86.ActiveCfg = Release|x86
		{D6BD694C-FF6E-4962-A05D-59ACD6CBD6A3}.Release|x86.Build.0 = Release|x86
		{1A7D59F4-0039-4874-8A0E-935F00FAA0E4}.Debug|Any CPU.ActiveCfg = Debug|Any CPU
		{1A7D59F4-0039-4874-8A0E-935F00FAA0E4}.Debug|Any CPU.Build.0 = Debug|Any CPU
		{1A7D59F4-0039-4874-8A0E-935F00FAA0E4}.Debug|Mixed Platforms.ActiveCfg = Debug|x86
		{1A7D59F4-0039-4874-8A0E-935F00FAA0E4}.Debug|Mixed Platforms.Build.0 = Debug|x86
		{1A7D59F4-0039-4874-8A0E-935F00FAA0E4}.Debug|x86.ActiveCfg = Debug|x86
		{1A7D59F4-0039-4874-8A0E-935F00FAA0E4}.Debug|x86.Build.0 = Debug|x86
		{1A7D59F4-0039-4874-8A0E-935F00FAA0E4}.Release|Any CPU.ActiveCfg = Release|Any CPU
		{1A7D59F4-0039-4874-8A0E-935F00FAA0E4}.Release|Any CPU.Build.0 = Release|Any CPU
		{1A7D59F4-0039-4874-8A0E-935F00FAA0E4}.Release|Mixed Platforms.ActiveCfg = Release|x86
		{1A7D59F4-0039-4874-8A0E-935F00FAA0E4}.Release|Mixed Platforms.Build.0 = Release|x86
		{1A7D59F4-0039-4874-8A0E-935F00FAA0E4}.Release|x86.ActiveCfg = Release|x86
		{1A7D59F4-0039-4874-8A0E-935F00FAA0E4}.Release|x86.Build.0 = Release|x86
		{1CFB9F5B-211C-40BA-8AA0-B71CD8965FDF}.Debug|Any CPU.ActiveCfg = Debug|Any CPU
		{1CFB9F5B-211C-40BA-8AA0-B71CD8965FDF}.Debug|Any CPU.Build.0 = Debug|Any CPU
		{1CFB9F5B-211C-40BA-8AA0-B71CD8965FDF}.Debug|Mixed Platforms.ActiveCfg = Debug|x86
		{1CFB9F5B-211C-40BA-8AA0-B71CD8965FDF}.Debug|Mixed Platforms.Build.0 = Debug|x86
		{1CFB9F5B-211C-40BA-8AA0-B71CD8965FDF}.Debug|x86.ActiveCfg = Debug|x86
		{1CFB9F5B-211C-40BA-8AA0-B71CD8965FDF}.Debug|x86.Build.0 = Debug|x86
		{1CFB9F5B-211C-40BA-8AA0-B71CD8965FDF}.Release|Any CPU.ActiveCfg = Release|Any CPU
		{1CFB9F5B-211C-40BA-8AA0-B71CD8965FDF}.Release|Any CPU.Build.0 = Release|Any CPU
		{1CFB9F5B-211C-40BA-8AA0-B71CD8965FDF}.Release|Mixed Platforms.ActiveCfg = Release|x86
		{1CFB9F5B-211C-40BA-8AA0-B71CD8965FDF}.Release|Mixed Platforms.Build.0 = Release|x86
		{1CFB9F5B-211C-40BA-8AA0-B71CD8965FDF}.Release|x86.ActiveCfg = Release|x86
		{1CFB9F5B-211C-40BA-8AA0-B71CD8965FDF}.Release|x86.Build.0 = Release|x86
		{E2813DD5-5B6C-4FC7-B595-0C3C9C7BB100}.Debug|Any CPU.ActiveCfg = Debug|Any CPU
		{E2813DD5-5B6C-4FC7-B595-0C3C9C7BB100}.Debug|Any CPU.Build.0 = Debug|Any CPU
		{E2813DD5-5B6C-4FC7-B595-0C3C9C7BB100}.Debug|Mixed Platforms.ActiveCfg = Debug|x86
		{E2813DD5-5B6C-4FC7-B595-0C3C9C7BB100}.Debug|Mixed Platforms.Build.0 = Debug|x86
		{E2813DD5-5B6C-4FC7-B595-0C3C9C7BB100}.Debug|x86.ActiveCfg = Debug|x86
		{E2813DD5-5B6C-4FC7-B595-0C3C9C7BB100}.Debug|x86.Build.0 = Debug|x86
		{E2813DD5-5B6C-4FC7-B595-0C3C9C7BB100}.Release|Any CPU.ActiveCfg = Release|Any CPU
		{E2813DD5-5B6C-4FC7-B595-0C3C9C7BB100}.Release|Any CPU.Build.0 = Release|Any CPU
		{E2813DD5-5B6C-4FC7-B595-0C3C9C7BB100}.Release|Mixed Platforms.ActiveCfg = Release|x86
		{E2813DD5-5B6C-4FC7-B595-0C3C9C7BB100}.Release|Mixed Platforms.Build.0 = Release|x86
		{E2813DD5-5B6C-4FC7-B595-0C3C9C7BB100}.Release|x86.ActiveCfg = Release|x86
		{E2813DD5-5B6C-4FC7-B595-0C3C9C7BB100}.Release|x86.Build.0 = Release|x86
		{BFF4BB50-0D4E-4F1E-A134-23D8B894A8BD}.Debug|Any CPU.ActiveCfg = Debug|Any CPU
		{BFF4BB50-0D4E-4F1E-A134-23D8B894A8BD}.Debug|Any CPU.Build.0 = Debug|Any CPU
		{BFF4BB50-0D4E-4F1E-A134-23D8B894A8BD}.Debug|Mixed Platforms.ActiveCfg = Debug|x86
		{BFF4BB50-0D4E-4F1E-A134-23D8B894A8BD}.Debug|Mixed Platforms.Build.0 = Debug|x86
		{BFF4BB50-0D4E-4F1E-A134-23D8B894A8BD}.Debug|x86.ActiveCfg = Debug|x86
		{BFF4BB50-0D4E-4F1E-A134-23D8B894A8BD}.Debug|x86.Build.0 = Debug|x86
		{BFF4BB50-0D4E-4F1E-A134-23D8B894A8BD}.Release|Any CPU.ActiveCfg = Release|Any CPU
		{BFF4BB50-0D4E-4F1E-A134-23D8B894A8BD}.Release|Any CPU.Build.0 = Release|Any CPU
		{BFF4BB50-0D4E-4F1E-A134-23D8B894A8BD}.Release|Mixed Platforms.ActiveCfg = Release|x86
		{BFF4BB50-0D4E-4F1E-A134-23D8B894A8BD}.Release|Mixed Platforms.Build.0 = Release|x86
		{BFF4BB50-0D4E-4F1E-A134-23D8B894A8BD}.Release|x86.ActiveCfg = Release|x86
		{BFF4BB50-0D4E-4F1E-A134-23D8B894A8BD}.Release|x86.Build.0 = Release|x86
		{ED6F5D3E-3C1A-47DA-9B79-20CEA70A0CF6}.Debug|Any CPU.ActiveCfg = Debug|Any CPU
		{ED6F5D3E-3C1A-47DA-9B79-20CEA70A0CF6}.Debug|Any CPU.Build.0 = Debug|Any CPU
		{ED6F5D3E-3C1A-47DA-9B79-20CEA70A0CF6}.Debug|Mixed Platforms.ActiveCfg = Debug|x86
		{ED6F5D3E-3C1A-47DA-9B79-20CEA70A0CF6}.Debug|Mixed Platforms.Build.0 = Debug|x86
		{ED6F5D3E-3C1A-47DA-9B79-20CEA70A0CF6}.Debug|x86.ActiveCfg = Debug|x86
		{ED6F5D3E-3C1A-47DA-9B79-20CEA70A0CF6}.Debug|x86.Build.0 = Debug|x86
		{ED6F5D3E-3C1A-47DA-9B79-20CEA70A0CF6}.Release|Any CPU.ActiveCfg = Release|Any CPU
		{ED6F5D3E-3C1A-47DA-9B79-20CEA70A0CF6}.Release|Any CPU.Build.0 = Release|Any CPU
		{ED6F5D3E-3C1A-47DA-9B79-20CEA70A0CF6}.Release|Mixed Platforms.ActiveCfg = Release|x86
		{ED6F5D3E-3C1A-47DA-9B79-20CEA70A0CF6}.Release|Mixed Platforms.Build.0 = Release|x86
		{ED6F5D3E-3C1A-47DA-9B79-20CEA70A0CF6}.Release|x86.ActiveCfg = Release|x86
		{ED6F5D3E-3C1A-47DA-9B79-20CEA70A0CF6}.Release|x86.Build.0 = Release|x86
		{B3BF62C6-6E21-4ECE-A591-AE21CF194506}.Debug|Any CPU.ActiveCfg = Debug|Any CPU
		{B3BF62C6-6E21-4ECE-A591-AE21CF194506}.Debug|Any CPU.Build.0 = Debug|Any CPU
		{B3BF62C6-6E21-4ECE-A591-AE21CF194506}.Debug|Mixed Platforms.ActiveCfg = Debug|x86
		{B3BF62C6-6E21-4ECE-A591-AE21CF194506}.Debug|Mixed Platforms.Build.0 = Debug|x86
		{B3BF62C6-6E21-4ECE-A591-AE21CF194506}.Debug|x86.ActiveCfg = Debug|x86
		{B3BF62C6-6E21-4ECE-A591-AE21CF194506}.Debug|x86.Build.0 = Debug|x86
		{B3BF62C6-6E21-4ECE-A591-AE21CF194506}.Release|Any CPU.ActiveCfg = Release|Any CPU
		{B3BF62C6-6E21-4ECE-A591-AE21CF194506}.Release|Any CPU.Build.0 = Release|Any CPU
		{B3BF62C6-6E21-4ECE-A591-AE21CF194506}.Release|Mixed Platforms.ActiveCfg = Release|x86
		{B3BF62C6-6E21-4ECE-A591-AE21CF194506}.Release|Mixed Platforms.Build.0 = Release|x86
		{B3BF62C6-6E21-4ECE-A591-AE21CF194506}.Release|x86.ActiveCfg = Release|x86
		{B3BF62C6-6E21-4ECE-A591-AE21CF194506}.Release|x86.Build.0 = Release|x86
		{566C3934-3217-403D-A29F-7013702332D1}.Debug|Any CPU.ActiveCfg = Debug|Win32
		{566C3934-3217-403D-A29F-7013702332D1}.Debug|Mixed Platforms.ActiveCfg = Debug|Win32
		{566C3934-3217-403D-A29F-7013702332D1}.Debug|Mixed Platforms.Build.0 = Debug|Win32
		{566C3934-3217-403D-A29F-7013702332D1}.Debug|x86.ActiveCfg = Debug|Win32
		{566C3934-3217-403D-A29F-7013702332D1}.Release|Any CPU.ActiveCfg = Release|Win32
		{566C3934-3217-403D-A29F-7013702332D1}.Release|Mixed Platforms.ActiveCfg = Release|Win32
		{566C3934-3217-403D-A29F-7013702332D1}.Release|Mixed Platforms.Build.0 = Release|Win32
		{566C3934-3217-403D-A29F-7013702332D1}.Release|x86.ActiveCfg = Release|Win32
		{A8ACEA34-28C0-4BC8-825E-030B1A4B7DF7}.Debug|Any CPU.ActiveCfg = Debug|Any CPU
		{A8ACEA34-28C0-4BC8-825E-030B1A4B7DF7}.Debug|Any CPU.Build.0 = Debug|Any CPU
		{A8ACEA34-28C0-4BC8-825E-030B1A4B7DF7}.Debug|Mixed Platforms.ActiveCfg = Debug|x86
		{A8ACEA34-28C0-4BC8-825E-030B1A4B7DF7}.Debug|Mixed Platforms.Build.0 = Debug|x86
		{A8ACEA34-28C0-4BC8-825E-030B1A4B7DF7}.Debug|x86.ActiveCfg = Debug|x86
		{A8ACEA34-28C0-4BC8-825E-030B1A4B7DF7}.Release|Any CPU.ActiveCfg = Release|Any CPU
		{A8ACEA34-28C0-4BC8-825E-030B1A4B7DF7}.Release|Any CPU.Build.0 = Release|Any CPU
		{A8ACEA34-28C0-4BC8-825E-030B1A4B7DF7}.Release|Mixed Platforms.ActiveCfg = Release|x86
		{A8ACEA34-28C0-4BC8-825E-030B1A4B7DF7}.Release|Mixed Platforms.Build.0 = Release|x86
		{A8ACEA34-28C0-4BC8-825E-030B1A4B7DF7}.Release|x86.ActiveCfg = Release|x86
		{A8ACEA34-28C0-4BC8-825E-030B1A4B7DF7}.Release|x86.Build.0 = Release|x86
		{833A9274-3CA5-479E-BB95-4E5336858341}.Debug|Any CPU.ActiveCfg = Debug
		{833A9274-3CA5-479E-BB95-4E5336858341}.Debug|Any CPU.Build.0 = Debug
		{833A9274-3CA5-479E-BB95-4E5336858341}.Debug|Mixed Platforms.ActiveCfg = Debug
		{833A9274-3CA5-479E-BB95-4E5336858341}.Debug|Mixed Platforms.Build.0 = Debug
		{833A9274-3CA5-479E-BB95-4E5336858341}.Debug|x86.ActiveCfg = Debug
		{833A9274-3CA5-479E-BB95-4E5336858341}.Debug|x86.Build.0 = Debug
		{833A9274-3CA5-479E-BB95-4E5336858341}.Release|Any CPU.ActiveCfg = Release
		{833A9274-3CA5-479E-BB95-4E5336858341}.Release|Any CPU.Build.0 = Release
		{833A9274-3CA5-479E-BB95-4E5336858341}.Release|Mixed Platforms.ActiveCfg = Release
		{833A9274-3CA5-479E-BB95-4E5336858341}.Release|Mixed Platforms.Build.0 = Release
		{833A9274-3CA5-479E-BB95-4E5336858341}.Release|x86.ActiveCfg = Release
		{833A9274-3CA5-479E-BB95-4E5336858341}.Release|x86.Build.0 = Release
		{5C5FC1C6-F9FF-4E2A-A53B-0865FBB9F9D9}.Debug|Any CPU.ActiveCfg = Debug|Any CPU
		{5C5FC1C6-F9FF-4E2A-A53B-0865FBB9F9D9}.Debug|Any CPU.Build.0 = Debug|Any CPU
		{5C5FC1C6-F9FF-4E2A-A53B-0865FBB9F9D9}.Debug|Mixed Platforms.ActiveCfg = Debug|Any CPU
		{5C5FC1C6-F9FF-4E2A-A53B-0865FBB9F9D9}.Debug|Mixed Platforms.Build.0 = Debug|Any CPU
		{5C5FC1C6-F9FF-4E2A-A53B-0865FBB9F9D9}.Debug|x86.ActiveCfg = Debug|Any CPU
		{5C5FC1C6-F9FF-4E2A-A53B-0865FBB9F9D9}.Release|Any CPU.ActiveCfg = Release|Any CPU
		{5C5FC1C6-F9FF-4E2A-A53B-0865FBB9F9D9}.Release|Any CPU.Build.0 = Release|Any CPU
		{5C5FC1C6-F9FF-4E2A-A53B-0865FBB9F9D9}.Release|Mixed Platforms.ActiveCfg = Release|Any CPU
		{5C5FC1C6-F9FF-4E2A-A53B-0865FBB9F9D9}.Release|Mixed Platforms.Build.0 = Release|Any CPU
		{5C5FC1C6-F9FF-4E2A-A53B-0865FBB9F9D9}.Release|x86.ActiveCfg = Release|x86
		{5C5FC1C6-F9FF-4E2A-A53B-0865FBB9F9D9}.Release|x86.Build.0 = Release|x86
		{2399F68B-D886-4D94-AB4B-700FE3E46849}.Debug|Any CPU.ActiveCfg = Debug|x86
		{2399F68B-D886-4D94-AB4B-700FE3E46849}.Debug|Mixed Platforms.ActiveCfg = Debug|x86
		{2399F68B-D886-4D94-AB4B-700FE3E46849}.Debug|Mixed Platforms.Build.0 = Debug|x86
		{2399F68B-D886-4D94-AB4B-700FE3E46849}.Debug|x86.ActiveCfg = Debug|x86
		{2399F68B-D886-4D94-AB4B-700FE3E46849}.Debug|x86.Build.0 = Debug|x86
		{2399F68B-D886-4D94-AB4B-700FE3E46849}.Release|Any CPU.ActiveCfg = Release|x86
		{2399F68B-D886-4D94-AB4B-700FE3E46849}.Release|Mixed Platforms.ActiveCfg = Release|x86
		{2399F68B-D886-4D94-AB4B-700FE3E46849}.Release|Mixed Platforms.Build.0 = Release|x86
		{2399F68B-D886-4D94-AB4B-700FE3E46849}.Release|x86.ActiveCfg = Release|x86
		{2399F68B-D886-4D94-AB4B-700FE3E46849}.Release|x86.Build.0 = Release|x86
		{A5527BE9-4A62-458F-AE47-F0F9204A5CF9}.Debug|Any CPU.ActiveCfg = Debug|Any CPU
		{A5527BE9-4A62-458F-AE47-F0F9204A5CF9}.Debug|Any CPU.Build.0 = Debug|Any CPU
		{A5527BE9-4A62-458F-AE47-F0F9204A5CF9}.Debug|Mixed Platforms.ActiveCfg = Debug|x86
		{A5527BE9-4A62-458F-AE47-F0F9204A5CF9}.Debug|Mixed Platforms.Build.0 = Debug|x86
		{A5527BE9-4A62-458F-AE47-F0F9204A5CF9}.Debug|x86.ActiveCfg = Debug|x86
		{A5527BE9-4A62-458F-AE47-F0F9204A5CF9}.Debug|x86.Build.0 = Debug|x86
		{A5527BE9-4A62-458F-AE47-F0F9204A5CF9}.Release|Any CPU.ActiveCfg = Release|Any CPU
		{A5527BE9-4A62-458F-AE47-F0F9204A5CF9}.Release|Any CPU.Build.0 = Release|Any CPU
		{A5527BE9-4A62-458F-AE47-F0F9204A5CF9}.Release|Mixed Platforms.ActiveCfg = Release|x86
		{A5527BE9-4A62-458F-AE47-F0F9204A5CF9}.Release|Mixed Platforms.Build.0 = Release|x86
		{A5527BE9-4A62-458F-AE47-F0F9204A5CF9}.Release|x86.ActiveCfg = Release|x86
		{A5527BE9-4A62-458F-AE47-F0F9204A5CF9}.Release|x86.Build.0 = Release|x86
		{26CFD1FF-F4F7-4F66-B5B4-E686BDB9B34E}.Debug|Any CPU.ActiveCfg = Debug|x86
		{26CFD1FF-F4F7-4F66-B5B4-E686BDB9B34E}.Debug|Mixed Platforms.ActiveCfg = Debug|x86
		{26CFD1FF-F4F7-4F66-B5B4-E686BDB9B34E}.Debug|Mixed Platforms.Build.0 = Debug|x86
		{26CFD1FF-F4F7-4F66-B5B4-E686BDB9B34E}.Debug|x86.ActiveCfg = Debug|x86
		{26CFD1FF-F4F7-4F66-B5B4-E686BDB9B34E}.Debug|x86.Build.0 = Debug|x86
		{26CFD1FF-F4F7-4F66-B5B4-E686BDB9B34E}.Release|Any CPU.ActiveCfg = Release|x86
		{26CFD1FF-F4F7-4F66-B5B4-E686BDB9B34E}.Release|Mixed Platforms.ActiveCfg = Release|x86
		{26CFD1FF-F4F7-4F66-B5B4-E686BDB9B34E}.Release|Mixed Platforms.Build.0 = Release|x86
		{26CFD1FF-F4F7-4F66-B5B4-E686BDB9B34E}.Release|x86.ActiveCfg = Release|x86
		{26CFD1FF-F4F7-4F66-B5B4-E686BDB9B34E}.Release|x86.Build.0 = Release|x86
		{55E439D7-1679-4D4A-B3D0-DC0DC5F299B8}.Debug|Any CPU.ActiveCfg = Debug|Any CPU
		{55E439D7-1679-4D4A-B3D0-DC0DC5F299B8}.Debug|Any CPU.Build.0 = Debug|Any CPU
		{55E439D7-1679-4D4A-B3D0-DC0DC5F299B8}.Debug|Mixed Platforms.ActiveCfg = Debug|Any CPU
		{55E439D7-1679-4D4A-B3D0-DC0DC5F299B8}.Debug|Mixed Platforms.Build.0 = Debug|Any CPU
		{55E439D7-1679-4D4A-B3D0-DC0DC5F299B8}.Debug|x86.ActiveCfg = Debug|Any CPU
		{55E439D7-1679-4D4A-B3D0-DC0DC5F299B8}.Release|Any CPU.ActiveCfg = Release|Any CPU
		{55E439D7-1679-4D4A-B3D0-DC0DC5F299B8}.Release|Any CPU.Build.0 = Release|Any CPU
		{55E439D7-1679-4D4A-B3D0-DC0DC5F299B8}.Release|Mixed Platforms.ActiveCfg = Release|Any CPU
		{55E439D7-1679-4D4A-B3D0-DC0DC5F299B8}.Release|Mixed Platforms.Build.0 = Release|Any CPU
		{55E439D7-1679-4D4A-B3D0-DC0DC5F299B8}.Release|x86.ActiveCfg = Release|Any CPU
	EndGlobalSection
	GlobalSection(SolutionProperties) = preSolution
		HideSolutionNode = FALSE
	EndGlobalSection
	GlobalSection(NestedProjects) = preSolution
		{1A7D59F4-0039-4874-8A0E-935F00FAA0E4} = {A11F8FEB-7C0B-4A87-9E66-A17798F73124}
		{1CFB9F5B-211C-40BA-8AA0-B71CD8965FDF} = {A11F8FEB-7C0B-4A87-9E66-A17798F73124}
		{E2813DD5-5B6C-4FC7-B595-0C3C9C7BB100} = {A11F8FEB-7C0B-4A87-9E66-A17798F73124}
		{2399F68B-D886-4D94-AB4B-700FE3E46849} = {A11F8FEB-7C0B-4A87-9E66-A17798F73124}
		{A5527BE9-4A62-458F-AE47-F0F9204A5CF9} = {A11F8FEB-7C0B-4A87-9E66-A17798F73124}
		{26CFD1FF-F4F7-4F66-B5B4-E686BDB9B34E} = {A11F8FEB-7C0B-4A87-9E66-A17798F73124}
		{DAAC7CB0-3C21-4771-91C3-599078CFC986} = {AB31A69F-87B6-4749-963D-1B89D6355C82}
		{2F9CF67E-F609-4702-BFD5-B605B38BC025} = {AB31A69F-87B6-4749-963D-1B89D6355C82}
		{181E3AED-EE98-4B0B-A59B-FBCFBBAC8556} = {AB31A69F-87B6-4749-963D-1B89D6355C82}
		{B9AFCAA5-4731-4EA5-9B26-05C3FD911B71} = {AB31A69F-87B6-4749-963D-1B89D6355C82}
		{566C3934-3217-403D-A29F-7013702332D1} = {AB31A69F-87B6-4749-963D-1B89D6355C82}
		{A8ACEA34-28C0-4BC8-825E-030B1A4B7DF7} = {A3E99605-3C35-4CE6-9CD2-5BB63AD18719}
		{833A9274-3CA5-479E-BB95-4E5336858341} = {A3E99605-3C35-4CE6-9CD2-5BB63AD18719}
	EndGlobalSection
	GlobalSection(DPCodeReviewSolutionGUID) = preSolution
		DPCodeReviewSolutionGUID = {00000000-0000-0000-0000-000000000000}
	EndGlobalSection
EndGlobal
