
Microsoft Visual Studio Solution File, Format Version 12.00
# Visual Studio 2013
VisualStudioVersion = 12.0.30110.0
MinimumVisualStudioVersion = 10.0.40219.1
Project("{2150E333-8FDC-42A3-9474-1A3956D46DE8}") = "Solution Items", "Solution Items", "{30DD84D7-0E18-45C8-8594-2656F94C468E}"
	ProjectSection(SolutionItems) = preProject
		IDPicker.vsmdi = IDPicker.vsmdi
		Local-x64.testrunconfig = Local-x64.testrunconfig
		Local-x86.testrunconfig = Local-x86.testrunconfig
		Performance1.psess = Performance1.psess
	EndProjectSection
EndProject
Project("{FAE04EC0-301F-11D3-BF4B-00C04F79EFBC}") = "STL_Containers", "Util\STL_Containers\STL_Containers.csproj", "{D6BD694C-FF6E-4962-A05D-59ACD6CBD6A3}"
EndProject
Project("{FAE04EC0-301F-11D3-BF4B-00C04F79EFBC}") = "SetupDeployProject", "Deploy\SetupDeployProject.csproj", "{A8ACEA34-28C0-4BC8-825E-030B1A4B7DF7}"
	ProjectSection(ProjectDependencies) = postProject
		{5C5FC1C6-F9FF-4E2A-A53B-0865FBB9F9D9} = {5C5FC1C6-F9FF-4E2A-A53B-0865FBB9F9D9}
	EndProjectSection
EndProject
Project("{FAE04EC0-301F-11D3-BF4B-00C04F79EFBC}") = "IDPicker", "IDPicker.csproj", "{5C5FC1C6-F9FF-4E2A-A53B-0865FBB9F9D9}"
EndProject
Project("{FAE04EC0-301F-11D3-BF4B-00C04F79EFBC}") = "seems", "..\..\SeeMS\seems.csproj", "{2399F68B-D886-4D94-AB4B-700FE3E46849}"
EndProject
Project("{FAE04EC0-301F-11D3-BF4B-00C04F79EFBC}") = "MSGraph", "..\..\Shared\MSGraph\MSGraph.csproj", "{26CFD1FF-F4F7-4F66-B5B4-E686BDB9B34E}"
EndProject
Project("{FAE04EC0-301F-11D3-BF4B-00C04F79EFBC}") = "Test", "Test\Test.csproj", "{594E7E1C-DDA7-4056-9536-379379925DBA}"
EndProject
Project("{FAE04EC0-301F-11D3-BF4B-00C04F79EFBC}") = "Controls", "Controls\Controls.csproj", "{8EFCC46A-7415-4BB5-AF34-5E71EF4BEEB0}"
EndProject
Project("{FAE04EC0-301F-11D3-BF4B-00C04F79EFBC}") = "Model", "Model\Model.csproj", "{723405E1-1EE4-4978-9470-0B1F28B1A215}"
EndProject
Project("{FAE04EC0-301F-11D3-BF4B-00C04F79EFBC}") = "Util", "Util\Util.csproj", "{C6502908-9F08-4A89-897D-5DF9125BBBF4}"
EndProject
Project("{FAE04EC0-301F-11D3-BF4B-00C04F79EFBC}") = "CustomDataSourceDialog", "CustomDataSourceDialog\CustomDataSourceDialog.csproj", "{6B7B0771-4D09-469F-AEFA-00E4FA06D017}"
EndProject
Project("{FAE04EC0-301F-11D3-BF4B-00C04F79EFBC}") = "CommonUtil", "..\..\Shared\Common\CommonUtil.csproj", "{13BF2FFB-50A1-4AB1-83A4-5733E36905CE}"
EndProject
Project("{FAE04EC0-301F-11D3-BF4B-00C04F79EFBC}") = "ZedGraph", "..\..\Shared\zedgraph\ZedGraph.csproj", "{B99650EE-AF46-47B4-A4A9-212ADE7809B7}"
EndProject
Project("{2150E333-8FDC-42A3-9474-1A3956D46DE8}") = ".nuget", ".nuget", "{1101AABA-13EB-42BE-AC18-29D07DFAD6BF}"
	ProjectSection(SolutionItems) = preProject
		.nuget\NuGet.Config = .nuget\NuGet.Config
		.nuget\NuGet.exe = .nuget\NuGet.exe
		.nuget\NuGet.targets = .nuget\NuGet.targets
	EndProjectSection
EndProject
Global
	GlobalSection(SolutionConfigurationPlatforms) = preSolution
		Debug|x64 = Debug|x64
		Debug|x86 = Debug|x86
		Release|x64 = Release|x64
		Release|x86 = Release|x86
	EndGlobalSection
	GlobalSection(ProjectConfigurationPlatforms) = postSolution
		{D6BD694C-FF6E-4962-A05D-59ACD6CBD6A3}.Debug|x64.ActiveCfg = Debug|Any CPU
		{D6BD694C-FF6E-4962-A05D-59ACD6CBD6A3}.Debug|x64.Build.0 = Debug|Any CPU
		{D6BD694C-FF6E-4962-A05D-59ACD6CBD6A3}.Debug|x86.ActiveCfg = Debug|x86
		{D6BD694C-FF6E-4962-A05D-59ACD6CBD6A3}.Debug|x86.Build.0 = Debug|x86
		{D6BD694C-FF6E-4962-A05D-59ACD6CBD6A3}.Release|x64.ActiveCfg = Release|x64
		{D6BD694C-FF6E-4962-A05D-59ACD6CBD6A3}.Release|x64.Build.0 = Release|x64
		{D6BD694C-FF6E-4962-A05D-59ACD6CBD6A3}.Release|x86.ActiveCfg = Release|x86
		{D6BD694C-FF6E-4962-A05D-59ACD6CBD6A3}.Release|x86.Build.0 = Release|x86
		{A8ACEA34-28C0-4BC8-825E-030B1A4B7DF7}.Debug|x64.ActiveCfg = Debug|Any CPU
		{A8ACEA34-28C0-4BC8-825E-030B1A4B7DF7}.Debug|x64.Build.0 = Debug|Any CPU
		{A8ACEA34-28C0-4BC8-825E-030B1A4B7DF7}.Debug|x86.ActiveCfg = Debug|Any CPU
		{A8ACEA34-28C0-4BC8-825E-030B1A4B7DF7}.Release|x64.ActiveCfg = Release|Any CPU
		{A8ACEA34-28C0-4BC8-825E-030B1A4B7DF7}.Release|x64.Build.0 = Release|Any CPU
		{A8ACEA34-28C0-4BC8-825E-030B1A4B7DF7}.Release|x86.ActiveCfg = Release|Any CPU
		{A8ACEA34-28C0-4BC8-825E-030B1A4B7DF7}.Release|x86.Build.0 = Release|Any CPU
		{5C5FC1C6-F9FF-4E2A-A53B-0865FBB9F9D9}.Debug|x64.ActiveCfg = Debug|x64
		{5C5FC1C6-F9FF-4E2A-A53B-0865FBB9F9D9}.Debug|x64.Build.0 = Debug|x64
		{5C5FC1C6-F9FF-4E2A-A53B-0865FBB9F9D9}.Debug|x86.ActiveCfg = Debug|x86
		{5C5FC1C6-F9FF-4E2A-A53B-0865FBB9F9D9}.Debug|x86.Build.0 = Debug|x86
		{5C5FC1C6-F9FF-4E2A-A53B-0865FBB9F9D9}.Release|x64.ActiveCfg = Release|x64
		{5C5FC1C6-F9FF-4E2A-A53B-0865FBB9F9D9}.Release|x64.Build.0 = Release|x64
		{5C5FC1C6-F9FF-4E2A-A53B-0865FBB9F9D9}.Release|x86.ActiveCfg = Release|x86
		{5C5FC1C6-F9FF-4E2A-A53B-0865FBB9F9D9}.Release|x86.Build.0 = Release|x86
		{2399F68B-D886-4D94-AB4B-700FE3E46849}.Debug|x64.ActiveCfg = Debug|x64
		{2399F68B-D886-4D94-AB4B-700FE3E46849}.Debug|x64.Build.0 = Debug|x64
		{2399F68B-D886-4D94-AB4B-700FE3E46849}.Debug|x86.ActiveCfg = Debug|x86
		{2399F68B-D886-4D94-AB4B-700FE3E46849}.Debug|x86.Build.0 = Debug|x86
		{2399F68B-D886-4D94-AB4B-700FE3E46849}.Release|x64.ActiveCfg = Release|x64
		{2399F68B-D886-4D94-AB4B-700FE3E46849}.Release|x64.Build.0 = Release|x64
		{2399F68B-D886-4D94-AB4B-700FE3E46849}.Release|x86.ActiveCfg = Release|x86
		{2399F68B-D886-4D94-AB4B-700FE3E46849}.Release|x86.Build.0 = Release|x86
		{26CFD1FF-F4F7-4F66-B5B4-E686BDB9B34E}.Debug|x64.ActiveCfg = Debug|x64
		{26CFD1FF-F4F7-4F66-B5B4-E686BDB9B34E}.Debug|x64.Build.0 = Debug|x64
		{26CFD1FF-F4F7-4F66-B5B4-E686BDB9B34E}.Debug|x86.ActiveCfg = Debug|x86
		{26CFD1FF-F4F7-4F66-B5B4-E686BDB9B34E}.Debug|x86.Build.0 = Debug|x86
		{26CFD1FF-F4F7-4F66-B5B4-E686BDB9B34E}.Release|x64.ActiveCfg = Release|x64
		{26CFD1FF-F4F7-4F66-B5B4-E686BDB9B34E}.Release|x64.Build.0 = Release|x64
		{26CFD1FF-F4F7-4F66-B5B4-E686BDB9B34E}.Release|x86.ActiveCfg = Release|x86
		{26CFD1FF-F4F7-4F66-B5B4-E686BDB9B34E}.Release|x86.Build.0 = Release|x86
		{594E7E1C-DDA7-4056-9536-379379925DBA}.Debug|x64.ActiveCfg = Debug|x64
		{594E7E1C-DDA7-4056-9536-379379925DBA}.Debug|x64.Build.0 = Debug|x64
		{594E7E1C-DDA7-4056-9536-379379925DBA}.Debug|x86.ActiveCfg = Debug|x86
		{594E7E1C-DDA7-4056-9536-379379925DBA}.Debug|x86.Build.0 = Debug|x86
		{594E7E1C-DDA7-4056-9536-379379925DBA}.Release|x64.ActiveCfg = Release|x64
		{594E7E1C-DDA7-4056-9536-379379925DBA}.Release|x64.Build.0 = Release|x64
		{594E7E1C-DDA7-4056-9536-379379925DBA}.Release|x86.ActiveCfg = Release|x86
		{594E7E1C-DDA7-4056-9536-379379925DBA}.Release|x86.Build.0 = Release|x86
		{8EFCC46A-7415-4BB5-AF34-5E71EF4BEEB0}.Debug|x64.ActiveCfg = Debug|x64
		{8EFCC46A-7415-4BB5-AF34-5E71EF4BEEB0}.Debug|x64.Build.0 = Debug|x64
		{8EFCC46A-7415-4BB5-AF34-5E71EF4BEEB0}.Debug|x86.ActiveCfg = Debug|x86
		{8EFCC46A-7415-4BB5-AF34-5E71EF4BEEB0}.Debug|x86.Build.0 = Debug|x86
		{8EFCC46A-7415-4BB5-AF34-5E71EF4BEEB0}.Release|x64.ActiveCfg = Release|x64
		{8EFCC46A-7415-4BB5-AF34-5E71EF4BEEB0}.Release|x64.Build.0 = Release|x64
		{8EFCC46A-7415-4BB5-AF34-5E71EF4BEEB0}.Release|x86.ActiveCfg = Release|x86
		{8EFCC46A-7415-4BB5-AF34-5E71EF4BEEB0}.Release|x86.Build.0 = Release|x86
		{723405E1-1EE4-4978-9470-0B1F28B1A215}.Debug|x64.ActiveCfg = Debug|x64
		{723405E1-1EE4-4978-9470-0B1F28B1A215}.Debug|x64.Build.0 = Debug|x64
		{723405E1-1EE4-4978-9470-0B1F28B1A215}.Debug|x86.ActiveCfg = Debug|x86
		{723405E1-1EE4-4978-9470-0B1F28B1A215}.Debug|x86.Build.0 = Debug|x86
		{723405E1-1EE4-4978-9470-0B1F28B1A215}.Release|x64.ActiveCfg = Release|x64
		{723405E1-1EE4-4978-9470-0B1F28B1A215}.Release|x64.Build.0 = Release|x64
		{723405E1-1EE4-4978-9470-0B1F28B1A215}.Release|x86.ActiveCfg = Release|x86
		{723405E1-1EE4-4978-9470-0B1F28B1A215}.Release|x86.Build.0 = Release|x86
		{C6502908-9F08-4A89-897D-5DF9125BBBF4}.Debug|x64.ActiveCfg = Debug|x64
		{C6502908-9F08-4A89-897D-5DF9125BBBF4}.Debug|x64.Build.0 = Debug|x64
		{C6502908-9F08-4A89-897D-5DF9125BBBF4}.Debug|x86.ActiveCfg = Debug|x86
		{C6502908-9F08-4A89-897D-5DF9125BBBF4}.Debug|x86.Build.0 = Debug|x86
		{C6502908-9F08-4A89-897D-5DF9125BBBF4}.Release|x64.ActiveCfg = Release|x64
		{C6502908-9F08-4A89-897D-5DF9125BBBF4}.Release|x64.Build.0 = Release|x64
		{C6502908-9F08-4A89-897D-5DF9125BBBF4}.Release|x86.ActiveCfg = Release|x86
		{C6502908-9F08-4A89-897D-5DF9125BBBF4}.Release|x86.Build.0 = Release|x86
		{6B7B0771-4D09-469F-AEFA-00E4FA06D017}.Debug|x64.ActiveCfg = Debug|x64
		{6B7B0771-4D09-469F-AEFA-00E4FA06D017}.Debug|x64.Build.0 = Debug|x64
		{6B7B0771-4D09-469F-AEFA-00E4FA06D017}.Debug|x86.ActiveCfg = Debug|x86
		{6B7B0771-4D09-469F-AEFA-00E4FA06D017}.Debug|x86.Build.0 = Debug|x86
		{6B7B0771-4D09-469F-AEFA-00E4FA06D017}.Release|x64.ActiveCfg = Release|x64
		{6B7B0771-4D09-469F-AEFA-00E4FA06D017}.Release|x64.Build.0 = Release|x64
		{6B7B0771-4D09-469F-AEFA-00E4FA06D017}.Release|x86.ActiveCfg = Release|x86
		{6B7B0771-4D09-469F-AEFA-00E4FA06D017}.Release|x86.Build.0 = Release|x86
		{13BF2FFB-50A1-4AB1-83A4-5733E36905CE}.Debug|x64.ActiveCfg = Debug|x64
		{13BF2FFB-50A1-4AB1-83A4-5733E36905CE}.Debug|x64.Build.0 = Debug|x64
		{13BF2FFB-50A1-4AB1-83A4-5733E36905CE}.Debug|x86.ActiveCfg = Debug|x86
		{13BF2FFB-50A1-4AB1-83A4-5733E36905CE}.Debug|x86.Build.0 = Debug|x86
		{13BF2FFB-50A1-4AB1-83A4-5733E36905CE}.Release|x64.ActiveCfg = Release|x64
		{13BF2FFB-50A1-4AB1-83A4-5733E36905CE}.Release|x64.Build.0 = Release|x64
		{13BF2FFB-50A1-4AB1-83A4-5733E36905CE}.Release|x86.ActiveCfg = Release|x86
		{13BF2FFB-50A1-4AB1-83A4-5733E36905CE}.Release|x86.Build.0 = Release|x86
		{B99650EE-AF46-47B4-A4A9-212ADE7809B7}.Debug|x64.ActiveCfg = Debug|x64
		{B99650EE-AF46-47B4-A4A9-212ADE7809B7}.Debug|x64.Build.0 = Debug|x64
		{B99650EE-AF46-47B4-A4A9-212ADE7809B7}.Debug|x86.ActiveCfg = Debug|x86
		{B99650EE-AF46-47B4-A4A9-212ADE7809B7}.Debug|x86.Build.0 = Debug|x86
		{B99650EE-AF46-47B4-A4A9-212ADE7809B7}.Release|x64.ActiveCfg = Release|x64
		{B99650EE-AF46-47B4-A4A9-212ADE7809B7}.Release|x64.Build.0 = Release|x64
		{B99650EE-AF46-47B4-A4A9-212ADE7809B7}.Release|x86.ActiveCfg = Release|x86
		{B99650EE-AF46-47B4-A4A9-212ADE7809B7}.Release|x86.Build.0 = Release|x86
	EndGlobalSection
	GlobalSection(SolutionProperties) = preSolution
		HideSolutionNode = FALSE
	EndGlobalSection
	GlobalSection(TestCaseManagementSettings) = postSolution
		CategoryFile = IDPicker.vsmdi
	EndGlobalSection
	GlobalSection(DPCodeReviewSolutionGUID) = preSolution
		DPCodeReviewSolutionGUID = {00000000-0000-0000-0000-000000000000}
	EndGlobalSection
EndGlobal
