
Microsoft Visual Studio Solution File, Format Version 10.00
# Visual Studio 2008
Project("{FAE04EC0-301F-11D3-BF4B-00C04F79EFBC}") = "STL_Containers", "Util\STL_Containers\STL_Containers.csproj", "{D6BD694C-FF6E-4962-A05D-59ACD6CBD6A3}"
EndProject
Project("{FAE04EC0-301F-11D3-BF4B-00C04F79EFBC}") = "SetupDeployProject", "Deploy\SetupDeployProject.csproj", "{A8ACEA34-28C0-4BC8-825E-030B1A4B7DF7}"
	ProjectSection(ProjectDependencies) = postProject
		{5C5FC1C6-F9FF-4E2A-A53B-0865FBB9F9D9} = {5C5FC1C6-F9FF-4E2A-A53B-0865FBB9F9D9}
	EndProjectSection
EndProject
Project("{FAE04EC0-301F-11D3-BF4B-00C04F79EFBC}") = "IDPicker", "IDPicker.csproj", "{5C5FC1C6-F9FF-4E2A-A53B-0865FBB9F9D9}"
EndProject
Project("{FAE04EC0-301F-11D3-BF4B-00C04F79EFBC}") = "seems", "freicore\pwiz_src\pwiz_tools\SeeMS\seems.csproj", "{2399F68B-D886-4D94-AB4B-700FE3E46849}"
EndProject
Project("{FAE04EC0-301F-11D3-BF4B-00C04F79EFBC}") = "MSGraph", "freicore\pwiz_src\pwiz_tools\Shared\MSGraph\MSGraph.csproj", "{26CFD1FF-F4F7-4F66-B5B4-E686BDB9B34E}"
EndProject
Project("{FAE04EC0-301F-11D3-BF4B-00C04F79EFBC}") = "Common", "freicore\pwiz_src\pwiz_tools\Shared\Common\Common.csproj", "{A5527BE9-4A62-458F-AE47-F0F9204A5CF9}"
EndProject
Project("{2150E333-8FDC-42A3-9474-1A3956D46DE8}") = "Solution Items", "Solution Items", "{30DD84D7-0E18-45C8-8594-2656F94C468E}"
	ProjectSection(SolutionItems) = preProject
		IDPicker.vsmdi = IDPicker.vsmdi
		LocalTestRun.testrunconfig = LocalTestRun.testrunconfig
	EndProjectSection
EndProject
Project("{FAE04EC0-301F-11D3-BF4B-00C04F79EFBC}") = "Test", "Test\Test.csproj", "{594E7E1C-DDA7-4056-9536-379379925DBA}"
EndProject
Project("{FAE04EC0-301F-11D3-BF4B-00C04F79EFBC}") = "Controls", "Controls\Controls.csproj", "{8EFCC46A-7415-4BB5-AF34-5E71EF4BEEB0}"
EndProject
Project("{FAE04EC0-301F-11D3-BF4B-00C04F79EFBC}") = "Model", "Model\Model.csproj", "{723405E1-1EE4-4978-9470-0B1F28B1A215}"
EndProject
Project("{FAE04EC0-301F-11D3-BF4B-00C04F79EFBC}") = "Util", "Util\Util.csproj", "{C6502908-9F08-4A89-897D-5DF9125BBBF4}"
EndProject
Project("{FAE04EC0-301F-11D3-BF4B-00C04F79EFBC}") = "CustomDataSourceDialog", "CustomDataSourceDialog\CustomDataSourceDialog.csproj", "{6B7B0771-4D09-469F-AEFA-00E4FA06D017}"
EndProject
Global
	GlobalSection(TestCaseManagementSettings) = postSolution
		CategoryFile = IDPicker.vsmdi
	EndGlobalSection
	GlobalSection(SolutionConfigurationPlatforms) = preSolution
		Debug|Any CPU = Debug|Any CPU
		Debug|Mixed Platforms = Debug|Mixed Platforms
		Debug|x86 = Debug|x86
		Release|Any CPU = Release|Any CPU
		Release|Mixed Platforms = Release|Mixed Platforms
		Release|x86 = Release|x86
	EndGlobalSection
	GlobalSection(ProjectConfigurationPlatforms) = postSolution
		{D6BD694C-FF6E-4962-A05D-59ACD6CBD6A3}.Debug|Any CPU.ActiveCfg = Debug|Any CPU
		{D6BD694C-FF6E-4962-A05D-59ACD6CBD6A3}.Debug|Any CPU.Build.0 = Debug|Any CPU
		{D6BD694C-FF6E-4962-A05D-59ACD6CBD6A3}.Debug|Mixed Platforms.ActiveCfg = Debug|x86
		{D6BD694C-FF6E-4962-A05D-59ACD6CBD6A3}.Debug|Mixed Platforms.Build.0 = Debug|x86
		{D6BD694C-FF6E-4962-A05D-59ACD6CBD6A3}.Debug|x86.ActiveCfg = Debug|x86
		{D6BD694C-FF6E-4962-A05D-59ACD6CBD6A3}.Debug|x86.Build.0 = Debug|x86
		{D6BD694C-FF6E-4962-A05D-59ACD6CBD6A3}.Release|Any CPU.ActiveCfg = Release|Any CPU
		{D6BD694C-FF6E-4962-A05D-59ACD6CBD6A3}.Release|Any CPU.Build.0 = Release|Any CPU
		{D6BD694C-FF6E-4962-A05D-59ACD6CBD6A3}.Release|Mixed Platforms.ActiveCfg = Release|x86
		{D6BD694C-FF6E-4962-A05D-59ACD6CBD6A3}.Release|Mixed Platforms.Build.0 = Release|x86
		{D6BD694C-FF6E-4962-A05D-59ACD6CBD6A3}.Release|x86.ActiveCfg = Release|x86
		{D6BD694C-FF6E-4962-A05D-59ACD6CBD6A3}.Release|x86.Build.0 = Release|x86
		{A8ACEA34-28C0-4BC8-825E-030B1A4B7DF7}.Debug|Any CPU.ActiveCfg = Debug|Any CPU
		{A8ACEA34-28C0-4BC8-825E-030B1A4B7DF7}.Debug|Any CPU.Build.0 = Debug|Any CPU
		{A8ACEA34-28C0-4BC8-825E-030B1A4B7DF7}.Debug|Mixed Platforms.ActiveCfg = Debug|x86
		{A8ACEA34-28C0-4BC8-825E-030B1A4B7DF7}.Debug|Mixed Platforms.Build.0 = Debug|x86
		{A8ACEA34-28C0-4BC8-825E-030B1A4B7DF7}.Debug|x86.ActiveCfg = Debug|x86
		{A8ACEA34-28C0-4BC8-825E-030B1A4B7DF7}.Debug|x86.Build.0 = Debug|x86
		{A8ACEA34-28C0-4BC8-825E-030B1A4B7DF7}.Release|Any CPU.ActiveCfg = Release|Any CPU
		{A8ACEA34-28C0-4BC8-825E-030B1A4B7DF7}.Release|Any CPU.Build.0 = Release|Any CPU
		{A8ACEA34-28C0-4BC8-825E-030B1A4B7DF7}.Release|Mixed Platforms.ActiveCfg = Release|x86
		{A8ACEA34-28C0-4BC8-825E-030B1A4B7DF7}.Release|Mixed Platforms.Build.0 = Release|x86
		{A8ACEA34-28C0-4BC8-825E-030B1A4B7DF7}.Release|x86.ActiveCfg = Release|x86
		{A8ACEA34-28C0-4BC8-825E-030B1A4B7DF7}.Release|x86.Build.0 = Release|x86
		{5C5FC1C6-F9FF-4E2A-A53B-0865FBB9F9D9}.Debug|Any CPU.ActiveCfg = Debug|x86
		{5C5FC1C6-F9FF-4E2A-A53B-0865FBB9F9D9}.Debug|Mixed Platforms.ActiveCfg = Debug|x86
		{5C5FC1C6-F9FF-4E2A-A53B-0865FBB9F9D9}.Debug|Mixed Platforms.Build.0 = Debug|x86
		{5C5FC1C6-F9FF-4E2A-A53B-0865FBB9F9D9}.Debug|x86.ActiveCfg = Debug|x86
		{5C5FC1C6-F9FF-4E2A-A53B-0865FBB9F9D9}.Debug|x86.Build.0 = Debug|x86
		{5C5FC1C6-F9FF-4E2A-A53B-0865FBB9F9D9}.Release|Any CPU.ActiveCfg = Release|x86
		{5C5FC1C6-F9FF-4E2A-A53B-0865FBB9F9D9}.Release|Mixed Platforms.ActiveCfg = Release|x86
		{5C5FC1C6-F9FF-4E2A-A53B-0865FBB9F9D9}.Release|Mixed Platforms.Build.0 = Release|x86
		{5C5FC1C6-F9FF-4E2A-A53B-0865FBB9F9D9}.Release|x86.ActiveCfg = Release|x86
		{5C5FC1C6-F9FF-4E2A-A53B-0865FBB9F9D9}.Release|x86.Build.0 = Release|x86
		{2399F68B-D886-4D94-AB4B-700FE3E46849}.Debug|Any CPU.ActiveCfg = Debug|x86
		{2399F68B-D886-4D94-AB4B-700FE3E46849}.Debug|Mixed Platforms.ActiveCfg = Debug|x86
		{2399F68B-D886-4D94-AB4B-700FE3E46849}.Debug|Mixed Platforms.Build.0 = Debug|x86
		{2399F68B-D886-4D94-AB4B-700FE3E46849}.Debug|x86.ActiveCfg = Debug|x86
		{2399F68B-D886-4D94-AB4B-700FE3E46849}.Debug|x86.Build.0 = Debug|x86
		{2399F68B-D886-4D94-AB4B-700FE3E46849}.Release|Any CPU.ActiveCfg = Release|x86
		{2399F68B-D886-4D94-AB4B-700FE3E46849}.Release|Mixed Platforms.ActiveCfg = Release|x86
		{2399F68B-D886-4D94-AB4B-700FE3E46849}.Release|Mixed Platforms.Build.0 = Release|x86
		{2399F68B-D886-4D94-AB4B-700FE3E46849}.Release|x86.ActiveCfg = Release|x86
		{2399F68B-D886-4D94-AB4B-700FE3E46849}.Release|x86.Build.0 = Release|x86
		{26CFD1FF-F4F7-4F66-B5B4-E686BDB9B34E}.Debug|Any CPU.ActiveCfg = Debug|x86
		{26CFD1FF-F4F7-4F66-B5B4-E686BDB9B34E}.Debug|Mixed Platforms.ActiveCfg = Debug|x86
		{26CFD1FF-F4F7-4F66-B5B4-E686BDB9B34E}.Debug|Mixed Platforms.Build.0 = Debug|x86
		{26CFD1FF-F4F7-4F66-B5B4-E686BDB9B34E}.Debug|x86.ActiveCfg = Debug|x86
		{26CFD1FF-F4F7-4F66-B5B4-E686BDB9B34E}.Debug|x86.Build.0 = Debug|x86
		{26CFD1FF-F4F7-4F66-B5B4-E686BDB9B34E}.Release|Any CPU.ActiveCfg = Release|x86
		{26CFD1FF-F4F7-4F66-B5B4-E686BDB9B34E}.Release|Mixed Platforms.ActiveCfg = Release|x86
		{26CFD1FF-F4F7-4F66-B5B4-E686BDB9B34E}.Release|Mixed Platforms.Build.0 = Release|x86
		{26CFD1FF-F4F7-4F66-B5B4-E686BDB9B34E}.Release|x86.ActiveCfg = Release|x86
		{26CFD1FF-F4F7-4F66-B5B4-E686BDB9B34E}.Release|x86.Build.0 = Release|x86
		{A5527BE9-4A62-458F-AE47-F0F9204A5CF9}.Debug|Any CPU.ActiveCfg = Debug|Any CPU
		{A5527BE9-4A62-458F-AE47-F0F9204A5CF9}.Debug|Any CPU.Build.0 = Debug|Any CPU
		{A5527BE9-4A62-458F-AE47-F0F9204A5CF9}.Debug|Mixed Platforms.ActiveCfg = Debug|x86
		{A5527BE9-4A62-458F-AE47-F0F9204A5CF9}.Debug|Mixed Platforms.Build.0 = Debug|x86
		{A5527BE9-4A62-458F-AE47-F0F9204A5CF9}.Debug|x86.ActiveCfg = Debug|x86
		{A5527BE9-4A62-458F-AE47-F0F9204A5CF9}.Debug|x86.Build.0 = Debug|x86
		{A5527BE9-4A62-458F-AE47-F0F9204A5CF9}.Release|Any CPU.ActiveCfg = Release|Any CPU
		{A5527BE9-4A62-458F-AE47-F0F9204A5CF9}.Release|Any CPU.Build.0 = Release|Any CPU
		{A5527BE9-4A62-458F-AE47-F0F9204A5CF9}.Release|Mixed Platforms.ActiveCfg = Release|x86
		{A5527BE9-4A62-458F-AE47-F0F9204A5CF9}.Release|Mixed Platforms.Build.0 = Release|x86
		{A5527BE9-4A62-458F-AE47-F0F9204A5CF9}.Release|x86.ActiveCfg = Release|x86
		{A5527BE9-4A62-458F-AE47-F0F9204A5CF9}.Release|x86.Build.0 = Release|x86
		{594E7E1C-DDA7-4056-9536-379379925DBA}.Debug|Any CPU.ActiveCfg = Debug|x86
		{594E7E1C-DDA7-4056-9536-379379925DBA}.Debug|Mixed Platforms.ActiveCfg = Debug|x86
		{594E7E1C-DDA7-4056-9536-379379925DBA}.Debug|Mixed Platforms.Build.0 = Debug|x86
		{594E7E1C-DDA7-4056-9536-379379925DBA}.Debug|x86.ActiveCfg = Debug|x86
		{594E7E1C-DDA7-4056-9536-379379925DBA}.Debug|x86.Build.0 = Debug|x86
		{594E7E1C-DDA7-4056-9536-379379925DBA}.Release|Any CPU.ActiveCfg = Release|x86
		{594E7E1C-DDA7-4056-9536-379379925DBA}.Release|Mixed Platforms.ActiveCfg = Release|x86
		{594E7E1C-DDA7-4056-9536-379379925DBA}.Release|Mixed Platforms.Build.0 = Release|x86
		{594E7E1C-DDA7-4056-9536-379379925DBA}.Release|x86.ActiveCfg = Release|x86
		{8EFCC46A-7415-4BB5-AF34-5E71EF4BEEB0}.Debug|Any CPU.ActiveCfg = Debug|x86
		{8EFCC46A-7415-4BB5-AF34-5E71EF4BEEB0}.Debug|Mixed Platforms.ActiveCfg = Debug|x86
		{8EFCC46A-7415-4BB5-AF34-5E71EF4BEEB0}.Debug|Mixed Platforms.Build.0 = Debug|x86
		{8EFCC46A-7415-4BB5-AF34-5E71EF4BEEB0}.Debug|x86.ActiveCfg = Debug|x86
		{8EFCC46A-7415-4BB5-AF34-5E71EF4BEEB0}.Debug|x86.Build.0 = Debug|x86
		{8EFCC46A-7415-4BB5-AF34-5E71EF4BEEB0}.Release|Any CPU.ActiveCfg = Release|x86
		{8EFCC46A-7415-4BB5-AF34-5E71EF4BEEB0}.Release|Mixed Platforms.ActiveCfg = Release|x86
		{8EFCC46A-7415-4BB5-AF34-5E71EF4BEEB0}.Release|Mixed Platforms.Build.0 = Release|x86
		{8EFCC46A-7415-4BB5-AF34-5E71EF4BEEB0}.Release|x86.ActiveCfg = Release|x86
		{8EFCC46A-7415-4BB5-AF34-5E71EF4BEEB0}.Release|x86.Build.0 = Release|x86
		{723405E1-1EE4-4978-9470-0B1F28B1A215}.Debug|Any CPU.ActiveCfg = Debug|x86
		{723405E1-1EE4-4978-9470-0B1F28B1A215}.Debug|Mixed Platforms.ActiveCfg = Debug|x86
		{723405E1-1EE4-4978-9470-0B1F28B1A215}.Debug|Mixed Platforms.Build.0 = Debug|x86
		{723405E1-1EE4-4978-9470-0B1F28B1A215}.Debug|x86.ActiveCfg = Debug|x86
		{723405E1-1EE4-4978-9470-0B1F28B1A215}.Debug|x86.Build.0 = Debug|x86
		{723405E1-1EE4-4978-9470-0B1F28B1A215}.Release|Any CPU.ActiveCfg = Release|x86
		{723405E1-1EE4-4978-9470-0B1F28B1A215}.Release|Mixed Platforms.ActiveCfg = Release|x86
		{723405E1-1EE4-4978-9470-0B1F28B1A215}.Release|Mixed Platforms.Build.0 = Release|x86
		{723405E1-1EE4-4978-9470-0B1F28B1A215}.Release|x86.ActiveCfg = Release|x86
		{723405E1-1EE4-4978-9470-0B1F28B1A215}.Release|x86.Build.0 = Release|x86
		{C6502908-9F08-4A89-897D-5DF9125BBBF4}.Debug|Any CPU.ActiveCfg = Debug|x86
		{C6502908-9F08-4A89-897D-5DF9125BBBF4}.Debug|Mixed Platforms.ActiveCfg = Debug|x86
		{C6502908-9F08-4A89-897D-5DF9125BBBF4}.Debug|Mixed Platforms.Build.0 = Debug|x86
		{C6502908-9F08-4A89-897D-5DF9125BBBF4}.Debug|x86.ActiveCfg = Debug|x86
		{C6502908-9F08-4A89-897D-5DF9125BBBF4}.Debug|x86.Build.0 = Debug|x86
		{C6502908-9F08-4A89-897D-5DF9125BBBF4}.Release|Any CPU.ActiveCfg = Release|x86
		{C6502908-9F08-4A89-897D-5DF9125BBBF4}.Release|Mixed Platforms.ActiveCfg = Release|x86
		{C6502908-9F08-4A89-897D-5DF9125BBBF4}.Release|Mixed Platforms.Build.0 = Release|x86
		{C6502908-9F08-4A89-897D-5DF9125BBBF4}.Release|x86.ActiveCfg = Release|x86
		{C6502908-9F08-4A89-897D-5DF9125BBBF4}.Release|x86.Build.0 = Release|x86
		{6B7B0771-4D09-469F-AEFA-00E4FA06D017}.Debug|Any CPU.ActiveCfg = Debug|x86
		{6B7B0771-4D09-469F-AEFA-00E4FA06D017}.Debug|Mixed Platforms.ActiveCfg = Debug|x86
		{6B7B0771-4D09-469F-AEFA-00E4FA06D017}.Debug|Mixed Platforms.Build.0 = Debug|x86
		{6B7B0771-4D09-469F-AEFA-00E4FA06D017}.Debug|x86.ActiveCfg = Debug|x86
		{6B7B0771-4D09-469F-AEFA-00E4FA06D017}.Debug|x86.Build.0 = Debug|x86
		{6B7B0771-4D09-469F-AEFA-00E4FA06D017}.Release|Any CPU.ActiveCfg = Release|x86
		{6B7B0771-4D09-469F-AEFA-00E4FA06D017}.Release|Mixed Platforms.ActiveCfg = Release|x86
		{6B7B0771-4D09-469F-AEFA-00E4FA06D017}.Release|Mixed Platforms.Build.0 = Release|x86
		{6B7B0771-4D09-469F-AEFA-00E4FA06D017}.Release|x86.ActiveCfg = Release|x86
		{6B7B0771-4D09-469F-AEFA-00E4FA06D017}.Release|x86.Build.0 = Release|x86
	EndGlobalSection
	GlobalSection(SolutionProperties) = preSolution
		HideSolutionNode = FALSE
	EndGlobalSection
	GlobalSection(DPCodeReviewSolutionGUID) = preSolution
		DPCodeReviewSolutionGUID = {00000000-0000-0000-0000-000000000000}
	EndGlobalSection
EndGlobal
