
Microsoft Visual Studio Solution File, Format Version 12.00
# Visual Studio Version 17
VisualStudioVersion = 17.1.32210.238
MinimumVisualStudioVersion = 10.0.40219.1
Project("{2150E333-8FDC-42A3-9474-1A3956D46DE8}") = "Solution Items", "Solution Items", "{C80CDBB4-AC19-4D59-B8AE-6424EA5C6D34}"
	ProjectSection(SolutionItems) = preProject
		Skyline.vsmdi = Skyline.vsmdi
		TestSettings_x64.runsettings = TestSettings_x64.runsettings
		TestSettings_x86.runsettings = TestSettings_x86.runsettings
	EndProjectSection
EndProject
Project("{FAE04EC0-301F-11D3-BF4B-00C04F79EFBC}") = "Skyline", "Skyline.csproj", "{DDA2EA4C-B632-4FDF-94BA-F71E4C152056}"
	ProjectSection(ProjectDependencies) = postProject
		{FA16A0EF-EDF7-4515-BD93-44BADD7AB98A} = {FA16A0EF-EDF7-4515-BD93-44BADD7AB98A}
	EndProjectSection
EndProject
Project("{FAE04EC0-301F-11D3-BF4B-00C04F79EFBC}") = "Test", "Test\Test.csproj", "{E0FA262A-744E-4D98-A43F-4723A4D95827}"
EndProject
Project("{FAE04EC0-301F-11D3-BF4B-00C04F79EFBC}") = "ProteomeDb", "..\Shared\ProteomeDb\ProteomeDb.csproj", "{09FC3CB3-FCCD-4906-A370-160B28725936}"
EndProject
Project("{FAE04EC0-301F-11D3-BF4B-00C04F79EFBC}") = "MSGraph", "..\Shared\MSGraph\MSGraph.csproj", "{26CFD1FF-F4F7-4F66-B5B4-E686BDB9B34E}"
EndProject
Project("{FAE04EC0-301F-11D3-BF4B-00C04F79EFBC}") = "TestFunctional", "TestFunctional\TestFunctional.csproj", "{1B7E62FF-463B-4B3E-8E37-72F1A7C2BFD9}"
EndProject
Project("{FAE04EC0-301F-11D3-BF4B-00C04F79EFBC}") = "ProteowizardWrapper", "..\Shared\ProteowizardWrapper\ProteowizardWrapper.csproj", "{DACEE7D5-5A6A-4001-9602-FAB1A9A2DE59}"
EndProject
Project("{FAE04EC0-301F-11D3-BF4B-00C04F79EFBC}") = "TestTutorial", "TestTutorial\TestTutorial.csproj", "{6FCD5F27-637B-499A-BB66-F74D5FBBD500}"
EndProject
Project("{FAE04EC0-301F-11D3-BF4B-00C04F79EFBC}") = "TestUtil", "TestUtil\TestUtil.csproj", "{1A76F2B4-353A-4BCF-9D15-70D4B387E480}"
EndProject
Project("{FAE04EC0-301F-11D3-BF4B-00C04F79EFBC}") = "TestData", "TestData\TestData.csproj", "{F1A6D016-7608-4A7B-8D68-FB32B8344D4B}"
EndProject
Project("{FAE04EC0-301F-11D3-BF4B-00C04F79EFBC}") = "Common", "..\Shared\Common\Common.csproj", "{A5527BE9-4A62-458F-AE47-F0F9204A5CF9}"
EndProject
Project("{FAE04EC0-301F-11D3-BF4B-00C04F79EFBC}") = "CommonUtil", "..\Shared\CommonUtil\CommonUtil.csproj", "{13BF2FFB-50A1-4AB1-83A4-5733E36905CE}"
EndProject
Project("{FAE04EC0-301F-11D3-BF4B-00C04F79EFBC}") = "CommonBaseUI", "..\Shared\CommonBaseUI\CommonBaseUI.csproj", "{6C0B2B6E-4C39-4F5A-9E2D-7A1B3C8D5E40}"
EndProject
Project("{FAE04EC0-301F-11D3-BF4B-00C04F79EFBC}") = "BiblioSpec", "..\Shared\BiblioSpec\BiblioSpec.csproj", "{32CC9B1A-9442-4B56-AF34-FB47595278A1}"
EndProject
Project("{FAE04EC0-301F-11D3-BF4B-00C04F79EFBC}") = "TestRunner", "TestRunner\TestRunner.csproj", "{B92CA24E-0867-4B99-88F8-EF542A4AFE87}"
	ProjectSection(ProjectDependencies) = postProject
		{1A76F2B4-353A-4BCF-9D15-70D4B387E480} = {1A76F2B4-353A-4BCF-9D15-70D4B387E480}
		{1B7E62FF-463B-4B3E-8E37-72F1A7C2BFD9} = {1B7E62FF-463B-4B3E-8E37-72F1A7C2BFD9}
		{5D4E9180-FD66-4C11-8C16-11921865EDBD} = {5D4E9180-FD66-4C11-8C16-11921865EDBD}
		{6FCD5F27-637B-499A-BB66-F74D5FBBD500} = {6FCD5F27-637B-499A-BB66-F74D5FBBD500}
		{D0481E9D-BCBF-4DD7-977E-791801871B5B} = {D0481E9D-BCBF-4DD7-977E-791801871B5B}
		{DDA2EA4C-B632-4FDF-94BA-F71E4C152056} = {DDA2EA4C-B632-4FDF-94BA-F71E4C152056}
		{E0FA262A-744E-4D98-A43F-4723A4D95827} = {E0FA262A-744E-4D98-A43F-4723A4D95827}
		{F1A6D016-7608-4A7B-8D68-FB32B8344D4B} = {F1A6D016-7608-4A7B-8D68-FB32B8344D4B}
	EndProjectSection
EndProject
Project("{FAE04EC0-301F-11D3-BF4B-00C04F79EFBC}") = "ZedGraph", "..\Shared\zedgraph\ZedGraph.csproj", "{B99650EE-AF46-47B4-A4A9-212ADE7809B7}"
EndProject
Project("{FAE04EC0-301F-11D3-BF4B-00C04F79EFBC}") = "TestPerf", "TestPerf\TestPerf.csproj", "{D0481E9D-BCBF-4DD7-977E-791801871B5B}"
EndProject
Project("{FAE04EC0-301F-11D3-BF4B-00C04F79EFBC}") = "TestRunnerLib", "TestRunnerLib\TestRunnerLib.csproj", "{E3F0E34F-F9E6-4360-996F-E2054E4FA1AE}"
EndProject
Project("{FAE04EC0-301F-11D3-BF4B-00C04F79EFBC}") = "SkylineTester", "SkylineTester\SkylineTester.csproj", "{65E16E9D-71FC-40D1-B3FF-AD16BEFF9AF4}"
	ProjectSection(ProjectDependencies) = postProject
		{B92CA24E-0867-4B99-88F8-EF542A4AFE87} = {B92CA24E-0867-4B99-88F8-EF542A4AFE87}
		{DDA2EA4C-B632-4FDF-94BA-F71E4C152056} = {DDA2EA4C-B632-4FDF-94BA-F71E4C152056}
	EndProjectSection
EndProject
Project("{FAE04EC0-301F-11D3-BF4B-00C04F79EFBC}") = "CommonTest", "CommonTest\CommonTest.csproj", "{3F077244-13E5-4815-BA55-31F030042E06}"
EndProject
Project("{FAE04EC0-301F-11D3-BF4B-00C04F79EFBC}") = "SkylineTool", "SkylineTool\SkylineTool.csproj", "{3FD4E167-8F9C-4116-8122-67C7AD143490}"
EndProject
Project("{FAE04EC0-301F-11D3-BF4B-00C04F79EFBC}") = "SkylineNightly", "SkylineNightly\SkylineNightly.csproj", "{32A40878-3053-4FFA-96C1-23FC27D46B65}"
EndProject
Project("{FAE04EC0-301F-11D3-BF4B-00C04F79EFBC}") = "TestConnected", "TestConnected\TestConnected.csproj", "{5D4E9180-FD66-4C11-8C16-11921865EDBD}"
EndProject
Project("{FAE04EC0-301F-11D3-BF4B-00C04F79EFBC}") = "SkylineCmd", "SkylineCmd\SkylineCmd.csproj", "{FA16A0EF-EDF7-4515-BD93-44BADD7AB98A}"
EndProject
Project("{FAE04EC0-301F-11D3-BF4B-00C04F79EFBC}") = "SkylineNightlyShim", "SkylineNightlyShim\SkylineNightlyShim.csproj", "{3C7F5209-6507-42C5-80CE-472AE6A51CD1}"
EndProject
Project("{FAE04EC0-301F-11D3-BF4B-00C04F79EFBC}") = "PanoramaClient", "..\Shared\PanoramaClient\PanoramaClient.csproj", "{BF849CF8-25D7-4619-B001-9ED8E3771C44}"
EndProject
Project("{FAE04EC0-301F-11D3-BF4B-00C04F79EFBC}") = "CommonMsData", "..\Shared\CommonMsData\CommonMsData.csproj", "{86F8E7F5-A3ED-4519-9AD9-BF9ABD6DD69F}"
EndProject
Project("{FAE04EC0-301F-11D3-BF4B-00C04F79EFBC}") = "CommonFileDialogs", "..\Shared\CommonFileDialogs\CommonFileDialogs.csproj", "{B8E3F4A1-7C2D-4E5F-9A1B-3C6D8E0F2A4B}"
EndProject
Project("{2150E333-8FDC-42A3-9474-1A3956D46DE8}") = "pwiz-sharp", "pwiz-sharp", "{66A2598E-3509-54C4-C486-F670F742CAD7}"
EndProject
Project("{FAE04EC0-301F-11D3-BF4B-00C04F79EFBC}") = "BiblioSpec", "..\..\pwiz-sharp\Tools\BiblioSpec\src\BiblioSpec\BiblioSpec.csproj", "{77A0E477-1970-4CF1-8385-B2E59DB14E79}"
EndProject
Project("{FAE04EC0-301F-11D3-BF4B-00C04F79EFBC}") = "Util", "..\..\pwiz-sharp\pwiz\src\Util\Util.csproj", "{E8A40404-2108-48E1-9641-02398A200218}"
EndProject
Project("{FAE04EC0-301F-11D3-BF4B-00C04F79EFBC}") = "Common", "..\..\pwiz-sharp\pwiz\src\Common\Common.csproj", "{683B444D-65C5-4FC4-887F-1D2E31DAB743}"
EndProject
Project("{FAE04EC0-301F-11D3-BF4B-00C04F79EFBC}") = "MsData", "..\..\pwiz-sharp\pwiz\src\MsData\MsData.csproj", "{D3F37440-2670-41EC-A5B9-A1D1CAA03738}"
EndProject
Project("{FAE04EC0-301F-11D3-BF4B-00C04F79EFBC}") = "IdentData", "..\..\pwiz-sharp\pwiz\src\IdentData\IdentData.csproj", "{270AE6C7-6031-4470-9FA5-573F6D535B0C}"
EndProject
Project("{FAE04EC0-301F-11D3-BF4B-00C04F79EFBC}") = "Analysis", "..\..\pwiz-sharp\pwiz\src\Analysis\Analysis.csproj", "{168497D8-97C3-43E1-BB5A-6DE081BFE1FB}"
EndProject
Project("{FAE04EC0-301F-11D3-BF4B-00C04F79EFBC}") = "Waters", "..\..\pwiz-sharp\pwiz\src\Vendor\Waters\Waters.csproj", "{9F622DB8-8E28-454F-993C-FFF6061364EF}"
EndProject
Project("{FAE04EC0-301F-11D3-BF4B-00C04F79EFBC}") = "BlibBuild", "..\..\pwiz-sharp\Tools\BiblioSpec\src\BlibBuild\BlibBuild.csproj", "{391DE1EA-10DE-4143-9964-D4A789485CF4}"
EndProject
Project("{FAE04EC0-301F-11D3-BF4B-00C04F79EFBC}") = "Bruker", "..\..\pwiz-sharp\pwiz\src\Vendor\Bruker\Bruker.csproj", "{0304754D-CAD2-4AB7-BB46-27F13DDDE102}"
EndProject
Project("{FAE04EC0-301F-11D3-BF4B-00C04F79EFBC}") = "Vendor.Common", "..\..\pwiz-sharp\pwiz\src\Vendor\Common\Vendor.Common.csproj", "{FEE15B71-58DA-44DD-B975-6AE94DCBBEFD}"
EndProject
Project("{FAE04EC0-301F-11D3-BF4B-00C04F79EFBC}") = "Sciex", "..\..\pwiz-sharp\pwiz\src\Vendor\Sciex\Sciex.csproj", "{66080807-5BD3-4D12-9937-B56214E49A93}"
EndProject
Project("{FAE04EC0-301F-11D3-BF4B-00C04F79EFBC}") = "Shimadzu", "..\..\pwiz-sharp\pwiz\src\Vendor\Shimadzu\Shimadzu.csproj", "{0ACF8B51-9D93-4101-A277-441B0254DAE1}"
EndProject
Project("{FAE04EC0-301F-11D3-BF4B-00C04F79EFBC}") = "Thermo", "..\..\pwiz-sharp\pwiz\src\Vendor\Thermo\Thermo.csproj", "{A622F811-293D-4A71-AE9B-1035F6D1C7D9}"
EndProject
Project("{FAE04EC0-301F-11D3-BF4B-00C04F79EFBC}") = "BlibFilter", "..\..\pwiz-sharp\Tools\BiblioSpec\src\BlibFilter\BlibFilter.csproj", "{6560F24C-FB3A-4DBF-9835-3A5220218831}"
EndProject
Project("{FAE04EC0-301F-11D3-BF4B-00C04F79EFBC}") = "BullseyeSharp", "..\..\pwiz-sharp\Tools\BullseyeSharp\src\BullseyeSharp.csproj", "{DDA7CAEA-08C1-4F27-8757-989B2CD6469F}"
EndProject
Project("{FAE04EC0-301F-11D3-BF4B-00C04F79EFBC}") = "Agilent", "..\..\pwiz-sharp\pwiz\src\Vendor\Agilent\Agilent.csproj", "{62593577-D99B-4D3D-8D6E-6DC82DFCDA7B}"
EndProject
Project("{FAE04EC0-301F-11D3-BF4B-00C04F79EFBC}") = "UNIFI", "..\..\pwiz-sharp\pwiz\src\Vendor\UNIFI\UNIFI.csproj", "{7CE92AEB-F980-4CC3-852F-5CEB02EDDCDA}"
EndProject
Project("{FAE04EC0-301F-11D3-BF4B-00C04F79EFBC}") = "UIMF", "..\..\pwiz-sharp\pwiz\src\Vendor\UIMF\UIMF.csproj", "{DFDC1288-9E9A-49D5-B585-7F4B4A855CDA}"
EndProject
Project("{FAE04EC0-301F-11D3-BF4B-00C04F79EFBC}") = "Mobilion", "..\..\pwiz-sharp\pwiz\src\Vendor\Mobilion\Mobilion.csproj", "{22B87BED-C899-4146-87B7-AE9BE7EFCAC3}"
EndProject
Project("{FAE04EC0-301F-11D3-BF4B-00C04F79EFBC}") = "MsConvert", "..\..\pwiz-sharp\Tools\Commandline\MsConvert\src\MsConvert.csproj", "{95FC9411-D49B-44CE-B9F1-BCCB01906CEF}"
EndProject
Project("{FAE04EC0-301F-11D3-BF4B-00C04F79EFBC}") = "Sciex.Wiff2", "..\..\pwiz-sharp\pwiz\src\Vendor\Sciex\Wiff2\Sciex.Wiff2.csproj", "{343D73B9-8F5C-4108-BDBA-967F1FEDE3A6}"
EndProject
Project("{FAE04EC0-301F-11D3-BF4B-00C04F79EFBC}") = "Bruker.PrmScheduling", "..\..\pwiz-sharp\pwiz\src\Vendor\Bruker.PrmScheduling\Bruker.PrmScheduling.csproj", "{2776DC48-28FB-4194-935C-B9AD823D6419}"
EndProject
Project("{FAE04EC0-301F-11D3-BF4B-00C04F79EFBC}") = "OfxLoggingStub", "..\..\pwiz-sharp\pwiz\src\Vendor\Sciex\OfxLoggingStub\OfxLoggingStub.csproj", "{6694C3D8-E8EB-42DF-8DD5-7C2DDC29E79E}"
EndProject
Global
	GlobalSection(SolutionConfigurationPlatforms) = preSolution
		Debug|x64 = Debug|x64
		Debug|x86 = Debug|x86
		Release|x64 = Release|x64
		Release|x86 = Release|x86
	EndGlobalSection
	GlobalSection(ProjectConfigurationPlatforms) = postSolution
		{DDA2EA4C-B632-4FDF-94BA-F71E4C152056}.Debug|x64.ActiveCfg = Debug|x64
		{DDA2EA4C-B632-4FDF-94BA-F71E4C152056}.Debug|x64.Build.0 = Debug|x64
		{DDA2EA4C-B632-4FDF-94BA-F71E4C152056}.Debug|x86.ActiveCfg = Debug|x86
		{DDA2EA4C-B632-4FDF-94BA-F71E4C152056}.Debug|x86.Build.0 = Debug|x86
		{DDA2EA4C-B632-4FDF-94BA-F71E4C152056}.Release|x64.ActiveCfg = Release|x64
		{DDA2EA4C-B632-4FDF-94BA-F71E4C152056}.Release|x64.Build.0 = Release|x64
		{DDA2EA4C-B632-4FDF-94BA-F71E4C152056}.Release|x86.ActiveCfg = Release|x86
		{DDA2EA4C-B632-4FDF-94BA-F71E4C152056}.Release|x86.Build.0 = Release|x86
		{E0FA262A-744E-4D98-A43F-4723A4D95827}.Debug|x64.ActiveCfg = Debug|x64
		{E0FA262A-744E-4D98-A43F-4723A4D95827}.Debug|x64.Build.0 = Debug|x64
		{E0FA262A-744E-4D98-A43F-4723A4D95827}.Debug|x86.ActiveCfg = Debug|x86
		{E0FA262A-744E-4D98-A43F-4723A4D95827}.Debug|x86.Build.0 = Debug|x86
		{E0FA262A-744E-4D98-A43F-4723A4D95827}.Release|x64.ActiveCfg = Release|x64
		{E0FA262A-744E-4D98-A43F-4723A4D95827}.Release|x64.Build.0 = Release|x64
		{E0FA262A-744E-4D98-A43F-4723A4D95827}.Release|x86.ActiveCfg = Release|x86
		{E0FA262A-744E-4D98-A43F-4723A4D95827}.Release|x86.Build.0 = Release|x86
		{09FC3CB3-FCCD-4906-A370-160B28725936}.Debug|x64.ActiveCfg = Debug|x64
		{09FC3CB3-FCCD-4906-A370-160B28725936}.Debug|x64.Build.0 = Debug|x64
		{09FC3CB3-FCCD-4906-A370-160B28725936}.Debug|x86.ActiveCfg = Debug|x86
		{09FC3CB3-FCCD-4906-A370-160B28725936}.Debug|x86.Build.0 = Debug|x86
		{09FC3CB3-FCCD-4906-A370-160B28725936}.Release|x64.ActiveCfg = Release|x64
		{09FC3CB3-FCCD-4906-A370-160B28725936}.Release|x64.Build.0 = Release|x64
		{09FC3CB3-FCCD-4906-A370-160B28725936}.Release|x86.ActiveCfg = Release|x86
		{09FC3CB3-FCCD-4906-A370-160B28725936}.Release|x86.Build.0 = Release|x86
		{26CFD1FF-F4F7-4F66-B5B4-E686BDB9B34E}.Debug|x64.ActiveCfg = Debug|x64
		{26CFD1FF-F4F7-4F66-B5B4-E686BDB9B34E}.Debug|x64.Build.0 = Debug|x64
		{26CFD1FF-F4F7-4F66-B5B4-E686BDB9B34E}.Debug|x86.ActiveCfg = Debug|x86
		{26CFD1FF-F4F7-4F66-B5B4-E686BDB9B34E}.Debug|x86.Build.0 = Debug|x86
		{26CFD1FF-F4F7-4F66-B5B4-E686BDB9B34E}.Release|x64.ActiveCfg = Release|x64
		{26CFD1FF-F4F7-4F66-B5B4-E686BDB9B34E}.Release|x64.Build.0 = Release|x64
		{26CFD1FF-F4F7-4F66-B5B4-E686BDB9B34E}.Release|x86.ActiveCfg = Release|x86
		{26CFD1FF-F4F7-4F66-B5B4-E686BDB9B34E}.Release|x86.Build.0 = Release|x86
		{1B7E62FF-463B-4B3E-8E37-72F1A7C2BFD9}.Debug|x64.ActiveCfg = Debug|x64
		{1B7E62FF-463B-4B3E-8E37-72F1A7C2BFD9}.Debug|x64.Build.0 = Debug|x64
		{1B7E62FF-463B-4B3E-8E37-72F1A7C2BFD9}.Debug|x86.ActiveCfg = Debug|x86
		{1B7E62FF-463B-4B3E-8E37-72F1A7C2BFD9}.Debug|x86.Build.0 = Debug|x86
		{1B7E62FF-463B-4B3E-8E37-72F1A7C2BFD9}.Release|x64.ActiveCfg = Release|x64
		{1B7E62FF-463B-4B3E-8E37-72F1A7C2BFD9}.Release|x64.Build.0 = Release|x64
		{1B7E62FF-463B-4B3E-8E37-72F1A7C2BFD9}.Release|x86.ActiveCfg = Release|x86
		{1B7E62FF-463B-4B3E-8E37-72F1A7C2BFD9}.Release|x86.Build.0 = Release|x86
		{DACEE7D5-5A6A-4001-9602-FAB1A9A2DE59}.Debug|x64.ActiveCfg = Debug|x64
		{DACEE7D5-5A6A-4001-9602-FAB1A9A2DE59}.Debug|x64.Build.0 = Debug|x64
		{DACEE7D5-5A6A-4001-9602-FAB1A9A2DE59}.Debug|x86.ActiveCfg = Debug|x86
		{DACEE7D5-5A6A-4001-9602-FAB1A9A2DE59}.Debug|x86.Build.0 = Debug|x86
		{DACEE7D5-5A6A-4001-9602-FAB1A9A2DE59}.Release|x64.ActiveCfg = Release|x64
		{DACEE7D5-5A6A-4001-9602-FAB1A9A2DE59}.Release|x64.Build.0 = Release|x64
		{DACEE7D5-5A6A-4001-9602-FAB1A9A2DE59}.Release|x86.ActiveCfg = Release|x86
		{DACEE7D5-5A6A-4001-9602-FAB1A9A2DE59}.Release|x86.Build.0 = Release|x86
		{6FCD5F27-637B-499A-BB66-F74D5FBBD500}.Debug|x64.ActiveCfg = Debug|x64
		{6FCD5F27-637B-499A-BB66-F74D5FBBD500}.Debug|x64.Build.0 = Debug|x64
		{6FCD5F27-637B-499A-BB66-F74D5FBBD500}.Debug|x86.ActiveCfg = Debug|x86
		{6FCD5F27-637B-499A-BB66-F74D5FBBD500}.Debug|x86.Build.0 = Debug|x86
		{6FCD5F27-637B-499A-BB66-F74D5FBBD500}.Release|x64.ActiveCfg = Release|x64
		{6FCD5F27-637B-499A-BB66-F74D5FBBD500}.Release|x64.Build.0 = Release|x64
		{6FCD5F27-637B-499A-BB66-F74D5FBBD500}.Release|x86.ActiveCfg = Release|x86
		{6FCD5F27-637B-499A-BB66-F74D5FBBD500}.Release|x86.Build.0 = Release|x86
		{1A76F2B4-353A-4BCF-9D15-70D4B387E480}.Debug|x64.ActiveCfg = Debug|x64
		{1A76F2B4-353A-4BCF-9D15-70D4B387E480}.Debug|x64.Build.0 = Debug|x64
		{1A76F2B4-353A-4BCF-9D15-70D4B387E480}.Debug|x86.ActiveCfg = Debug|x86
		{1A76F2B4-353A-4BCF-9D15-70D4B387E480}.Debug|x86.Build.0 = Debug|x86
		{1A76F2B4-353A-4BCF-9D15-70D4B387E480}.Release|x64.ActiveCfg = Release|x64
		{1A76F2B4-353A-4BCF-9D15-70D4B387E480}.Release|x64.Build.0 = Release|x64
		{1A76F2B4-353A-4BCF-9D15-70D4B387E480}.Release|x86.ActiveCfg = Release|x86
		{1A76F2B4-353A-4BCF-9D15-70D4B387E480}.Release|x86.Build.0 = Release|x86
		{F1A6D016-7608-4A7B-8D68-FB32B8344D4B}.Debug|x64.ActiveCfg = Debug|x64
		{F1A6D016-7608-4A7B-8D68-FB32B8344D4B}.Debug|x64.Build.0 = Debug|x64
		{F1A6D016-7608-4A7B-8D68-FB32B8344D4B}.Debug|x86.ActiveCfg = Debug|x86
		{F1A6D016-7608-4A7B-8D68-FB32B8344D4B}.Debug|x86.Build.0 = Debug|x86
		{F1A6D016-7608-4A7B-8D68-FB32B8344D4B}.Release|x64.ActiveCfg = Release|x64
		{F1A6D016-7608-4A7B-8D68-FB32B8344D4B}.Release|x64.Build.0 = Release|x64
		{F1A6D016-7608-4A7B-8D68-FB32B8344D4B}.Release|x86.ActiveCfg = Release|x86
		{F1A6D016-7608-4A7B-8D68-FB32B8344D4B}.Release|x86.Build.0 = Release|x86
		{A5527BE9-4A62-458F-AE47-F0F9204A5CF9}.Debug|x64.ActiveCfg = Debug|x64
		{A5527BE9-4A62-458F-AE47-F0F9204A5CF9}.Debug|x64.Build.0 = Debug|x64
		{A5527BE9-4A62-458F-AE47-F0F9204A5CF9}.Debug|x86.ActiveCfg = Debug|x86
		{A5527BE9-4A62-458F-AE47-F0F9204A5CF9}.Debug|x86.Build.0 = Debug|x86
		{A5527BE9-4A62-458F-AE47-F0F9204A5CF9}.Release|x64.ActiveCfg = Release|x64
		{A5527BE9-4A62-458F-AE47-F0F9204A5CF9}.Release|x64.Build.0 = Release|x64
		{A5527BE9-4A62-458F-AE47-F0F9204A5CF9}.Release|x86.ActiveCfg = Release|x86
		{A5527BE9-4A62-458F-AE47-F0F9204A5CF9}.Release|x86.Build.0 = Release|x86
		{13BF2FFB-50A1-4AB1-83A4-5733E36905CE}.Debug|x64.ActiveCfg = Debug|x64
		{13BF2FFB-50A1-4AB1-83A4-5733E36905CE}.Debug|x64.Build.0 = Debug|x64
		{13BF2FFB-50A1-4AB1-83A4-5733E36905CE}.Debug|x86.ActiveCfg = Debug|x86
		{13BF2FFB-50A1-4AB1-83A4-5733E36905CE}.Debug|x86.Build.0 = Debug|x86
		{13BF2FFB-50A1-4AB1-83A4-5733E36905CE}.Release|x64.ActiveCfg = Release|x64
		{13BF2FFB-50A1-4AB1-83A4-5733E36905CE}.Release|x64.Build.0 = Release|x64
		{13BF2FFB-50A1-4AB1-83A4-5733E36905CE}.Release|x86.ActiveCfg = Release|x86
		{13BF2FFB-50A1-4AB1-83A4-5733E36905CE}.Release|x86.Build.0 = Release|x86
		{6C0B2B6E-4C39-4F5A-9E2D-7A1B3C8D5E40}.Debug|x64.ActiveCfg = Debug|x64
		{6C0B2B6E-4C39-4F5A-9E2D-7A1B3C8D5E40}.Debug|x64.Build.0 = Debug|x64
		{6C0B2B6E-4C39-4F5A-9E2D-7A1B3C8D5E40}.Debug|x86.ActiveCfg = Debug|x86
		{6C0B2B6E-4C39-4F5A-9E2D-7A1B3C8D5E40}.Debug|x86.Build.0 = Debug|x86
		{6C0B2B6E-4C39-4F5A-9E2D-7A1B3C8D5E40}.Release|x64.ActiveCfg = Release|x64
		{6C0B2B6E-4C39-4F5A-9E2D-7A1B3C8D5E40}.Release|x64.Build.0 = Release|x64
		{6C0B2B6E-4C39-4F5A-9E2D-7A1B3C8D5E40}.Release|x86.ActiveCfg = Release|x86
		{6C0B2B6E-4C39-4F5A-9E2D-7A1B3C8D5E40}.Release|x86.Build.0 = Release|x86
		{32CC9B1A-9442-4B56-AF34-FB47595278A1}.Debug|x64.ActiveCfg = Debug|x64
		{32CC9B1A-9442-4B56-AF34-FB47595278A1}.Debug|x64.Build.0 = Debug|x64
		{32CC9B1A-9442-4B56-AF34-FB47595278A1}.Debug|x86.ActiveCfg = Debug|x86
		{32CC9B1A-9442-4B56-AF34-FB47595278A1}.Debug|x86.Build.0 = Debug|x86
		{32CC9B1A-9442-4B56-AF34-FB47595278A1}.Release|x64.ActiveCfg = Release|x64
		{32CC9B1A-9442-4B56-AF34-FB47595278A1}.Release|x64.Build.0 = Release|x64
		{32CC9B1A-9442-4B56-AF34-FB47595278A1}.Release|x86.ActiveCfg = Release|x86
		{32CC9B1A-9442-4B56-AF34-FB47595278A1}.Release|x86.Build.0 = Release|x86
		{B92CA24E-0867-4B99-88F8-EF542A4AFE87}.Debug|x64.ActiveCfg = Debug|x64
		{B92CA24E-0867-4B99-88F8-EF542A4AFE87}.Debug|x64.Build.0 = Debug|x64
		{B92CA24E-0867-4B99-88F8-EF542A4AFE87}.Debug|x86.ActiveCfg = Debug|x86
		{B92CA24E-0867-4B99-88F8-EF542A4AFE87}.Debug|x86.Build.0 = Debug|x86
		{B92CA24E-0867-4B99-88F8-EF542A4AFE87}.Release|x64.ActiveCfg = Release|x64
		{B92CA24E-0867-4B99-88F8-EF542A4AFE87}.Release|x64.Build.0 = Release|x64
		{B92CA24E-0867-4B99-88F8-EF542A4AFE87}.Release|x86.ActiveCfg = Release|x86
		{B92CA24E-0867-4B99-88F8-EF542A4AFE87}.Release|x86.Build.0 = Release|x86
		{B99650EE-AF46-47B4-A4A9-212ADE7809B7}.Debug|x64.ActiveCfg = Debug|x64
		{B99650EE-AF46-47B4-A4A9-212ADE7809B7}.Debug|x64.Build.0 = Debug|x64
		{B99650EE-AF46-47B4-A4A9-212ADE7809B7}.Debug|x86.ActiveCfg = Debug|x86
		{B99650EE-AF46-47B4-A4A9-212ADE7809B7}.Debug|x86.Build.0 = Debug|x86
		{B99650EE-AF46-47B4-A4A9-212ADE7809B7}.Release|x64.ActiveCfg = Release|x64
		{B99650EE-AF46-47B4-A4A9-212ADE7809B7}.Release|x64.Build.0 = Release|x64
		{B99650EE-AF46-47B4-A4A9-212ADE7809B7}.Release|x86.ActiveCfg = Release|x86
		{B99650EE-AF46-47B4-A4A9-212ADE7809B7}.Release|x86.Build.0 = Release|x86
		{D0481E9D-BCBF-4DD7-977E-791801871B5B}.Debug|x64.ActiveCfg = Debug|x64
		{D0481E9D-BCBF-4DD7-977E-791801871B5B}.Debug|x64.Build.0 = Debug|x64
		{D0481E9D-BCBF-4DD7-977E-791801871B5B}.Debug|x86.ActiveCfg = Debug|x86
		{D0481E9D-BCBF-4DD7-977E-791801871B5B}.Debug|x86.Build.0 = Debug|x86
		{D0481E9D-BCBF-4DD7-977E-791801871B5B}.Release|x64.ActiveCfg = Release|x64
		{D0481E9D-BCBF-4DD7-977E-791801871B5B}.Release|x64.Build.0 = Release|x64
		{D0481E9D-BCBF-4DD7-977E-791801871B5B}.Release|x86.ActiveCfg = Release|x86
		{D0481E9D-BCBF-4DD7-977E-791801871B5B}.Release|x86.Build.0 = Release|x86
		{E3F0E34F-F9E6-4360-996F-E2054E4FA1AE}.Debug|x64.ActiveCfg = Debug|x64
		{E3F0E34F-F9E6-4360-996F-E2054E4FA1AE}.Debug|x64.Build.0 = Debug|x64
		{E3F0E34F-F9E6-4360-996F-E2054E4FA1AE}.Debug|x86.ActiveCfg = Debug|x86
		{E3F0E34F-F9E6-4360-996F-E2054E4FA1AE}.Debug|x86.Build.0 = Debug|x86
		{E3F0E34F-F9E6-4360-996F-E2054E4FA1AE}.Release|x64.ActiveCfg = Release|x64
		{E3F0E34F-F9E6-4360-996F-E2054E4FA1AE}.Release|x64.Build.0 = Release|x64
		{E3F0E34F-F9E6-4360-996F-E2054E4FA1AE}.Release|x86.ActiveCfg = Release|x86
		{E3F0E34F-F9E6-4360-996F-E2054E4FA1AE}.Release|x86.Build.0 = Release|x86
		{65E16E9D-71FC-40D1-B3FF-AD16BEFF9AF4}.Debug|x64.ActiveCfg = Debug|x64
		{65E16E9D-71FC-40D1-B3FF-AD16BEFF9AF4}.Debug|x64.Build.0 = Debug|x64
		{65E16E9D-71FC-40D1-B3FF-AD16BEFF9AF4}.Debug|x86.ActiveCfg = Debug|x86
		{65E16E9D-71FC-40D1-B3FF-AD16BEFF9AF4}.Debug|x86.Build.0 = Debug|x86
		{65E16E9D-71FC-40D1-B3FF-AD16BEFF9AF4}.Release|x64.ActiveCfg = Release|x64
		{65E16E9D-71FC-40D1-B3FF-AD16BEFF9AF4}.Release|x64.Build.0 = Release|x64
		{65E16E9D-71FC-40D1-B3FF-AD16BEFF9AF4}.Release|x86.ActiveCfg = Release|x86
		{65E16E9D-71FC-40D1-B3FF-AD16BEFF9AF4}.Release|x86.Build.0 = Release|x86
		{3F077244-13E5-4815-BA55-31F030042E06}.Debug|x64.ActiveCfg = Debug|x64
		{3F077244-13E5-4815-BA55-31F030042E06}.Debug|x64.Build.0 = Debug|x64
		{3F077244-13E5-4815-BA55-31F030042E06}.Debug|x86.ActiveCfg = Debug|x86
		{3F077244-13E5-4815-BA55-31F030042E06}.Debug|x86.Build.0 = Debug|x86
		{3F077244-13E5-4815-BA55-31F030042E06}.Release|x64.ActiveCfg = Release|x64
		{3F077244-13E5-4815-BA55-31F030042E06}.Release|x64.Build.0 = Release|x64
		{3F077244-13E5-4815-BA55-31F030042E06}.Release|x86.ActiveCfg = Release|x86
		{3F077244-13E5-4815-BA55-31F030042E06}.Release|x86.Build.0 = Release|x86
		{3FD4E167-8F9C-4116-8122-67C7AD143490}.Debug|x64.ActiveCfg = Debug|Any CPU
		{3FD4E167-8F9C-4116-8122-67C7AD143490}.Debug|x64.Build.0 = Debug|Any CPU
		{3FD4E167-8F9C-4116-8122-67C7AD143490}.Debug|x86.ActiveCfg = Debug|Any CPU
		{3FD4E167-8F9C-4116-8122-67C7AD143490}.Debug|x86.Build.0 = Debug|Any CPU
		{3FD4E167-8F9C-4116-8122-67C7AD143490}.Release|x64.ActiveCfg = Release|Any CPU
		{3FD4E167-8F9C-4116-8122-67C7AD143490}.Release|x64.Build.0 = Release|Any CPU
		{3FD4E167-8F9C-4116-8122-67C7AD143490}.Release|x86.ActiveCfg = Release|Any CPU
		{3FD4E167-8F9C-4116-8122-67C7AD143490}.Release|x86.Build.0 = Release|Any CPU
		{32A40878-3053-4FFA-96C1-23FC27D46B65}.Debug|x64.ActiveCfg = Debug|x64
		{32A40878-3053-4FFA-96C1-23FC27D46B65}.Debug|x64.Build.0 = Debug|x64
		{32A40878-3053-4FFA-96C1-23FC27D46B65}.Debug|x86.ActiveCfg = Debug|x86
		{32A40878-3053-4FFA-96C1-23FC27D46B65}.Debug|x86.Build.0 = Debug|x86
		{32A40878-3053-4FFA-96C1-23FC27D46B65}.Release|x64.ActiveCfg = Release|x64
		{32A40878-3053-4FFA-96C1-23FC27D46B65}.Release|x64.Build.0 = Release|x64
		{32A40878-3053-4FFA-96C1-23FC27D46B65}.Release|x86.ActiveCfg = Release|x86
		{32A40878-3053-4FFA-96C1-23FC27D46B65}.Release|x86.Build.0 = Release|x86
		{5D4E9180-FD66-4C11-8C16-11921865EDBD}.Debug|x64.ActiveCfg = Debug|x64
		{5D4E9180-FD66-4C11-8C16-11921865EDBD}.Debug|x64.Build.0 = Debug|x64
		{5D4E9180-FD66-4C11-8C16-11921865EDBD}.Debug|x86.ActiveCfg = Debug|x86
		{5D4E9180-FD66-4C11-8C16-11921865EDBD}.Debug|x86.Build.0 = Debug|x86
		{5D4E9180-FD66-4C11-8C16-11921865EDBD}.Release|x64.ActiveCfg = Release|x64
		{5D4E9180-FD66-4C11-8C16-11921865EDBD}.Release|x64.Build.0 = Release|x64
		{5D4E9180-FD66-4C11-8C16-11921865EDBD}.Release|x86.ActiveCfg = Release|x86
		{5D4E9180-FD66-4C11-8C16-11921865EDBD}.Release|x86.Build.0 = Release|x86
		{FA16A0EF-EDF7-4515-BD93-44BADD7AB98A}.Debug|x64.ActiveCfg = Debug|x64
		{FA16A0EF-EDF7-4515-BD93-44BADD7AB98A}.Debug|x64.Build.0 = Debug|x64
		{FA16A0EF-EDF7-4515-BD93-44BADD7AB98A}.Debug|x86.ActiveCfg = Debug|x86
		{FA16A0EF-EDF7-4515-BD93-44BADD7AB98A}.Debug|x86.Build.0 = Debug|x86
		{FA16A0EF-EDF7-4515-BD93-44BADD7AB98A}.Release|x64.ActiveCfg = Release|x64
		{FA16A0EF-EDF7-4515-BD93-44BADD7AB98A}.Release|x64.Build.0 = Release|x64
		{FA16A0EF-EDF7-4515-BD93-44BADD7AB98A}.Release|x86.ActiveCfg = Release|x86
		{FA16A0EF-EDF7-4515-BD93-44BADD7AB98A}.Release|x86.Build.0 = Release|x86
		{3C7F5209-6507-42C5-80CE-472AE6A51CD1}.Debug|x64.ActiveCfg = Debug|x64
		{3C7F5209-6507-42C5-80CE-472AE6A51CD1}.Debug|x64.Build.0 = Debug|x64
		{3C7F5209-6507-42C5-80CE-472AE6A51CD1}.Debug|x86.ActiveCfg = Debug|x86
		{3C7F5209-6507-42C5-80CE-472AE6A51CD1}.Debug|x86.Build.0 = Debug|x86
		{3C7F5209-6507-42C5-80CE-472AE6A51CD1}.Release|x64.ActiveCfg = Release|x64
		{3C7F5209-6507-42C5-80CE-472AE6A51CD1}.Release|x64.Build.0 = Release|x64
		{3C7F5209-6507-42C5-80CE-472AE6A51CD1}.Release|x86.ActiveCfg = Release|x86
		{3C7F5209-6507-42C5-80CE-472AE6A51CD1}.Release|x86.Build.0 = Release|x86
		{BF849CF8-25D7-4619-B001-9ED8E3771C44}.Debug|x64.ActiveCfg = Debug|x64
		{BF849CF8-25D7-4619-B001-9ED8E3771C44}.Debug|x64.Build.0 = Debug|x64
		{BF849CF8-25D7-4619-B001-9ED8E3771C44}.Debug|x86.ActiveCfg = Debug|Any CPU
		{BF849CF8-25D7-4619-B001-9ED8E3771C44}.Debug|x86.Build.0 = Debug|Any CPU
		{BF849CF8-25D7-4619-B001-9ED8E3771C44}.Release|x64.ActiveCfg = Release|x64
		{BF849CF8-25D7-4619-B001-9ED8E3771C44}.Release|x64.Build.0 = Release|x64
		{BF849CF8-25D7-4619-B001-9ED8E3771C44}.Release|x86.ActiveCfg = Release|Any CPU
		{BF849CF8-25D7-4619-B001-9ED8E3771C44}.Release|x86.Build.0 = Release|Any CPU
		{86F8E7F5-A3ED-4519-9AD9-BF9ABD6DD69F}.Debug|x64.ActiveCfg = Debug|x64
		{86F8E7F5-A3ED-4519-9AD9-BF9ABD6DD69F}.Debug|x64.Build.0 = Debug|x64
		{86F8E7F5-A3ED-4519-9AD9-BF9ABD6DD69F}.Debug|x86.ActiveCfg = Debug|x86
		{86F8E7F5-A3ED-4519-9AD9-BF9ABD6DD69F}.Debug|x86.Build.0 = Debug|x86
		{86F8E7F5-A3ED-4519-9AD9-BF9ABD6DD69F}.Release|x64.ActiveCfg = Release|x64
		{86F8E7F5-A3ED-4519-9AD9-BF9ABD6DD69F}.Release|x64.Build.0 = Release|x64
		{86F8E7F5-A3ED-4519-9AD9-BF9ABD6DD69F}.Release|x86.ActiveCfg = Release|x86
		{86F8E7F5-A3ED-4519-9AD9-BF9ABD6DD69F}.Release|x86.Build.0 = Release|x86
		{B8E3F4A1-7C2D-4E5F-9A1B-3C6D8E0F2A4B}.Debug|x64.ActiveCfg = Debug|x64
		{B8E3F4A1-7C2D-4E5F-9A1B-3C6D8E0F2A4B}.Debug|x64.Build.0 = Debug|x64
		{B8E3F4A1-7C2D-4E5F-9A1B-3C6D8E0F2A4B}.Debug|x86.ActiveCfg = Debug|x86
		{B8E3F4A1-7C2D-4E5F-9A1B-3C6D8E0F2A4B}.Debug|x86.Build.0 = Debug|x86
		{B8E3F4A1-7C2D-4E5F-9A1B-3C6D8E0F2A4B}.Release|x64.ActiveCfg = Release|x64
		{B8E3F4A1-7C2D-4E5F-9A1B-3C6D8E0F2A4B}.Release|x64.Build.0 = Release|x64
		{B8E3F4A1-7C2D-4E5F-9A1B-3C6D8E0F2A4B}.Release|x86.ActiveCfg = Release|x86
		{B8E3F4A1-7C2D-4E5F-9A1B-3C6D8E0F2A4B}.Release|x86.Build.0 = Release|x86
		{77A0E477-1970-4CF1-8385-B2E59DB14E79}.Debug|x64.ActiveCfg = Debug|Any CPU
		{77A0E477-1970-4CF1-8385-B2E59DB14E79}.Debug|x64.Build.0 = Debug|Any CPU
		{77A0E477-1970-4CF1-8385-B2E59DB14E79}.Debug|x86.ActiveCfg = Debug|Any CPU
		{77A0E477-1970-4CF1-8385-B2E59DB14E79}.Debug|x86.Build.0 = Debug|Any CPU
		{77A0E477-1970-4CF1-8385-B2E59DB14E79}.Release|x64.ActiveCfg = Release|Any CPU
		{77A0E477-1970-4CF1-8385-B2E59DB14E79}.Release|x64.Build.0 = Release|Any CPU
		{77A0E477-1970-4CF1-8385-B2E59DB14E79}.Release|x86.ActiveCfg = Release|Any CPU
		{77A0E477-1970-4CF1-8385-B2E59DB14E79}.Release|x86.Build.0 = Release|Any CPU
		{E8A40404-2108-48E1-9641-02398A200218}.Debug|x64.ActiveCfg = Debug|Any CPU
		{E8A40404-2108-48E1-9641-02398A200218}.Debug|x64.Build.0 = Debug|Any CPU
		{E8A40404-2108-48E1-9641-02398A200218}.Debug|x86.ActiveCfg = Debug|Any CPU
		{E8A40404-2108-48E1-9641-02398A200218}.Debug|x86.Build.0 = Debug|Any CPU
		{E8A40404-2108-48E1-9641-02398A200218}.Release|x64.ActiveCfg = Release|Any CPU
		{E8A40404-2108-48E1-9641-02398A200218}.Release|x64.Build.0 = Release|Any CPU
		{E8A40404-2108-48E1-9641-02398A200218}.Release|x86.ActiveCfg = Release|Any CPU
		{E8A40404-2108-48E1-9641-02398A200218}.Release|x86.Build.0 = Release|Any CPU
		{683B444D-65C5-4FC4-887F-1D2E31DAB743}.Debug|x64.ActiveCfg = Debug|Any CPU
		{683B444D-65C5-4FC4-887F-1D2E31DAB743}.Debug|x64.Build.0 = Debug|Any CPU
		{683B444D-65C5-4FC4-887F-1D2E31DAB743}.Debug|x86.ActiveCfg = Debug|Any CPU
		{683B444D-65C5-4FC4-887F-1D2E31DAB743}.Debug|x86.Build.0 = Debug|Any CPU
		{683B444D-65C5-4FC4-887F-1D2E31DAB743}.Release|x64.ActiveCfg = Release|Any CPU
		{683B444D-65C5-4FC4-887F-1D2E31DAB743}.Release|x64.Build.0 = Release|Any CPU
		{683B444D-65C5-4FC4-887F-1D2E31DAB743}.Release|x86.ActiveCfg = Release|Any CPU
		{683B444D-65C5-4FC4-887F-1D2E31DAB743}.Release|x86.Build.0 = Release|Any CPU
		{D3F37440-2670-41EC-A5B9-A1D1CAA03738}.Debug|x64.ActiveCfg = Debug|Any CPU
		{D3F37440-2670-41EC-A5B9-A1D1CAA03738}.Debug|x64.Build.0 = Debug|Any CPU
		{D3F37440-2670-41EC-A5B9-A1D1CAA03738}.Debug|x86.ActiveCfg = Debug|Any CPU
		{D3F37440-2670-41EC-A5B9-A1D1CAA03738}.Debug|x86.Build.0 = Debug|Any CPU
		{D3F37440-2670-41EC-A5B9-A1D1CAA03738}.Release|x64.ActiveCfg = Release|Any CPU
		{D3F37440-2670-41EC-A5B9-A1D1CAA03738}.Release|x64.Build.0 = Release|Any CPU
		{D3F37440-2670-41EC-A5B9-A1D1CAA03738}.Release|x86.ActiveCfg = Release|Any CPU
		{D3F37440-2670-41EC-A5B9-A1D1CAA03738}.Release|x86.Build.0 = Release|Any CPU
		{270AE6C7-6031-4470-9FA5-573F6D535B0C}.Debug|x64.ActiveCfg = Debug|Any CPU
		{270AE6C7-6031-4470-9FA5-573F6D535B0C}.Debug|x64.Build.0 = Debug|Any CPU
		{270AE6C7-6031-4470-9FA5-573F6D535B0C}.Debug|x86.ActiveCfg = Debug|Any CPU
		{270AE6C7-6031-4470-9FA5-573F6D535B0C}.Debug|x86.Build.0 = Debug|Any CPU
		{270AE6C7-6031-4470-9FA5-573F6D535B0C}.Release|x64.ActiveCfg = Release|Any CPU
		{270AE6C7-6031-4470-9FA5-573F6D535B0C}.Release|x64.Build.0 = Release|Any CPU
		{270AE6C7-6031-4470-9FA5-573F6D535B0C}.Release|x86.ActiveCfg = Release|Any CPU
		{270AE6C7-6031-4470-9FA5-573F6D535B0C}.Release|x86.Build.0 = Release|Any CPU
		{168497D8-97C3-43E1-BB5A-6DE081BFE1FB}.Debug|x64.ActiveCfg = Debug|Any CPU
		{168497D8-97C3-43E1-BB5A-6DE081BFE1FB}.Debug|x64.Build.0 = Debug|Any CPU
		{168497D8-97C3-43E1-BB5A-6DE081BFE1FB}.Debug|x86.ActiveCfg = Debug|Any CPU
		{168497D8-97C3-43E1-BB5A-6DE081BFE1FB}.Debug|x86.Build.0 = Debug|Any CPU
		{168497D8-97C3-43E1-BB5A-6DE081BFE1FB}.Release|x64.ActiveCfg = Release|Any CPU
		{168497D8-97C3-43E1-BB5A-6DE081BFE1FB}.Release|x64.Build.0 = Release|Any CPU
		{168497D8-97C3-43E1-BB5A-6DE081BFE1FB}.Release|x86.ActiveCfg = Release|Any CPU
		{168497D8-97C3-43E1-BB5A-6DE081BFE1FB}.Release|x86.Build.0 = Release|Any CPU
		{9F622DB8-8E28-454F-993C-FFF6061364EF}.Debug|x64.ActiveCfg = Debug|Any CPU
		{9F622DB8-8E28-454F-993C-FFF6061364EF}.Debug|x64.Build.0 = Debug|Any CPU
		{9F622DB8-8E28-454F-993C-FFF6061364EF}.Debug|x86.ActiveCfg = Debug|Any CPU
		{9F622DB8-8E28-454F-993C-FFF6061364EF}.Debug|x86.Build.0 = Debug|Any CPU
		{9F622DB8-8E28-454F-993C-FFF6061364EF}.Release|x64.ActiveCfg = Release|Any CPU
		{9F622DB8-8E28-454F-993C-FFF6061364EF}.Release|x64.Build.0 = Release|Any CPU
		{9F622DB8-8E28-454F-993C-FFF6061364EF}.Release|x86.ActiveCfg = Release|Any CPU
		{9F622DB8-8E28-454F-993C-FFF6061364EF}.Release|x86.Build.0 = Release|Any CPU
		{391DE1EA-10DE-4143-9964-D4A789485CF4}.Debug|x64.ActiveCfg = Debug|Any CPU
		{391DE1EA-10DE-4143-9964-D4A789485CF4}.Debug|x64.Build.0 = Debug|Any CPU
		{391DE1EA-10DE-4143-9964-D4A789485CF4}.Debug|x86.ActiveCfg = Debug|Any CPU
		{391DE1EA-10DE-4143-9964-D4A789485CF4}.Debug|x86.Build.0 = Debug|Any CPU
		{391DE1EA-10DE-4143-9964-D4A789485CF4}.Release|x64.ActiveCfg = Release|Any CPU
		{391DE1EA-10DE-4143-9964-D4A789485CF4}.Release|x64.Build.0 = Release|Any CPU
		{391DE1EA-10DE-4143-9964-D4A789485CF4}.Release|x86.ActiveCfg = Release|Any CPU
		{391DE1EA-10DE-4143-9964-D4A789485CF4}.Release|x86.Build.0 = Release|Any CPU
		{0304754D-CAD2-4AB7-BB46-27F13DDDE102}.Debug|x64.ActiveCfg = Debug|Any CPU
		{0304754D-CAD2-4AB7-BB46-27F13DDDE102}.Debug|x64.Build.0 = Debug|Any CPU
		{0304754D-CAD2-4AB7-BB46-27F13DDDE102}.Debug|x86.ActiveCfg = Debug|Any CPU
		{0304754D-CAD2-4AB7-BB46-27F13DDDE102}.Debug|x86.Build.0 = Debug|Any CPU
		{0304754D-CAD2-4AB7-BB46-27F13DDDE102}.Release|x64.ActiveCfg = Release|Any CPU
		{0304754D-CAD2-4AB7-BB46-27F13DDDE102}.Release|x64.Build.0 = Release|Any CPU
		{0304754D-CAD2-4AB7-BB46-27F13DDDE102}.Release|x86.ActiveCfg = Release|Any CPU
		{0304754D-CAD2-4AB7-BB46-27F13DDDE102}.Release|x86.Build.0 = Release|Any CPU
		{FEE15B71-58DA-44DD-B975-6AE94DCBBEFD}.Debug|x64.ActiveCfg = Debug|Any CPU
		{FEE15B71-58DA-44DD-B975-6AE94DCBBEFD}.Debug|x64.Build.0 = Debug|Any CPU
		{FEE15B71-58DA-44DD-B975-6AE94DCBBEFD}.Debug|x86.ActiveCfg = Debug|Any CPU
		{FEE15B71-58DA-44DD-B975-6AE94DCBBEFD}.Debug|x86.Build.0 = Debug|Any CPU
		{FEE15B71-58DA-44DD-B975-6AE94DCBBEFD}.Release|x64.ActiveCfg = Release|Any CPU
		{FEE15B71-58DA-44DD-B975-6AE94DCBBEFD}.Release|x64.Build.0 = Release|Any CPU
		{FEE15B71-58DA-44DD-B975-6AE94DCBBEFD}.Release|x86.ActiveCfg = Release|Any CPU
		{FEE15B71-58DA-44DD-B975-6AE94DCBBEFD}.Release|x86.Build.0 = Release|Any CPU
		{66080807-5BD3-4D12-9937-B56214E49A93}.Debug|x64.ActiveCfg = Debug|Any CPU
		{66080807-5BD3-4D12-9937-B56214E49A93}.Debug|x64.Build.0 = Debug|Any CPU
		{66080807-5BD3-4D12-9937-B56214E49A93}.Debug|x86.ActiveCfg = Debug|Any CPU
		{66080807-5BD3-4D12-9937-B56214E49A93}.Debug|x86.Build.0 = Debug|Any CPU
		{66080807-5BD3-4D12-9937-B56214E49A93}.Release|x64.ActiveCfg = Release|Any CPU
		{66080807-5BD3-4D12-9937-B56214E49A93}.Release|x64.Build.0 = Release|Any CPU
		{66080807-5BD3-4D12-9937-B56214E49A93}.Release|x86.ActiveCfg = Release|Any CPU
		{66080807-5BD3-4D12-9937-B56214E49A93}.Release|x86.Build.0 = Release|Any CPU
		{0ACF8B51-9D93-4101-A277-441B0254DAE1}.Debug|x64.ActiveCfg = Debug|Any CPU
		{0ACF8B51-9D93-4101-A277-441B0254DAE1}.Debug|x64.Build.0 = Debug|Any CPU
		{0ACF8B51-9D93-4101-A277-441B0254DAE1}.Debug|x86.ActiveCfg = Debug|Any CPU
		{0ACF8B51-9D93-4101-A277-441B0254DAE1}.Debug|x86.Build.0 = Debug|Any CPU
		{0ACF8B51-9D93-4101-A277-441B0254DAE1}.Release|x64.ActiveCfg = Release|Any CPU
		{0ACF8B51-9D93-4101-A277-441B0254DAE1}.Release|x64.Build.0 = Release|Any CPU
		{0ACF8B51-9D93-4101-A277-441B0254DAE1}.Release|x86.ActiveCfg = Release|Any CPU
		{0ACF8B51-9D93-4101-A277-441B0254DAE1}.Release|x86.Build.0 = Release|Any CPU
		{A622F811-293D-4A71-AE9B-1035F6D1C7D9}.Debug|x64.ActiveCfg = Debug|Any CPU
		{A622F811-293D-4A71-AE9B-1035F6D1C7D9}.Debug|x64.Build.0 = Debug|Any CPU
		{A622F811-293D-4A71-AE9B-1035F6D1C7D9}.Debug|x86.ActiveCfg = Debug|Any CPU
		{A622F811-293D-4A71-AE9B-1035F6D1C7D9}.Debug|x86.Build.0 = Debug|Any CPU
		{A622F811-293D-4A71-AE9B-1035F6D1C7D9}.Release|x64.ActiveCfg = Release|Any CPU
		{A622F811-293D-4A71-AE9B-1035F6D1C7D9}.Release|x64.Build.0 = Release|Any CPU
		{A622F811-293D-4A71-AE9B-1035F6D1C7D9}.Release|x86.ActiveCfg = Release|Any CPU
		{A622F811-293D-4A71-AE9B-1035F6D1C7D9}.Release|x86.Build.0 = Release|Any CPU
		{6560F24C-FB3A-4DBF-9835-3A5220218831}.Debug|x64.ActiveCfg = Debug|Any CPU
		{6560F24C-FB3A-4DBF-9835-3A5220218831}.Debug|x64.Build.0 = Debug|Any CPU
		{6560F24C-FB3A-4DBF-9835-3A5220218831}.Debug|x86.ActiveCfg = Debug|Any CPU
		{6560F24C-FB3A-4DBF-9835-3A5220218831}.Debug|x86.Build.0 = Debug|Any CPU
		{6560F24C-FB3A-4DBF-9835-3A5220218831}.Release|x64.ActiveCfg = Release|Any CPU
		{6560F24C-FB3A-4DBF-9835-3A5220218831}.Release|x64.Build.0 = Release|Any CPU
		{6560F24C-FB3A-4DBF-9835-3A5220218831}.Release|x86.ActiveCfg = Release|Any CPU
		{6560F24C-FB3A-4DBF-9835-3A5220218831}.Release|x86.Build.0 = Release|Any CPU
		{DDA7CAEA-08C1-4F27-8757-989B2CD6469F}.Debug|x64.ActiveCfg = Debug|Any CPU
		{DDA7CAEA-08C1-4F27-8757-989B2CD6469F}.Debug|x64.Build.0 = Debug|Any CPU
		{DDA7CAEA-08C1-4F27-8757-989B2CD6469F}.Debug|x86.ActiveCfg = Debug|Any CPU
		{DDA7CAEA-08C1-4F27-8757-989B2CD6469F}.Debug|x86.Build.0 = Debug|Any CPU
		{DDA7CAEA-08C1-4F27-8757-989B2CD6469F}.Release|x64.ActiveCfg = Release|Any CPU
		{DDA7CAEA-08C1-4F27-8757-989B2CD6469F}.Release|x64.Build.0 = Release|Any CPU
		{DDA7CAEA-08C1-4F27-8757-989B2CD6469F}.Release|x86.ActiveCfg = Release|Any CPU
		{DDA7CAEA-08C1-4F27-8757-989B2CD6469F}.Release|x86.Build.0 = Release|Any CPU
		{62593577-D99B-4D3D-8D6E-6DC82DFCDA7B}.Debug|x64.ActiveCfg = Debug|Any CPU
		{62593577-D99B-4D3D-8D6E-6DC82DFCDA7B}.Debug|x64.Build.0 = Debug|Any CPU
		{62593577-D99B-4D3D-8D6E-6DC82DFCDA7B}.Debug|x86.ActiveCfg = Debug|Any CPU
		{62593577-D99B-4D3D-8D6E-6DC82DFCDA7B}.Debug|x86.Build.0 = Debug|Any CPU
		{62593577-D99B-4D3D-8D6E-6DC82DFCDA7B}.Release|x64.ActiveCfg = Release|Any CPU
		{62593577-D99B-4D3D-8D6E-6DC82DFCDA7B}.Release|x64.Build.0 = Release|Any CPU
		{62593577-D99B-4D3D-8D6E-6DC82DFCDA7B}.Release|x86.ActiveCfg = Release|Any CPU
		{62593577-D99B-4D3D-8D6E-6DC82DFCDA7B}.Release|x86.Build.0 = Release|Any CPU
		{7CE92AEB-F980-4CC3-852F-5CEB02EDDCDA}.Debug|x64.ActiveCfg = Debug|Any CPU
		{7CE92AEB-F980-4CC3-852F-5CEB02EDDCDA}.Debug|x64.Build.0 = Debug|Any CPU
		{7CE92AEB-F980-4CC3-852F-5CEB02EDDCDA}.Debug|x86.ActiveCfg = Debug|Any CPU
		{7CE92AEB-F980-4CC3-852F-5CEB02EDDCDA}.Debug|x86.Build.0 = Debug|Any CPU
		{7CE92AEB-F980-4CC3-852F-5CEB02EDDCDA}.Release|x64.ActiveCfg = Release|Any CPU
		{7CE92AEB-F980-4CC3-852F-5CEB02EDDCDA}.Release|x64.Build.0 = Release|Any CPU
		{7CE92AEB-F980-4CC3-852F-5CEB02EDDCDA}.Release|x86.ActiveCfg = Release|Any CPU
		{7CE92AEB-F980-4CC3-852F-5CEB02EDDCDA}.Release|x86.Build.0 = Release|Any CPU
		{DFDC1288-9E9A-49D5-B585-7F4B4A855CDA}.Debug|x64.ActiveCfg = Debug|Any CPU
		{DFDC1288-9E9A-49D5-B585-7F4B4A855CDA}.Debug|x64.Build.0 = Debug|Any CPU
		{DFDC1288-9E9A-49D5-B585-7F4B4A855CDA}.Debug|x86.ActiveCfg = Debug|Any CPU
		{DFDC1288-9E9A-49D5-B585-7F4B4A855CDA}.Debug|x86.Build.0 = Debug|Any CPU
		{DFDC1288-9E9A-49D5-B585-7F4B4A855CDA}.Release|x64.ActiveCfg = Release|Any CPU
		{DFDC1288-9E9A-49D5-B585-7F4B4A855CDA}.Release|x64.Build.0 = Release|Any CPU
		{DFDC1288-9E9A-49D5-B585-7F4B4A855CDA}.Release|x86.ActiveCfg = Release|Any CPU
		{DFDC1288-9E9A-49D5-B585-7F4B4A855CDA}.Release|x86.Build.0 = Release|Any CPU
		{22B87BED-C899-4146-87B7-AE9BE7EFCAC3}.Debug|x64.ActiveCfg = Debug|Any CPU
		{22B87BED-C899-4146-87B7-AE9BE7EFCAC3}.Debug|x64.Build.0 = Debug|Any CPU
		{22B87BED-C899-4146-87B7-AE9BE7EFCAC3}.Debug|x86.ActiveCfg = Debug|Any CPU
		{22B87BED-C899-4146-87B7-AE9BE7EFCAC3}.Debug|x86.Build.0 = Debug|Any CPU
		{22B87BED-C899-4146-87B7-AE9BE7EFCAC3}.Release|x64.ActiveCfg = Release|Any CPU
		{22B87BED-C899-4146-87B7-AE9BE7EFCAC3}.Release|x64.Build.0 = Release|Any CPU
		{22B87BED-C899-4146-87B7-AE9BE7EFCAC3}.Release|x86.ActiveCfg = Release|Any CPU
		{22B87BED-C899-4146-87B7-AE9BE7EFCAC3}.Release|x86.Build.0 = Release|Any CPU
		{95FC9411-D49B-44CE-B9F1-BCCB01906CEF}.Debug|x64.ActiveCfg = Debug|Any CPU
		{95FC9411-D49B-44CE-B9F1-BCCB01906CEF}.Debug|x64.Build.0 = Debug|Any CPU
		{95FC9411-D49B-44CE-B9F1-BCCB01906CEF}.Debug|x86.ActiveCfg = Debug|Any CPU
		{95FC9411-D49B-44CE-B9F1-BCCB01906CEF}.Debug|x86.Build.0 = Debug|Any CPU
		{95FC9411-D49B-44CE-B9F1-BCCB01906CEF}.Release|x64.ActiveCfg = Release|Any CPU
		{95FC9411-D49B-44CE-B9F1-BCCB01906CEF}.Release|x64.Build.0 = Release|Any CPU
		{95FC9411-D49B-44CE-B9F1-BCCB01906CEF}.Release|x86.ActiveCfg = Release|Any CPU
		{95FC9411-D49B-44CE-B9F1-BCCB01906CEF}.Release|x86.Build.0 = Release|Any CPU
		{343D73B9-8F5C-4108-BDBA-967F1FEDE3A6}.Debug|x64.ActiveCfg = Debug|Any CPU
		{343D73B9-8F5C-4108-BDBA-967F1FEDE3A6}.Debug|x64.Build.0 = Debug|Any CPU
		{343D73B9-8F5C-4108-BDBA-967F1FEDE3A6}.Debug|x86.ActiveCfg = Debug|Any CPU
		{343D73B9-8F5C-4108-BDBA-967F1FEDE3A6}.Debug|x86.Build.0 = Debug|Any CPU
		{343D73B9-8F5C-4108-BDBA-967F1FEDE3A6}.Release|x64.ActiveCfg = Release|Any CPU
		{343D73B9-8F5C-4108-BDBA-967F1FEDE3A6}.Release|x64.Build.0 = Release|Any CPU
		{343D73B9-8F5C-4108-BDBA-967F1FEDE3A6}.Release|x86.ActiveCfg = Release|Any CPU
		{343D73B9-8F5C-4108-BDBA-967F1FEDE3A6}.Release|x86.Build.0 = Release|Any CPU
		{2776DC48-28FB-4194-935C-B9AD823D6419}.Debug|x64.ActiveCfg = Debug|Any CPU
		{2776DC48-28FB-4194-935C-B9AD823D6419}.Debug|x64.Build.0 = Debug|Any CPU
		{2776DC48-28FB-4194-935C-B9AD823D6419}.Debug|x86.ActiveCfg = Debug|Any CPU
		{2776DC48-28FB-4194-935C-B9AD823D6419}.Debug|x86.Build.0 = Debug|Any CPU
		{2776DC48-28FB-4194-935C-B9AD823D6419}.Release|x64.ActiveCfg = Release|Any CPU
		{2776DC48-28FB-4194-935C-B9AD823D6419}.Release|x64.Build.0 = Release|Any CPU
		{2776DC48-28FB-4194-935C-B9AD823D6419}.Release|x86.ActiveCfg = Release|Any CPU
		{2776DC48-28FB-4194-935C-B9AD823D6419}.Release|x86.Build.0 = Release|Any CPU
		{6694C3D8-E8EB-42DF-8DD5-7C2DDC29E79E}.Debug|x64.ActiveCfg = Debug|Any CPU
		{6694C3D8-E8EB-42DF-8DD5-7C2DDC29E79E}.Debug|x64.Build.0 = Debug|Any CPU
		{6694C3D8-E8EB-42DF-8DD5-7C2DDC29E79E}.Debug|x86.ActiveCfg = Debug|Any CPU
		{6694C3D8-E8EB-42DF-8DD5-7C2DDC29E79E}.Debug|x86.Build.0 = Debug|Any CPU
		{6694C3D8-E8EB-42DF-8DD5-7C2DDC29E79E}.Release|x64.ActiveCfg = Release|Any CPU
		{6694C3D8-E8EB-42DF-8DD5-7C2DDC29E79E}.Release|x64.Build.0 = Release|Any CPU
		{6694C3D8-E8EB-42DF-8DD5-7C2DDC29E79E}.Release|x86.ActiveCfg = Release|Any CPU
		{6694C3D8-E8EB-42DF-8DD5-7C2DDC29E79E}.Release|x86.Build.0 = Release|Any CPU
	EndGlobalSection
	GlobalSection(SolutionProperties) = preSolution
		HideSolutionNode = FALSE
	EndGlobalSection
	GlobalSection(NestedProjects) = preSolution
		{77A0E477-1970-4CF1-8385-B2E59DB14E79} = {66A2598E-3509-54C4-C486-F670F742CAD7}
		{E8A40404-2108-48E1-9641-02398A200218} = {66A2598E-3509-54C4-C486-F670F742CAD7}
		{683B444D-65C5-4FC4-887F-1D2E31DAB743} = {66A2598E-3509-54C4-C486-F670F742CAD7}
		{D3F37440-2670-41EC-A5B9-A1D1CAA03738} = {66A2598E-3509-54C4-C486-F670F742CAD7}
		{270AE6C7-6031-4470-9FA5-573F6D535B0C} = {66A2598E-3509-54C4-C486-F670F742CAD7}
		{168497D8-97C3-43E1-BB5A-6DE081BFE1FB} = {66A2598E-3509-54C4-C486-F670F742CAD7}
		{9F622DB8-8E28-454F-993C-FFF6061364EF} = {66A2598E-3509-54C4-C486-F670F742CAD7}
		{391DE1EA-10DE-4143-9964-D4A789485CF4} = {66A2598E-3509-54C4-C486-F670F742CAD7}
		{0304754D-CAD2-4AB7-BB46-27F13DDDE102} = {66A2598E-3509-54C4-C486-F670F742CAD7}
		{FEE15B71-58DA-44DD-B975-6AE94DCBBEFD} = {66A2598E-3509-54C4-C486-F670F742CAD7}
		{66080807-5BD3-4D12-9937-B56214E49A93} = {66A2598E-3509-54C4-C486-F670F742CAD7}
		{0ACF8B51-9D93-4101-A277-441B0254DAE1} = {66A2598E-3509-54C4-C486-F670F742CAD7}
		{A622F811-293D-4A71-AE9B-1035F6D1C7D9} = {66A2598E-3509-54C4-C486-F670F742CAD7}
		{6560F24C-FB3A-4DBF-9835-3A5220218831} = {66A2598E-3509-54C4-C486-F670F742CAD7}
		{DDA7CAEA-08C1-4F27-8757-989B2CD6469F} = {66A2598E-3509-54C4-C486-F670F742CAD7}
		{62593577-D99B-4D3D-8D6E-6DC82DFCDA7B} = {66A2598E-3509-54C4-C486-F670F742CAD7}
		{7CE92AEB-F980-4CC3-852F-5CEB02EDDCDA} = {66A2598E-3509-54C4-C486-F670F742CAD7}
		{DFDC1288-9E9A-49D5-B585-7F4B4A855CDA} = {66A2598E-3509-54C4-C486-F670F742CAD7}
		{22B87BED-C899-4146-87B7-AE9BE7EFCAC3} = {66A2598E-3509-54C4-C486-F670F742CAD7}
		{95FC9411-D49B-44CE-B9F1-BCCB01906CEF} = {66A2598E-3509-54C4-C486-F670F742CAD7}
		{343D73B9-8F5C-4108-BDBA-967F1FEDE3A6} = {66A2598E-3509-54C4-C486-F670F742CAD7}
		{2776DC48-28FB-4194-935C-B9AD823D6419} = {66A2598E-3509-54C4-C486-F670F742CAD7}
		{6694C3D8-E8EB-42DF-8DD5-7C2DDC29E79E} = {66A2598E-3509-54C4-C486-F670F742CAD7}
	EndGlobalSection
	GlobalSection(ExtensibilityGlobals) = postSolution
		SolutionGuid = {76EA95DD-952A-4E84-BB85-D4622DBAD141}
	EndGlobalSection
	GlobalSection(TestCaseManagementSettings) = postSolution
		CategoryFile = Skyline.vsmdi
	EndGlobalSection
EndGlobal
