
Microsoft Visual Studio Solution File, Format Version 12.00
# Visual Studio 2013
VisualStudioVersion = 12.0.21005.1
MinimumVisualStudioVersion = 10.0.40219.1
Project("{FAE04EC0-301F-11D3-BF4B-00C04F79EFBC}") = "L10N", "L10N\L10N.csproj", "{2DC0392D-D55D-476E-907D-E3919DE80D81}"
EndProject
Project("{2150E333-8FDC-42A3-9474-1A3956D46DE8}") = ".nuget", ".nuget", "{D08D5D0A-9413-4A30-A9BE-78FD9DE61CF4}"
EndProject
Global
	GlobalSection(SolutionConfigurationPlatforms) = preSolution
		Debug|Any CPU = Debug|Any CPU
		Release|Any CPU = Release|Any CPU
	EndGlobalSection
	GlobalSection(ProjectConfigurationPlatforms) = postSolution
		{2DC0392D-D55D-476E-907D-E3919DE80D81}.Debug|Any CPU.ActiveCfg = Debug|Any CPU
		{2DC0392D-D55D-476E-907D-E3919DE80D81}.Debug|Any CPU.Build.0 = Debug|Any CPU
		{2DC0392D-D55D-476E-907D-E3919DE80D81}.Debug|Any CPU.Deploy.0 = Debug|Any CPU
		{2DC0392D-D55D-476E-907D-E3919DE80D81}.Release|Any CPU.ActiveCfg = Release|Any CPU
		{2DC0392D-D55D-476E-907D-E3919DE80D81}.Release|Any CPU.Build.0 = Release|Any CPU
	EndGlobalSection
	GlobalSection(SolutionProperties) = preSolution
		HideSolutionNode = FALSE
	EndGlobalSection
EndGlobal
